{
  "version": 4,
  "terraform_version": "1.14.3",
  "serial": 1728,
  "lineage": "730492f9-f768-0064-8acc-34fc0d6f4e52",
  "outputs": {
    "bos_alb_dns_name": {
      "value": "bos-alb01-1092421058.us-east-1.elb.amazonaws.com",
      "type": "string"
    },
    "bos_app_fqdn": {
      "value": "app.larrryharrisaws.com",
      "type": "string"
    },
    "bos_dashboard_name": {
      "value": "bos-dashboard01",
      "type": "string"
    },
    "bos_ec2_instance_id": {
      "value": "i-0e1967f6a74e1d324",
      "type": "string"
    },
    "bos_ir_reports_bucket": {
      "value": "bos-ir-reports-891377135193",
      "type": "string"
    },
    "bos_log_group_name": {
      "value": "/aws/ec2/bos-rds-app",
      "type": "string"
    },
    "bos_private_ec2_instance_id_bonus": {
      "value": "i-0024f12052994ff08",
      "type": "string"
    },
    "bos_private_subnet_ids": {
      "value": [
        "subnet-0a994c748a10fa54b",
        "subnet-05897c23aabca60ff"
      ],
      "type": [
        "tuple",
        [
          "string",
          "string"
        ]
      ]
    },
    "bos_public_subnet_ids": {
      "value": [
        "subnet-01a9e5dc97f04de96",
        "subnet-08efcd432b8e9ea32"
      ],
      "type": [
        "tuple",
        [
          "string",
          "string"
        ]
      ]
    },
    "bos_rds_endpoint": {
      "value": "bos-rds01.cs7ukegck7hg.us-east-1.rds.amazonaws.com",
      "type": "string"
    },
    "bos_sns_topic_arn": {
      "value": "arn:aws:sns:us-east-1:891377135193:bos-db-incidents",
      "type": "string"
    },
    "bos_target_group_arn": {
      "value": "arn:aws:elasticloadbalancing:us-east-1:891377135193:targetgroup/bos-tg01/39ad930500765dc9",
      "type": "string"
    },
    "bos_vpc_id": {
      "value": "vpc-09b198be32272cd10",
      "type": "string"
    },
    "bos_vpce_logs_id": {
      "value": "vpce-0b6dfab2dd789db62",
      "type": "string"
    },
    "bos_vpce_s3_id": {
      "value": "vpce-05f9f606935efb3ce",
      "type": "string"
    },
    "bos_vpce_secrets_id": {
      "value": "vpce-099142db527f37d88",
      "type": "string"
    },
    "bos_vpce_ssm_id": {
      "value": "vpce-00a6396e4fe30db48",
      "type": "string"
    },
    "bos_waf_arn": {
      "value": "arn:aws:wafv2:us-east-1:891377135193:regional/webacl/bos-waf01/f928bb2e-33d4-490d-88ba-8f1ab73a90a5",
      "type": "string"
    },
    "larrryharrisaws_acm_cert_arn": {
      "value": "arn:aws:acm:us-east-1:891377135193:certificate/7ff3fcc1-60cb-458c-86ab-b647e0f0c5e2",
      "type": "string"
    },
    "larrryharrisaws_app_url_https": {
      "value": "https://app.larrryharrisaws.com",
      "type": "string"
    },
    "larrryharrisaws_route53_zone_id": {
      "value": "Z0901463OY6VXTMV4V34",
      "type": "string"
    }
  },
  "resources": [
    {
      "mode": "data",
      "type": "aws_caller_identity",
      "name": "bos_self01",
      "provider": "provider[\"registry.terraform.io/hashicorp/aws\"]",
      "instances": [
        {
          "schema_version": 0,
          "attributes": {
            "account_id": "891377135193",
            "arn": "arn:aws:iam::891377135193:user/AWSCLI",
            "id": "891377135193",
            "user_id": "AIDA47CRXVZMTO7B3O726"
          },
          "sensitive_attributes": [],
          "identity_schema_version": 0
        }
      ]
    },
    {
      "mode": "data",
      "type": "aws_region",
      "name": "bos_region01",
      "provider": "provider[\"registry.terraform.io/hashicorp/aws\"]",
      "instances": [
        {
          "schema_version": 0,
          "attributes": {
            "description": "US East (N. Virginia)",
            "endpoint": "ec2.us-east-1.amazonaws.com",
            "id": "us-east-1",
            "name": "us-east-1",
            "region": "us-east-1"
          },
          "sensitive_attributes": [],
          "identity_schema_version": 0
        }
      ]
    },
    {
      "mode": "data",
      "type": "aws_route53_zone",
      "name": "larrryharrisaws_zone",
      "provider": "provider[\"registry.terraform.io/hashicorp/aws\"]",
      "instances": [
        {
          "schema_version": 0,
          "attributes": {
            "arn": "arn:aws:route53:::hostedzone/Z0825167K1N04S2RCG6V",
            "caller_reference": "RISWorkflow-RD:fd0cb251-641e-4fe4-b74d-522c1c9807f3",
            "comment": "HostedZone created by Route53 Registrar",
            "enable_accelerated_recovery": false,
            "id": "Z0825167K1N04S2RCG6V",
            "linked_service_description": null,
            "linked_service_principal": null,
            "name": "larrryharrisaws.com",
            "name_servers": [
              "ns-1982.awsdns-55.co.uk",
              "ns-139.awsdns-17.com",
              "ns-756.awsdns-30.net",
              "ns-1132.awsdns-13.org"
            ],
            "primary_name_server": "ns-1982.awsdns-55.co.uk",
            "private_zone": false,
            "resource_record_set_count": 7,
            "tags": {},
            "vpc_id": null,
            "zone_id": "Z0825167K1N04S2RCG6V"
          },
          "sensitive_attributes": [],
          "identity_schema_version": 0
        }
      ]
    },
    {
      "mode": "data",
      "type": "http",
      "name": "myip",
      "provider": "provider[\"registry.terraform.io/hashicorp/http\"]",
      "instances": [
        {
          "schema_version": 0,
          "attributes": {
            "body": "107.145.86.245\n",
            "ca_cert_pem": null,
            "client_cert_pem": null,
            "client_key_pem": null,
            "id": "https://ipv4.icanhazip.com",
            "insecure": null,
            "method": null,
            "request_body": null,
            "request_headers": null,
            "request_timeout_ms": null,
            "response_body": "107.145.86.245\n",
            "response_body_base64": "MTA3LjE0NS44Ni4yNDUK",
            "response_headers": {
              "Access-Control-Allow-Methods": "GET",
              "Access-Control-Allow-Origin": "*",
              "Alt-Svc": "h3=\":443\"; ma=86400",
              "Cf-Ray": "9be8fc243bbb31d4-MIA",
              "Content-Length": "15",
              "Content-Type": "text/plain",
              "Date": "Thu, 15 Jan 2026 22:59:40 GMT",
              "Server": "cloudflare",
              "Set-Cookie": "__cf_bm=75ai4Lr7paQhtPth9XUvXDxSWdS.mzS9Hbm38EJ__6w-1768517980-1.0.1.1-mz4_MuHUI4wOrkBD94KWyPwggFtX8.Y1cuifBJF27ign3y1MKpR9GiylpPoDcmnbCMWCSrIRvAMyN7RqsH6FB43f278.VVcwxfetwkhZSaA; path=/; expires=Thu, 15-Jan-26 23:29:40 GMT; domain=.icanhazip.com; HttpOnly; Secure; SameSite=None",
              "Vary": "Accept-Encoding"
            },
            "retry": null,
            "status_code": 200,
            "url": "https://ipv4.icanhazip.com"
          },
          "sensitive_attributes": [],
          "identity_schema_version": 0
        }
      ]
    },
    {
      "mode": "managed",
      "type": "aws_acm_certificate",
      "name": "larrryharrisaws_cert",
      "provider": "provider[\"registry.terraform.io/hashicorp/aws\"]",
      "instances": [
        {
          "schema_version": 0,
          "attributes": {
            "arn": "arn:aws:acm:us-east-1:891377135193:certificate/7ff3fcc1-60cb-458c-86ab-b647e0f0c5e2",
            "certificate_authority_arn": "",
            "certificate_body": null,
            "certificate_chain": null,
            "domain_name": "app.larrryharrisaws.com",
            "domain_validation_options": [
              {
                "domain_name": "app.larrryharrisaws.com",
                "resource_record_name": "_402ee52412176e3cc610fa9fd47343c2.app.larrryharrisaws.com.",
                "resource_record_type": "CNAME",
                "resource_record_value": "_cd5a736b59a29f7a9d8f6016140bda11.jkddzztszm.acm-validations.aws."
              }
            ],
            "early_renewal_duration": "",
            "id": "arn:aws:acm:us-east-1:891377135193:certificate/7ff3fcc1-60cb-458c-86ab-b647e0f0c5e2",
            "key_algorithm": "RSA_2048",
            "not_after": "2027-02-13T23:59:59Z",
            "not_before": "2026-01-15T00:00:00Z",
            "options": [
              {
                "certificate_transparency_logging_preference": "ENABLED",
                "export": "DISABLED"
              }
            ],
            "pending_renewal": false,
            "private_key": null,
            "region": "us-east-1",
            "renewal_eligibility": "ELIGIBLE",
            "renewal_summary": [],
            "status": "ISSUED",
            "subject_alternative_names": [
              "app.larrryharrisaws.com"
            ],
            "tags": {
              "Name": "larrryharrisaws76-cert"
            },
            "tags_all": {
              "Name": "larrryharrisaws76-cert"
            },
            "type": "AMAZON_ISSUED",
            "validation_emails": [],
            "validation_method": "DNS",
            "validation_option": []
          },
          "sensitive_attributes": [
            [
              {
                "type": "get_attr",
                "value": "private_key"
              }
            ]
          ],
          "identity_schema_version": 0,
          "identity": {
            "arn": "arn:aws:acm:us-east-1:891377135193:certificate/7ff3fcc1-60cb-458c-86ab-b647e0f0c5e2"
          },
          "private": "bnVsbA=="
        }
      ]
    },
    {
      "mode": "managed",
      "type": "aws_acm_certificate_validation",
      "name": "larrryharrisaws_acm_validation01_dns_bonus",
      "provider": "provider[\"registry.terraform.io/hashicorp/aws\"]",
      "instances": [
        {
          "index_key": 0,
          "schema_version": 0,
          "attributes": {
            "certificate_arn": "arn:aws:acm:us-east-1:891377135193:certificate/7ff3fcc1-60cb-458c-86ab-b647e0f0c5e2",
            "id": "0001-01-01 00:00:00 +0000 UTC",
            "region": "us-east-1",
            "timeouts": null,
            "validation_record_fqdns": [
              "_402ee52412176e3cc610fa9fd47343c2.app.larrryharrisaws.com"
            ]
          },
          "sensitive_attributes": [],
          "identity_schema_version": 0,
          "private": "eyJlMmJmYjczMC1lY2FhLTExZTYtOGY4OC0zNDM2M2JjN2M0YzAiOnsiY3JlYXRlIjo0NTAwMDAwMDAwMDAwfX0=",
          "dependencies": [
            "aws_acm_certificate.larrryharrisaws_cert",
            "aws_route53_record.larrryharrisaws_acm_validation_records01",
            "aws_route53_zone.larrryharrisaws_zone01"
          ]
        }
      ]
    },
    {
      "mode": "managed",
      "type": "aws_acm_certificate_validation",
      "name": "larrryharrisaws_cert_validation",
      "provider": "provider[\"registry.terraform.io/hashicorp/aws\"]",
      "instances": [
        {
          "schema_version": 0,
          "attributes": {
            "certificate_arn": "arn:aws:acm:us-east-1:891377135193:certificate/7ff3fcc1-60cb-458c-86ab-b647e0f0c5e2",
            "id": "0001-01-01 00:00:00 +0000 UTC",
            "region": "us-east-1",
            "timeouts": {
              "create": "30m"
            },
            "validation_record_fqdns": [
              "_402ee52412176e3cc610fa9fd47343c2.app.larrryharrisaws.com"
            ]
          },
          "sensitive_attributes": [],
          "identity_schema_version": 0,
          "private": "eyJlMmJmYjczMC1lY2FhLTExZTYtOGY4OC0zNDM2M2JjN2M0YzAiOnsiY3JlYXRlIjoxODAwMDAwMDAwMDAwfX0=",
          "dependencies": [
            "aws_acm_certificate.larrryharrisaws_cert",
            "aws_route53_record.larrryharrisaws_acm_validation"
          ]
        }
      ]
    },
    {
      "mode": "managed",
      "type": "aws_cloudwatch_dashboard",
      "name": "bos_dashboard01",
      "provider": "provider[\"registry.terraform.io/hashicorp/aws\"]",
      "instances": [
        {
          "schema_version": 0,
          "attributes": {
            "dashboard_arn": "arn:aws:cloudwatch::891377135193:dashboard/bos-dashboard01",
            "dashboard_body": "{\"widgets\":[{\"height\":6,\"properties\":{\"metrics\":[[\"AWS/ApplicationELB\",\"RequestCount\",\"LoadBalancer\",\"app/bos-alb01/52a5989d26150f86\"],[\".\",\"HTTPCode_ELB_5XX_Count\",\".\",\"app/bos-alb01/52a5989d26150f86\"]],\"period\":300,\"region\":\"us-east-1\",\"stat\":\"Sum\",\"title\":\"bos ALB: Requests + 5XX\"},\"type\":\"metric\",\"width\":12,\"x\":0,\"y\":0},{\"height\":6,\"properties\":{\"metrics\":[[\"AWS/ApplicationELB\",\"TargetResponseTime\",\"LoadBalancer\",\"app/bos-alb01/52a5989d26150f86\"]],\"period\":300,\"region\":\"us-east-1\",\"stat\":\"Average\",\"title\":\"bos ALB: Target Response Time\"},\"type\":\"metric\",\"width\":12,\"x\":12,\"y\":0}]}",
            "dashboard_name": "bos-dashboard01",
            "id": "bos-dashboard01",
            "region": "us-east-1"
          },
          "sensitive_attributes": [],
          "identity_schema_version": 0,
          "private": "bnVsbA==",
          "dependencies": [
            "aws_lb.bos_alb01",
            "aws_security_group.bos_alb_sg01",
            "aws_subnet.bos_public_subnets",
            "aws_vpc.bos_vpc01"
          ]
        }
      ]
    },
    {
      "mode": "managed",
      "type": "aws_cloudwatch_log_group",
      "name": "bos_log_group01",
      "provider": "provider[\"registry.terraform.io/hashicorp/aws\"]",
      "instances": [
        {
          "schema_version": 0,
          "attributes": {
            "arn": "arn:aws:logs:us-east-1:891377135193:log-group:/aws/ec2/bos-rds-app",
            "deletion_protection_enabled": false,
            "id": "/aws/ec2/bos-rds-app",
            "kms_key_id": "",
            "log_group_class": "STANDARD",
            "name": "/aws/ec2/bos-rds-app",
            "name_prefix": "",
            "region": "us-east-1",
            "retention_in_days": 7,
            "skip_destroy": false,
            "tags": {
              "Name": "bos-log-group01"
            },
            "tags_all": {
              "Name": "bos-log-group01"
            }
          },
          "sensitive_attributes": [],
          "identity_schema_version": 0,
          "identity": {
            "account_id": "891377135193",
            "name": "/aws/ec2/bos-rds-app",
            "region": "us-east-1"
          },
          "private": "bnVsbA=="
        }
      ]
    },
    {
      "mode": "managed",
      "type": "aws_cloudwatch_log_group",
      "name": "bos_waf_log_group01",
      "provider": "provider[\"registry.terraform.io/hashicorp/aws\"]",
      "instances": []
    },
    {
      "mode": "managed",
      "type": "aws_cloudwatch_metric_alarm",
      "name": "bos_alb_5xx_alarm01",
      "provider": "provider[\"registry.terraform.io/hashicorp/aws\"]",
      "instances": [
        {
          "schema_version": 1,
          "attributes": {
            "actions_enabled": true,
            "alarm_actions": [
              "arn:aws:sns:us-east-1:891377135193:bos-db-incidents"
            ],
            "alarm_description": "",
            "alarm_name": "bos-alb-5xx-alarm01",
            "arn": "arn:aws:cloudwatch:us-east-1:891377135193:alarm:bos-alb-5xx-alarm01",
            "comparison_operator": "GreaterThanOrEqualToThreshold",
            "datapoints_to_alarm": 0,
            "dimensions": {
              "LoadBalancer": "app/bos-alb01/52a5989d26150f86"
            },
            "evaluate_low_sample_count_percentiles": "",
            "evaluation_periods": 1,
            "extended_statistic": "",
            "id": "bos-alb-5xx-alarm01",
            "insufficient_data_actions": [],
            "metric_name": "HTTPCode_ELB_5XX_Count",
            "metric_query": [],
            "namespace": "AWS/ApplicationELB",
            "ok_actions": [],
            "period": 300,
            "region": "us-east-1",
            "statistic": "Sum",
            "tags": {
              "Name": "bos-alb-5xx-alarm01"
            },
            "tags_all": {
              "Name": "bos-alb-5xx-alarm01"
            },
            "threshold": 10,
            "threshold_metric_id": "",
            "treat_missing_data": "missing",
            "unit": ""
          },
          "sensitive_attributes": [],
          "identity_schema_version": 0,
          "identity": {
            "account_id": "891377135193",
            "alarm_name": "bos-alb-5xx-alarm01",
            "region": "us-east-1"
          },
          "private": "eyJzY2hlbWFfdmVyc2lvbiI6IjEifQ==",
          "dependencies": [
            "aws_lb.bos_alb01",
            "aws_security_group.bos_alb_sg01",
            "aws_sns_topic.bos_sns_topic01",
            "aws_subnet.bos_public_subnets",
            "aws_vpc.bos_vpc01"
          ]
        }
      ]
    },
    {
      "mode": "managed",
      "type": "aws_cloudwatch_metric_alarm",
      "name": "bos_db_alarm01",
      "provider": "provider[\"registry.terraform.io/hashicorp/aws\"]",
      "instances": [
        {
          "schema_version": 1,
          "attributes": {
            "actions_enabled": true,
            "alarm_actions": [
              "arn:aws:sns:us-east-1:891377135193:bos-db-incidents"
            ],
            "alarm_description": "",
            "alarm_name": "bos-db-connection-failure",
            "arn": "arn:aws:cloudwatch:us-east-1:891377135193:alarm:bos-db-connection-failure",
            "comparison_operator": "GreaterThanOrEqualToThreshold",
            "datapoints_to_alarm": 0,
            "dimensions": {},
            "evaluate_low_sample_count_percentiles": "",
            "evaluation_periods": 1,
            "extended_statistic": "",
            "id": "bos-db-connection-failure",
            "insufficient_data_actions": [],
            "metric_name": "DBConnectionErrors",
            "metric_query": [],
            "namespace": "Bos/RDSApp",
            "ok_actions": [],
            "period": 300,
            "region": "us-east-1",
            "statistic": "Sum",
            "tags": {
              "Name": "bos-alarm-db-fail"
            },
            "tags_all": {
              "Name": "bos-alarm-db-fail"
            },
            "threshold": 3,
            "threshold_metric_id": "",
            "treat_missing_data": "missing",
            "unit": ""
          },
          "sensitive_attributes": [],
          "identity_schema_version": 0,
          "identity": {
            "account_id": "891377135193",
            "alarm_name": "bos-db-connection-failure",
            "region": "us-east-1"
          },
          "private": "eyJzY2hlbWFfdmVyc2lvbiI6IjEifQ==",
          "dependencies": [
            "aws_sns_topic.bos_sns_topic01"
          ]
        }
      ]
    },
    {
      "mode": "managed",
      "type": "aws_db_instance",
      "name": "bos_rds01",
      "provider": "provider[\"registry.terraform.io/hashicorp/aws\"]",
      "instances": [
        {
          "schema_version": 2,
          "attributes": {
            "address": "bos-rds01.cs7ukegck7hg.us-east-1.rds.amazonaws.com",
            "allocated_storage": 20,
            "allow_major_version_upgrade": null,
            "apply_immediately": false,
            "arn": "arn:aws:rds:us-east-1:891377135193:db:bos-rds01",
            "auto_minor_version_upgrade": true,
            "availability_zone": "us-east-1b",
            "backup_retention_period": 0,
            "backup_target": "region",
            "backup_window": "05:58-06:28",
            "blue_green_update": [],
            "ca_cert_identifier": "rds-ca-rsa2048-g1",
            "character_set_name": "",
            "copy_tags_to_snapshot": false,
            "custom_iam_instance_profile": "",
            "customer_owned_ip_enabled": false,
            "database_insights_mode": "standard",
            "db_name": "labdb",
            "db_subnet_group_name": "bos-rds-subnet-group01",
            "dedicated_log_volume": false,
            "delete_automated_backups": true,
            "deletion_protection": false,
            "domain": "",
            "domain_auth_secret_arn": "",
            "domain_dns_ips": [],
            "domain_fqdn": "",
            "domain_iam_role_name": "",
            "domain_ou": "",
            "enabled_cloudwatch_logs_exports": [],
            "endpoint": "bos-rds01.cs7ukegck7hg.us-east-1.rds.amazonaws.com:3306",
            "engine": "mysql",
            "engine_lifecycle_support": "open-source-rds-extended-support",
            "engine_version": "8.0.43",
            "engine_version_actual": "8.0.43",
            "final_snapshot_identifier": null,
            "hosted_zone_id": "Z2R2ITUGPM61AM",
            "iam_database_authentication_enabled": false,
            "id": "db-FNMKO2EARM2XHB754QUTNR4P3A",
            "identifier": "bos-rds01",
            "identifier_prefix": "",
            "instance_class": "db.t3.micro",
            "iops": 0,
            "kms_key_id": "",
            "latest_restorable_time": "",
            "license_model": "general-public-license",
            "listener_endpoint": [],
            "maintenance_window": "mon:04:32-mon:05:02",
            "manage_master_user_password": null,
            "master_user_secret": [],
            "master_user_secret_kms_key_id": null,
            "max_allocated_storage": 0,
            "monitoring_interval": 0,
            "monitoring_role_arn": "",
            "multi_az": false,
            "nchar_character_set_name": "",
            "network_type": "IPV4",
            "option_group_name": "default:mysql-8-0",
            "parameter_group_name": "default.mysql8.0",
            "password": "Broth3rH00d",
            "password_wo": null,
            "password_wo_version": null,
            "performance_insights_enabled": false,
            "performance_insights_kms_key_id": "",
            "performance_insights_retention_period": 0,
            "port": 3306,
            "publicly_accessible": false,
            "region": "us-east-1",
            "replica_mode": "",
            "replicas": [],
            "replicate_source_db": "",
            "resource_id": "db-FNMKO2EARM2XHB754QUTNR4P3A",
            "restore_to_point_in_time": [],
            "s3_import": [],
            "skip_final_snapshot": true,
            "snapshot_identifier": null,
            "status": "available",
            "storage_encrypted": false,
            "storage_throughput": 0,
            "storage_type": "gp2",
            "tags": {
              "Name": "bos-rds01"
            },
            "tags_all": {
              "Name": "bos-rds01"
            },
            "timeouts": null,
            "timezone": "",
            "upgrade_rollout_order": "second",
            "upgrade_storage_config": null,
            "username": "admiral",
            "vpc_security_group_ids": [
              "sg-0f30a591645530f17"
            ]
          },
          "sensitive_attributes": [
            [
              {
                "type": "get_attr",
                "value": "password"
              }
            ],
            [
              {
                "type": "get_attr",
                "value": "password_wo"
              }
            ]
          ],
          "identity_schema_version": 0,
          "private": "eyJlMmJmYjczMC1lY2FhLTExZTYtOGY4OC0zNDM2M2JjN2M0YzAiOnsiY3JlYXRlIjozMDAwMDAwMDAwMDAwLCJkZWxldGUiOjM2MDAwMDAwMDAwMDAsInVwZGF0ZSI6NDgwMDAwMDAwMDAwMH0sInNjaGVtYV92ZXJzaW9uIjoiMiJ9",
          "dependencies": [
            "aws_db_subnet_group.bos_rds_subnet_group01",
            "aws_security_group.bos_rds_sg01",
            "aws_subnet.bos_private_subnets",
            "aws_vpc.bos_vpc01"
          ]
        }
      ]
    },
    {
      "mode": "managed",
      "type": "aws_db_subnet_group",
      "name": "bos_rds_subnet_group01",
      "provider": "provider[\"registry.terraform.io/hashicorp/aws\"]",
      "instances": [
        {
          "schema_version": 0,
          "attributes": {
            "arn": "arn:aws:rds:us-east-1:891377135193:subgrp:bos-rds-subnet-group01",
            "description": "Managed by Terraform",
            "id": "bos-rds-subnet-group01",
            "name": "bos-rds-subnet-group01",
            "name_prefix": "",
            "region": "us-east-1",
            "subnet_ids": [
              "subnet-05897c23aabca60ff",
              "subnet-0a994c748a10fa54b"
            ],
            "supported_network_types": [
              "IPV4"
            ],
            "tags": {
              "Name": "bos-rds-subnet-group01"
            },
            "tags_all": {
              "Name": "bos-rds-subnet-group01"
            },
            "vpc_id": "vpc-09b198be32272cd10"
          },
          "sensitive_attributes": [],
          "identity_schema_version": 0,
          "private": "bnVsbA==",
          "dependencies": [
            "aws_subnet.bos_private_subnets",
            "aws_vpc.bos_vpc01"
          ]
        }
      ]
    },
    {
      "mode": "managed",
      "type": "aws_eip",
      "name": "bos_nat_eip01",
      "provider": "provider[\"registry.terraform.io/hashicorp/aws\"]",
      "instances": [
        {
          "schema_version": 0,
          "attributes": {
            "address": null,
            "allocation_id": "eipalloc-0a3a64858fc054bd2",
            "arn": "arn:aws:ec2:us-east-1:891377135193:elastic-ip/eipalloc-0a3a64858fc054bd2",
            "associate_with_private_ip": null,
            "association_id": "eipassoc-0ddf10476d9f7566d",
            "carrier_ip": "",
            "customer_owned_ip": "",
            "customer_owned_ipv4_pool": "",
            "domain": "vpc",
            "id": "eipalloc-0a3a64858fc054bd2",
            "instance": "",
            "ipam_pool_id": null,
            "network_border_group": "us-east-1",
            "network_interface": "eni-0c0e12b91b1310162",
            "private_dns": "ip-10-26-1-221.ec2.internal",
            "private_ip": "10.26.1.221",
            "ptr_record": "",
            "public_dns": "ec2-54-84-139-26.compute-1.amazonaws.com",
            "public_ip": "54.84.139.26",
            "public_ipv4_pool": "amazon",
            "region": "us-east-1",
            "tags": {
              "Name": "bos-nat-eip01"
            },
            "tags_all": {
              "Name": "bos-nat-eip01"
            },
            "timeouts": null
          },
          "sensitive_attributes": [],
          "identity_schema_version": 0,
          "private": "eyJlMmJmYjczMC1lY2FhLTExZTYtOGY4OC0zNDM2M2JjN2M0YzAiOnsiZGVsZXRlIjoxODAwMDAwMDAwMDAsInJlYWQiOjkwMDAwMDAwMDAwMCwidXBkYXRlIjozMDAwMDAwMDAwMDB9fQ=="
        }
      ]
    },
    {
      "mode": "managed",
      "type": "aws_iam_instance_profile",
      "name": "bos_instance_profile01",
      "provider": "provider[\"registry.terraform.io/hashicorp/aws\"]",
      "instances": [
        {
          "schema_version": 0,
          "attributes": {
            "arn": "arn:aws:iam::891377135193:instance-profile/bos-instance-profile01",
            "create_date": "2026-01-15T13:37:52Z",
            "id": "bos-instance-profile01",
            "name": "bos-instance-profile01",
            "name_prefix": "",
            "path": "/",
            "role": "bos-ec2-role01",
            "tags": {},
            "tags_all": {},
            "unique_id": "AIPA47CRXVZMXMAGIYS7X"
          },
          "sensitive_attributes": [],
          "identity_schema_version": 0,
          "private": "bnVsbA==",
          "dependencies": [
            "aws_iam_role.bos_ec2_role01"
          ]
        }
      ]
    },
    {
      "mode": "managed",
      "type": "aws_iam_policy",
      "name": "bos_ir_lambda_policy01",
      "provider": "provider[\"registry.terraform.io/hashicorp/aws\"]",
      "instances": [
        {
          "schema_version": 0,
          "attributes": {
            "arn": "arn:aws:iam::891377135193:policy/bos-ir-lambda-policy01",
            "attachment_count": 1,
            "delay_after_policy_creation_in_ms": null,
            "description": "",
            "id": "arn:aws:iam::891377135193:policy/bos-ir-lambda-policy01",
            "name": "bos-ir-lambda-policy01",
            "name_prefix": "",
            "path": "/",
            "policy": "{\"Statement\":[{\"Action\":[\"logs:StartQuery\",\"logs:GetQueryResults\",\"logs:DescribeLogGroups\",\"logs:DescribeLogStreams\",\"logs:FilterLogEvents\"],\"Effect\":\"Allow\",\"Resource\":\"*\"},{\"Action\":[\"cloudwatch:DescribeAlarms\",\"cloudwatch:GetMetricData\",\"cloudwatch:GetMetricStatistics\"],\"Effect\":\"Allow\",\"Resource\":\"*\"},{\"Action\":[\"ssm:GetParameter\",\"ssm:GetParameters\",\"ssm:GetParametersByPath\"],\"Effect\":\"Allow\",\"Resource\":\"arn:aws:ssm:*:891377135193:parameter/lab/db/*\"},{\"Action\":[\"secretsmanager:GetSecretValue\",\"secretsmanager:DescribeSecret\"],\"Effect\":\"Allow\",\"Resource\":\"arn:aws:secretsmanager:*:891377135193:secret:bos/rds/mysql*\"},{\"Action\":[\"s3:PutObject\",\"s3:PutObjectAcl\",\"s3:GetObject\",\"s3:ListBucket\"],\"Effect\":\"Allow\",\"Resource\":[\"arn:aws:s3:::bos-ir-reports-891377135193\",\"arn:aws:s3:::bos-ir-reports-891377135193/*\"]},{\"Action\":[\"bedrock:InvokeModel\"],\"Effect\":\"Allow\",\"Resource\":\"*\"}],\"Version\":\"2012-10-17\"}",
            "policy_id": "ANPA47CRXVZMSMBRR2H7E",
            "tags": {},
            "tags_all": {}
          },
          "sensitive_attributes": [],
          "identity_schema_version": 0,
          "identity": {
            "arn": "arn:aws:iam::891377135193:policy/bos-ir-lambda-policy01"
          },
          "private": "bnVsbA==",
          "dependencies": [
            "aws_s3_bucket.bos_ir_reports_bucket01",
            "data.aws_caller_identity.bos_self01"
          ]
        }
      ]
    },
    {
      "mode": "managed",
      "type": "aws_iam_role",
      "name": "bos_ec2_role01",
      "provider": "provider[\"registry.terraform.io/hashicorp/aws\"]",
      "instances": [
        {
          "schema_version": 0,
          "attributes": {
            "arn": "arn:aws:iam::891377135193:role/bos-ec2-role01",
            "assume_role_policy": "{\"Statement\":[{\"Action\":\"sts:AssumeRole\",\"Effect\":\"Allow\",\"Principal\":{\"Service\":\"ec2.amazonaws.com\"}}],\"Version\":\"2012-10-17\"}",
            "create_date": "2026-01-15T13:37:51Z",
            "description": "",
            "force_detach_policies": false,
            "id": "bos-ec2-role01",
            "inline_policy": [
              {
                "name": "secrets-manager-bos-rds",
                "policy": "{\"Version\":\"2012-10-17\",\"Statement\":[{\"Action\":[\"secretsmanager:GetSecretValue\"],\"Effect\":\"Allow\",\"Resource\":\"arn:aws:secretsmanager:us-east-1:891377135193:secret:bos/rds/mysql*\",\"Sid\":\"ReadSpecificSecret\"}]}"
              }
            ],
            "managed_policy_arns": [
              "arn:aws:iam::aws:policy/AmazonSSMManagedInstanceCore",
              "arn:aws:iam::aws:policy/CloudWatchAgentServerPolicy"
            ],
            "max_session_duration": 3600,
            "name": "bos-ec2-role01",
            "name_prefix": "",
            "path": "/",
            "permissions_boundary": "",
            "tags": {},
            "tags_all": {},
            "unique_id": "AROA47CRXVZM3ILIZKEXV"
          },
          "sensitive_attributes": [],
          "identity_schema_version": 0,
          "identity": {
            "account_id": "891377135193",
            "name": "bos-ec2-role01"
          },
          "private": "bnVsbA=="
        }
      ]
    },
    {
      "mode": "managed",
      "type": "aws_iam_role",
      "name": "bos_firehose_role01",
      "provider": "provider[\"registry.terraform.io/hashicorp/aws\"]",
      "instances": []
    },
    {
      "mode": "managed",
      "type": "aws_iam_role",
      "name": "bos_ir_lambda_role01",
      "provider": "provider[\"registry.terraform.io/hashicorp/aws\"]",
      "instances": [
        {
          "schema_version": 0,
          "attributes": {
            "arn": "arn:aws:iam::891377135193:role/bos-ir-lambda-role01",
            "assume_role_policy": "{\"Statement\":[{\"Action\":\"sts:AssumeRole\",\"Effect\":\"Allow\",\"Principal\":{\"Service\":\"lambda.amazonaws.com\"}}],\"Version\":\"2012-10-17\"}",
            "create_date": "2026-01-15T13:37:51Z",
            "description": "",
            "force_detach_policies": false,
            "id": "bos-ir-lambda-role01",
            "inline_policy": [],
            "managed_policy_arns": [
              "arn:aws:iam::891377135193:policy/bos-ir-lambda-policy01",
              "arn:aws:iam::aws:policy/service-role/AWSLambdaBasicExecutionRole"
            ],
            "max_session_duration": 3600,
            "name": "bos-ir-lambda-role01",
            "name_prefix": "",
            "path": "/",
            "permissions_boundary": "",
            "tags": {},
            "tags_all": {},
            "unique_id": "AROA47CRXVZMQH7MQJTIK"
          },
          "sensitive_attributes": [],
          "identity_schema_version": 0,
          "identity": {
            "account_id": "891377135193",
            "name": "bos-ir-lambda-role01"
          },
          "private": "bnVsbA=="
        }
      ]
    },
    {
      "mode": "managed",
      "type": "aws_iam_role_policy",
      "name": "bos_ec2_secrets_access",
      "provider": "provider[\"registry.terraform.io/hashicorp/aws\"]",
      "instances": [
        {
          "schema_version": 0,
          "attributes": {
            "id": "bos-ec2-role01:secrets-manager-bos-rds",
            "name": "secrets-manager-bos-rds",
            "name_prefix": "",
            "policy": "{\"Version\":\"2012-10-17\",\"Statement\":[{\"Action\":[\"secretsmanager:GetSecretValue\"],\"Effect\":\"Allow\",\"Resource\":\"arn:aws:secretsmanager:us-east-1:891377135193:secret:bos/rds/mysql*\",\"Sid\":\"ReadSpecificSecret\"}]}",
            "role": "bos-ec2-role01"
          },
          "sensitive_attributes": [],
          "identity_schema_version": 0,
          "identity": {
            "account_id": "891377135193",
            "name": "secrets-manager-bos-rds",
            "role": "bos-ec2-role01"
          },
          "private": "bnVsbA==",
          "dependencies": [
            "aws_iam_role.bos_ec2_role01"
          ]
        }
      ]
    },
    {
      "mode": "managed",
      "type": "aws_iam_role_policy",
      "name": "bos_firehose_policy01",
      "provider": "provider[\"registry.terraform.io/hashicorp/aws\"]",
      "instances": []
    },
    {
      "mode": "managed",
      "type": "aws_iam_role_policy_attachment",
      "name": "bos_ec2_cw_attach",
      "provider": "provider[\"registry.terraform.io/hashicorp/aws\"]",
      "instances": [
        {
          "schema_version": 0,
          "attributes": {
            "id": "bos-ec2-role01/arn:aws:iam::aws:policy/CloudWatchAgentServerPolicy",
            "policy_arn": "arn:aws:iam::aws:policy/CloudWatchAgentServerPolicy",
            "role": "bos-ec2-role01"
          },
          "sensitive_attributes": [],
          "identity_schema_version": 0,
          "identity": {
            "account_id": "891377135193",
            "policy_arn": "arn:aws:iam::aws:policy/CloudWatchAgentServerPolicy",
            "role": "bos-ec2-role01"
          },
          "private": "bnVsbA==",
          "dependencies": [
            "aws_iam_role.bos_ec2_role01"
          ]
        }
      ]
    },
    {
      "mode": "managed",
      "type": "aws_iam_role_policy_attachment",
      "name": "bos_ec2_ssm_attach",
      "provider": "provider[\"registry.terraform.io/hashicorp/aws\"]",
      "instances": [
        {
          "schema_version": 0,
          "attributes": {
            "id": "bos-ec2-role01/arn:aws:iam::aws:policy/AmazonSSMManagedInstanceCore",
            "policy_arn": "arn:aws:iam::aws:policy/AmazonSSMManagedInstanceCore",
            "role": "bos-ec2-role01"
          },
          "sensitive_attributes": [],
          "identity_schema_version": 0,
          "identity": {
            "account_id": "891377135193",
            "policy_arn": "arn:aws:iam::aws:policy/AmazonSSMManagedInstanceCore",
            "role": "bos-ec2-role01"
          },
          "private": "bnVsbA==",
          "dependencies": [
            "aws_iam_role.bos_ec2_role01"
          ]
        }
      ]
    },
    {
      "mode": "managed",
      "type": "aws_iam_role_policy_attachment",
      "name": "bos_ir_lambda_attach01",
      "provider": "provider[\"registry.terraform.io/hashicorp/aws\"]",
      "instances": [
        {
          "schema_version": 0,
          "attributes": {
            "id": "bos-ir-lambda-role01/arn:aws:iam::891377135193:policy/bos-ir-lambda-policy01",
            "policy_arn": "arn:aws:iam::891377135193:policy/bos-ir-lambda-policy01",
            "role": "bos-ir-lambda-role01"
          },
          "sensitive_attributes": [],
          "identity_schema_version": 0,
          "identity": {
            "account_id": "891377135193",
            "policy_arn": "arn:aws:iam::891377135193:policy/bos-ir-lambda-policy01",
            "role": "bos-ir-lambda-role01"
          },
          "private": "bnVsbA==",
          "dependencies": [
            "aws_iam_policy.bos_ir_lambda_policy01",
            "aws_iam_role.bos_ir_lambda_role01",
            "aws_s3_bucket.bos_ir_reports_bucket01",
            "data.aws_caller_identity.bos_self01"
          ]
        }
      ]
    },
    {
      "mode": "managed",
      "type": "aws_iam_role_policy_attachment",
      "name": "bos_ir_lambda_basiclogs01",
      "provider": "provider[\"registry.terraform.io/hashicorp/aws\"]",
      "instances": [
        {
          "schema_version": 0,
          "attributes": {
            "id": "bos-ir-lambda-role01/arn:aws:iam::aws:policy/service-role/AWSLambdaBasicExecutionRole",
            "policy_arn": "arn:aws:iam::aws:policy/service-role/AWSLambdaBasicExecutionRole",
            "role": "bos-ir-lambda-role01"
          },
          "sensitive_attributes": [],
          "identity_schema_version": 0,
          "identity": {
            "account_id": "891377135193",
            "policy_arn": "arn:aws:iam::aws:policy/service-role/AWSLambdaBasicExecutionRole",
            "role": "bos-ir-lambda-role01"
          },
          "private": "bnVsbA==",
          "dependencies": [
            "aws_iam_role.bos_ir_lambda_role01"
          ]
        }
      ]
    },
    {
      "mode": "managed",
      "type": "aws_instance",
      "name": "bos_ec201",
      "provider": "provider[\"registry.terraform.io/hashicorp/aws\"]",
      "instances": [
        {
          "schema_version": 2,
          "attributes": {
            "ami": "ami-068c0051b15cdb816",
            "arn": "arn:aws:ec2:us-east-1:891377135193:instance/i-0e1967f6a74e1d324",
            "associate_public_ip_address": true,
            "availability_zone": "us-east-1a",
            "capacity_reservation_specification": [
              {
                "capacity_reservation_preference": "open",
                "capacity_reservation_target": []
              }
            ],
            "cpu_options": [
              {
                "amd_sev_snp": "",
                "core_count": 1,
                "threads_per_core": 2
              }
            ],
            "credit_specification": [
              {
                "cpu_credits": "unlimited"
              }
            ],
            "disable_api_stop": false,
            "disable_api_termination": false,
            "ebs_block_device": [],
            "ebs_optimized": false,
            "enable_primary_ipv6": null,
            "enclave_options": [
              {
                "enabled": false
              }
            ],
            "ephemeral_block_device": [],
            "force_destroy": false,
            "get_password_data": false,
            "hibernation": false,
            "host_id": "",
            "host_resource_group_arn": null,
            "iam_instance_profile": "bos-instance-profile01",
            "id": "i-0e1967f6a74e1d324",
            "instance_initiated_shutdown_behavior": "stop",
            "instance_lifecycle": "",
            "instance_market_options": [],
            "instance_state": "running",
            "instance_type": "t3.micro",
            "ipv6_address_count": 0,
            "ipv6_addresses": [],
            "key_name": "",
            "launch_template": [],
            "maintenance_options": [
              {
                "auto_recovery": "default"
              }
            ],
            "metadata_options": [
              {
                "http_endpoint": "enabled",
                "http_protocol_ipv6": "disabled",
                "http_put_response_hop_limit": 2,
                "http_tokens": "required",
                "instance_metadata_tags": "disabled"
              }
            ],
            "monitoring": false,
            "network_interface": [],
            "outpost_arn": "",
            "password_data": "",
            "placement_group": "",
            "placement_group_id": "",
            "placement_partition_number": 0,
            "primary_network_interface": [
              {
                "delete_on_termination": true,
                "network_interface_id": "eni-088222062c20a2485"
              }
            ],
            "primary_network_interface_id": "eni-088222062c20a2485",
            "private_dns": "ip-10-26-1-11.ec2.internal",
            "private_dns_name_options": [
              {
                "enable_resource_name_dns_a_record": false,
                "enable_resource_name_dns_aaaa_record": false,
                "hostname_type": "ip-name"
              }
            ],
            "private_ip": "10.26.1.11",
            "public_dns": "ec2-54-235-55-174.compute-1.amazonaws.com",
            "public_ip": "54.235.55.174",
            "region": "us-east-1",
            "root_block_device": [
              {
                "delete_on_termination": true,
                "device_name": "/dev/xvda",
                "encrypted": false,
                "iops": 3000,
                "kms_key_id": "",
                "tags": {},
                "tags_all": {},
                "throughput": 125,
                "volume_id": "vol-0cb66ff473acd0bad",
                "volume_size": 8,
                "volume_type": "gp3"
              }
            ],
            "secondary_private_ips": [],
            "security_groups": [],
            "source_dest_check": true,
            "spot_instance_request_id": "",
            "subnet_id": "subnet-01a9e5dc97f04de96",
            "tags": {
              "Name": "bos-ec201"
            },
            "tags_all": {
              "Name": "bos-ec201"
            },
            "tenancy": "default",
            "timeouts": null,
            "user_data": "#!/bin/bash\ndnf update -y\ndnf install -y python3-pip\ndnf install -y mariadb105\npip3 install flask pymysql boto3\n\nmkdir -p /opt/rdsapp\ncat \u003e/opt/rdsapp/app.py \u003c\u003c'PY'\nimport json\nimport os\nimport boto3\nimport pymysql\nimport logging\nfrom flask import Flask, request\n\n# Setup logging\nlogging.basicConfig(\n    filename='/opt/rdsapp/app.log',\n    level=logging.INFO,\n    format='%(asctime)s %(levelname)s %(name)s %(threadName)s : %(message)s'\n)\nlogger = logging.getLogger(__name__)\n\nREGION = os.environ.get(\"AWS_REGION\", \"us-east-1\")\nSECRET_ID = os.environ.get(\"SECRET_ID\", \"bos/rds/mysql\")\nsecrets = boto3.client(\"secretsmanager\", region_name=REGION)\n\ndef get_db_creds():\n    try:\n        resp = secrets.get_secret_value(SecretId=SECRET_ID)\n        s = json.loads(resp[\"SecretString\"])\n        return s\n    except Exception as e:\n        logger.error(f\"Failed to retrieve secret {SECRET_ID}: {str(e)}\")\n        raise\n\ndef get_conn():\n    c = get_db_creds()\n    host = c[\"host\"]\n    user = c[\"username\"]\n    password = c[\"password\"]\n    port = int(c.get(\"port\", 3306))\n    db = c.get(\"dbname\", \"labdb\")\n    try:\n        return pymysql.connect(host=host, user=user, password=password, port=port, database=db, autocommit=True)\n    except Exception as e:\n        logger.error(f\"DB connection failed: {str(e)}\")\n        raise\n\napp = Flask(__name__)\n\n@app.route(\"/\")\ndef home():\n    logger.info(\"Accessed home page\")\n    return \"\"\"\n    \u003ch2\u003eEC2 → RDS Notes App\u003c/h2\u003e\n    \u003cp\u003ePOST /add?note=hello\u003c/p\u003e\n    \u003cp\u003eGET /list\u003c/p\u003e\n    \"\"\"\n\n@app.route(\"/init\")\ndef init_db():\n    logger.info(\"Initializing database\")\n    c = get_db_creds()\n    host = c[\"host\"]\n    user = c[\"username\"]\n    password = c[\"password\"]\n    port = int(c.get(\"port\", 3306))\n    try:\n        conn = pymysql.connect(host=host, user=user, password=password, port=port, autocommit=True)\n        cur = conn.cursor()\n        cur.execute(\"CREATE DATABASE IF NOT EXISTS labdb;\")\n        cur.execute(\"USE labdb;\")\n        cur.execute(\"\"\"\n            CREATE TABLE IF NOT EXISTS notes (\n                id INT AUTO_INCREMENT PRIMARY KEY,\n                note VARCHAR(255) NOT NULL\n            );\n        \"\"\")\n        cur.close()\n        conn.close()\n        logger.info(\"Database and table initialized successfully\")\n        return \"Initialized labdb + notes table.\"\n    except Exception as e:\n        logger.error(f\"DB init failed: {str(e)}\")\n        return f\"Initialization failed: {str(e)}\", 500\n\n@app.route(\"/add\", methods=[\"POST\", \"GET\"])\ndef add_note():\n    note = request.args.get(\"note\", \"\").strip()\n    if not note:\n        logger.warning(\"Add note requested without 'note' parameter\")\n        return \"Missing note param. Try: /add?note=hello\", 400\n    try:\n        conn = get_conn()\n        cur = conn.cursor()\n        cur.execute(\"INSERT INTO notes(note) VALUES(%s);\", (note,))\n        cur.close()\n        conn.close()\n        logger.info(f\"Inserted note: {note}\")\n        return f\"Inserted note: {note}\"\n    except Exception as e:\n        logger.error(f\"Add note failed: {str(e)}\")\n        return f\"Insert failed: {str(e)}\", 500\n\n@app.route(\"/list\")\ndef list_notes():\n    logger.info(\"Listing notes\")\n    try:\n        conn = get_conn()\n        cur = conn.cursor()\n        cur.execute(\"SELECT id, note FROM notes ORDER BY id DESC;\")\n        rows = cur.fetchall()\n        cur.close()\n        conn.close()\n        out = \"\u003ch3\u003eNotes\u003c/h3\u003e\u003cul\u003e\"\n        for r in rows:\n            out += f\"\u003cli\u003e{r[0]}: {r[1]}\u003c/li\u003e\"\n        out += \"\u003c/ul\u003e\"\n        if not rows:\n            out = \"No notes yet.\"\n            logger.info(\"No notes found\")\n        else:\n            logger.info(f\"Retrieved {len(rows)} notes\")\n        return out\n    except Exception as e:\n        logger.error(f\"List notes failed: {str(e)}\")\n        return f\"Cannot list notes: {str(e)}\", 500\n\nif __name__ == \"__main__\":\n    logger.info(\"Starting Flask app\")\n    app.run(host=\"0.0.0.0\", port=80)\nPY\n\ncat \u003e/etc/systemd/system/rdsapp.service \u003c\u003c'SERVICE'\n[Unit]\nDescription=EC2 to RDS Notes App\nAfter=network.target\n\n[Service]\nWorkingDirectory=/opt/rdsapp\nEnvironment=SECRET_ID=bos/rds/mysql\nExecStart=/usr/bin/python3 /opt/rdsapp/app.py\nRestart=always\n\n[Install]\nWantedBy=multi-user.target\nSERVICE\n\nsystemctl daemon-reload\nsystemctl enable rdsapp\nsystemctl start rdsapp\n\n=== ADD CLOUDWATCH AGENT BELOW THIS LINE ===\n# Install unified CloudWatch Agent\nwget https://s3.amazonaws.com/amazoncloudwatch-agent-us-east-1/amazon_linux/amd64/latest/amazon-cloudwatch-agent.rpm\nrpm -U ./amazon-cloudwatch-agent.rpm\n\n# Create config directory if needed\nmkdir -p /opt/aws/amazon-cloudwatch-agent/bin\n\ncat \u003e/opt/aws/amazon-cloudwatch-agent/bin/config.json \u003c\u003c'EOF'\n{\n  \"agent\": {\n    \"run_as_user\": \"cwagent\"\n  },\n  \"logs\": {\n    \"logs_collected\": {\n      \"files\": {\n        \"collect_list\": [\n          {\n            \"file_path\": \"/opt/rdsapp/*.log\",\n            \"log_group_name\": \"/aws/ec2/bos-rds-app\",\n            \"log_stream_name\": \"{instance_id}\"\n          }\n        ]\n      }\n    }\n  }\n}\nEOF\n\n# Start the agent\n/opt/aws/amazon-cloudwatch-agent/bin/amazon-cloudwatch-agent-ctl \\\n  -a fetch-config -m ec2 \\\n  -c file:/opt/aws/amazon-cloudwatch-agent/bin/config.json -s\n\n# Test log\nlogger \"RDS App and CloudWatch Agent started successfully $(date)\"",
            "user_data_base64": null,
            "user_data_replace_on_change": false,
            "volume_tags": null,
            "vpc_security_group_ids": [
              "sg-061584391e9315c07"
            ]
          },
          "sensitive_attributes": [],
          "identity_schema_version": 0,
          "identity": {
            "account_id": "891377135193",
            "id": "i-0e1967f6a74e1d324",
            "region": "us-east-1"
          },
          "private": "eyJlMmJmYjczMC1lY2FhLTExZTYtOGY4OC0zNDM2M2JjN2M0YzAiOnsiY3JlYXRlIjo2MDAwMDAwMDAwMDAsImRlbGV0ZSI6MTIwMDAwMDAwMDAwMCwicmVhZCI6OTAwMDAwMDAwMDAwLCJ1cGRhdGUiOjYwMDAwMDAwMDAwMH0sInNjaGVtYV92ZXJzaW9uIjoiMiJ9",
          "dependencies": [
            "aws_iam_instance_profile.bos_instance_profile01",
            "aws_iam_role.bos_ec2_role01",
            "aws_security_group.bos_ec2_sg01",
            "aws_subnet.bos_public_subnets",
            "aws_vpc.bos_vpc01"
          ]
        }
      ]
    },
    {
      "mode": "managed",
      "type": "aws_instance",
      "name": "bos_ec201_private_bonus",
      "provider": "provider[\"registry.terraform.io/hashicorp/aws\"]",
      "instances": [
        {
          "schema_version": 2,
          "attributes": {
            "ami": "ami-068c0051b15cdb816",
            "arn": "arn:aws:ec2:us-east-1:891377135193:instance/i-0024f12052994ff08",
            "associate_public_ip_address": false,
            "availability_zone": "us-east-1a",
            "capacity_reservation_specification": [
              {
                "capacity_reservation_preference": "open",
                "capacity_reservation_target": []
              }
            ],
            "cpu_options": [
              {
                "amd_sev_snp": "",
                "core_count": 1,
                "threads_per_core": 2
              }
            ],
            "credit_specification": [
              {
                "cpu_credits": "unlimited"
              }
            ],
            "disable_api_stop": false,
            "disable_api_termination": false,
            "ebs_block_device": [],
            "ebs_optimized": false,
            "enable_primary_ipv6": null,
            "enclave_options": [
              {
                "enabled": false
              }
            ],
            "ephemeral_block_device": [],
            "force_destroy": false,
            "get_password_data": false,
            "hibernation": false,
            "host_id": "",
            "host_resource_group_arn": null,
            "iam_instance_profile": "bos-instance-profile01",
            "id": "i-0024f12052994ff08",
            "instance_initiated_shutdown_behavior": "stop",
            "instance_lifecycle": "",
            "instance_market_options": [],
            "instance_state": "running",
            "instance_type": "t3.micro",
            "ipv6_address_count": 0,
            "ipv6_addresses": [],
            "key_name": "",
            "launch_template": [],
            "maintenance_options": [
              {
                "auto_recovery": "default"
              }
            ],
            "metadata_options": [
              {
                "http_endpoint": "enabled",
                "http_protocol_ipv6": "disabled",
                "http_put_response_hop_limit": 2,
                "http_tokens": "required",
                "instance_metadata_tags": "disabled"
              }
            ],
            "monitoring": false,
            "network_interface": [],
            "outpost_arn": "",
            "password_data": "",
            "placement_group": "",
            "placement_group_id": "",
            "placement_partition_number": 0,
            "primary_network_interface": [
              {
                "delete_on_termination": true,
                "network_interface_id": "eni-0f5a389efcbe9d115"
              }
            ],
            "primary_network_interface_id": "eni-0f5a389efcbe9d115",
            "private_dns": "ip-10-26-101-87.ec2.internal",
            "private_dns_name_options": [
              {
                "enable_resource_name_dns_a_record": false,
                "enable_resource_name_dns_aaaa_record": false,
                "hostname_type": "ip-name"
              }
            ],
            "private_ip": "10.26.101.87",
            "public_dns": "",
            "public_ip": "",
            "region": "us-east-1",
            "root_block_device": [
              {
                "delete_on_termination": true,
                "device_name": "/dev/xvda",
                "encrypted": false,
                "iops": 3000,
                "kms_key_id": "",
                "tags": {},
                "tags_all": {},
                "throughput": 125,
                "volume_id": "vol-0466e3c31f1539f8f",
                "volume_size": 8,
                "volume_type": "gp3"
              }
            ],
            "secondary_private_ips": [],
            "security_groups": [],
            "source_dest_check": true,
            "spot_instance_request_id": "",
            "subnet_id": "subnet-0a994c748a10fa54b",
            "tags": {
              "Name": "bos-ec201-private"
            },
            "tags_all": {
              "Name": "bos-ec201-private"
            },
            "tenancy": "default",
            "timeouts": null,
            "user_data": "#!/bin/bash\ndnf update -y\ndnf install -y python3-pip\ndnf install -y mariadb105\npip3 install flask pymysql boto3\n\nmkdir -p /opt/rdsapp\ncat \u003e/opt/rdsapp/app.py \u003c\u003c'PY'\nimport json\nimport os\nimport boto3\nimport pymysql\nimport logging\nfrom flask import Flask, request\n\n# Setup logging\nlogging.basicConfig(\n    filename='/opt/rdsapp/app.log',\n    level=logging.INFO,\n    format='%(asctime)s %(levelname)s %(name)s %(threadName)s : %(message)s'\n)\nlogger = logging.getLogger(__name__)\n\nREGION = os.environ.get(\"AWS_REGION\", \"us-east-1\")\nSECRET_ID = os.environ.get(\"SECRET_ID\", \"bos/rds/mysql\")\nsecrets = boto3.client(\"secretsmanager\", region_name=REGION)\n\ndef get_db_creds():\n    try:\n        resp = secrets.get_secret_value(SecretId=SECRET_ID)\n        s = json.loads(resp[\"SecretString\"])\n        return s\n    except Exception as e:\n        logger.error(f\"Failed to retrieve secret {SECRET_ID}: {str(e)}\")\n        raise\n\ndef get_conn():\n    c = get_db_creds()\n    host = c[\"host\"]\n    user = c[\"username\"]\n    password = c[\"password\"]\n    port = int(c.get(\"port\", 3306))\n    db = c.get(\"dbname\", \"labdb\")\n    try:\n        return pymysql.connect(host=host, user=user, password=password, port=port, database=db, autocommit=True)\n    except Exception as e:\n        logger.error(f\"DB connection failed: {str(e)}\")\n        raise\n\napp = Flask(__name__)\n\n@app.route(\"/\")\ndef home():\n    logger.info(\"Accessed home page\")\n    return \"\"\"\n    \u003ch2\u003eEC2 → RDS Notes App\u003c/h2\u003e\n    \u003cp\u003ePOST /add?note=hello\u003c/p\u003e\n    \u003cp\u003eGET /list\u003c/p\u003e\n    \"\"\"\n\n@app.route(\"/init\")\ndef init_db():\n    logger.info(\"Initializing database\")\n    c = get_db_creds()\n    host = c[\"host\"]\n    user = c[\"username\"]\n    password = c[\"password\"]\n    port = int(c.get(\"port\", 3306))\n    try:\n        conn = pymysql.connect(host=host, user=user, password=password, port=port, autocommit=True)\n        cur = conn.cursor()\n        cur.execute(\"CREATE DATABASE IF NOT EXISTS labdb;\")\n        cur.execute(\"USE labdb;\")\n        cur.execute(\"\"\"\n            CREATE TABLE IF NOT EXISTS notes (\n                id INT AUTO_INCREMENT PRIMARY KEY,\n                note VARCHAR(255) NOT NULL\n            );\n        \"\"\")\n        cur.close()\n        conn.close()\n        logger.info(\"Database and table initialized successfully\")\n        return \"Initialized labdb + notes table.\"\n    except Exception as e:\n        logger.error(f\"DB init failed: {str(e)}\")\n        return f\"Initialization failed: {str(e)}\", 500\n\n@app.route(\"/add\", methods=[\"POST\", \"GET\"])\ndef add_note():\n    note = request.args.get(\"note\", \"\").strip()\n    if not note:\n        logger.warning(\"Add note requested without 'note' parameter\")\n        return \"Missing note param. Try: /add?note=hello\", 400\n    try:\n        conn = get_conn()\n        cur = conn.cursor()\n        cur.execute(\"INSERT INTO notes(note) VALUES(%s);\", (note,))\n        cur.close()\n        conn.close()\n        logger.info(f\"Inserted note: {note}\")\n        return f\"Inserted note: {note}\"\n    except Exception as e:\n        logger.error(f\"Add note failed: {str(e)}\")\n        return f\"Insert failed: {str(e)}\", 500\n\n@app.route(\"/list\")\ndef list_notes():\n    logger.info(\"Listing notes\")\n    try:\n        conn = get_conn()\n        cur = conn.cursor()\n        cur.execute(\"SELECT id, note FROM notes ORDER BY id DESC;\")\n        rows = cur.fetchall()\n        cur.close()\n        conn.close()\n        out = \"\u003ch3\u003eNotes\u003c/h3\u003e\u003cul\u003e\"\n        for r in rows:\n            out += f\"\u003cli\u003e{r[0]}: {r[1]}\u003c/li\u003e\"\n        out += \"\u003c/ul\u003e\"\n        if not rows:\n            out = \"No notes yet.\"\n            logger.info(\"No notes found\")\n        else:\n            logger.info(f\"Retrieved {len(rows)} notes\")\n        return out\n    except Exception as e:\n        logger.error(f\"List notes failed: {str(e)}\")\n        return f\"Cannot list notes: {str(e)}\", 500\n\nif __name__ == \"__main__\":\n    logger.info(\"Starting Flask app\")\n    app.run(host=\"0.0.0.0\", port=80)\nPY\n\ncat \u003e/etc/systemd/system/rdsapp.service \u003c\u003c'SERVICE'\n[Unit]\nDescription=EC2 to RDS Notes App\nAfter=network.target\n\n[Service]\nWorkingDirectory=/opt/rdsapp\nEnvironment=SECRET_ID=bos/rds/mysql\nExecStart=/usr/bin/python3 /opt/rdsapp/app.py\nRestart=always\n\n[Install]\nWantedBy=multi-user.target\nSERVICE\n\nsystemctl daemon-reload\nsystemctl enable rdsapp\nsystemctl start rdsapp\n\n=== ADD CLOUDWATCH AGENT BELOW THIS LINE ===\n# Install unified CloudWatch Agent\nwget https://s3.amazonaws.com/amazoncloudwatch-agent-us-east-1/amazon_linux/amd64/latest/amazon-cloudwatch-agent.rpm\nrpm -U ./amazon-cloudwatch-agent.rpm\n\n# Create config directory if needed\nmkdir -p /opt/aws/amazon-cloudwatch-agent/bin\n\ncat \u003e/opt/aws/amazon-cloudwatch-agent/bin/config.json \u003c\u003c'EOF'\n{\n  \"agent\": {\n    \"run_as_user\": \"cwagent\"\n  },\n  \"logs\": {\n    \"logs_collected\": {\n      \"files\": {\n        \"collect_list\": [\n          {\n            \"file_path\": \"/opt/rdsapp/*.log\",\n            \"log_group_name\": \"/aws/ec2/bos-rds-app\",\n            \"log_stream_name\": \"{instance_id}\"\n          }\n        ]\n      }\n    }\n  }\n}\nEOF\n\n# Start the agent\n/opt/aws/amazon-cloudwatch-agent/bin/amazon-cloudwatch-agent-ctl \\\n  -a fetch-config -m ec2 \\\n  -c file:/opt/aws/amazon-cloudwatch-agent/bin/config.json -s\n\n# Test log\nlogger \"RDS App and CloudWatch Agent started successfully $(date)\"",
            "user_data_base64": null,
            "user_data_replace_on_change": false,
            "volume_tags": null,
            "vpc_security_group_ids": [
              "sg-061584391e9315c07"
            ]
          },
          "sensitive_attributes": [],
          "identity_schema_version": 0,
          "identity": {
            "account_id": "891377135193",
            "id": "i-0024f12052994ff08",
            "region": "us-east-1"
          },
          "private": "eyJlMmJmYjczMC1lY2FhLTExZTYtOGY4OC0zNDM2M2JjN2M0YzAiOnsiY3JlYXRlIjo2MDAwMDAwMDAwMDAsImRlbGV0ZSI6MTIwMDAwMDAwMDAwMCwicmVhZCI6OTAwMDAwMDAwMDAwLCJ1cGRhdGUiOjYwMDAwMDAwMDAwMH0sInNjaGVtYV92ZXJzaW9uIjoiMiJ9",
          "dependencies": [
            "aws_iam_instance_profile.bos_instance_profile01",
            "aws_iam_role.bos_ec2_role01",
            "aws_security_group.bos_ec2_sg01",
            "aws_subnet.bos_private_subnets",
            "aws_vpc.bos_vpc01"
          ]
        }
      ]
    },
    {
      "mode": "managed",
      "type": "aws_internet_gateway",
      "name": "bos_igw01",
      "provider": "provider[\"registry.terraform.io/hashicorp/aws\"]",
      "instances": [
        {
          "schema_version": 0,
          "attributes": {
            "arn": "arn:aws:ec2:us-east-1:891377135193:internet-gateway/igw-00f299fdc634b799c",
            "id": "igw-00f299fdc634b799c",
            "owner_id": "891377135193",
            "region": "us-east-1",
            "tags": {
              "Name": "bos-igw01"
            },
            "tags_all": {
              "Name": "bos-igw01"
            },
            "timeouts": null,
            "vpc_id": "vpc-09b198be32272cd10"
          },
          "sensitive_attributes": [],
          "identity_schema_version": 0,
          "private": "eyJlMmJmYjczMC1lY2FhLTExZTYtOGY4OC0zNDM2M2JjN2M0YzAiOnsiY3JlYXRlIjoxMjAwMDAwMDAwMDAwLCJkZWxldGUiOjEyMDAwMDAwMDAwMDAsInVwZGF0ZSI6MTIwMDAwMDAwMDAwMH19",
          "dependencies": [
            "aws_vpc.bos_vpc01"
          ]
        }
      ]
    },
    {
      "mode": "managed",
      "type": "aws_kinesis_firehose_delivery_stream",
      "name": "bos_waf_firehose01",
      "provider": "provider[\"registry.terraform.io/hashicorp/aws\"]",
      "instances": []
    },
    {
      "mode": "managed",
      "type": "aws_lambda_function",
      "name": "bos_ir_lambda01",
      "provider": "provider[\"registry.terraform.io/hashicorp/aws\"]",
      "instances": [
        {
          "schema_version": 0,
          "attributes": {
            "architectures": [
              "x86_64"
            ],
            "arn": "arn:aws:lambda:us-east-1:891377135193:function:bos-ir-reporter01",
            "capacity_provider_config": [],
            "code_sha256": "UJGvl29s/kw2VBfQ4c0oAqhjaIPYo33WML9AY2u3Mh8=",
            "code_signing_config_arn": "",
            "dead_letter_config": [],
            "description": "",
            "durable_config": [],
            "environment": [
              {
                "variables": {
                  "APP_LOG_GROUP": "/aws/ec2/bos-rds-app",
                  "BEDROCK_MODEL_ID": "upstage-solar-pro-quantized",
                  "REPORT_BUCKET": "bos-ir-reports-891377135193",
                  "SECRET_ID": "bos/rds/mysql",
                  "SNS_TOPIC_ARN": "arn:aws:sns:us-east-1:891377135193:bos-db-incidents",
                  "SSM_PARAM_PATH": "/lab/db/",
                  "WAF_LOG_GROUP": "aws-waf-logs-bos-webacl01"
                }
              }
            ],
            "ephemeral_storage": [
              {
                "size": 512
              }
            ],
            "file_system_config": [],
            "filename": "lambda_ir_reporter.zip",
            "function_name": "bos-ir-reporter01",
            "handler": "handler.lambda_handler",
            "id": "bos-ir-reporter01",
            "image_config": [],
            "image_uri": "",
            "invoke_arn": "arn:aws:apigateway:us-east-1:lambda:path/2015-03-31/functions/arn:aws:lambda:us-east-1:891377135193:function:bos-ir-reporter01/invocations",
            "kms_key_arn": "",
            "last_modified": "2026-01-15T13:38:02.789+0000",
            "layers": [],
            "logging_config": [
              {
                "application_log_level": "",
                "log_format": "Text",
                "log_group": "/aws/lambda/bos-ir-reporter01",
                "system_log_level": ""
              }
            ],
            "memory_size": 128,
            "package_type": "Zip",
            "publish": false,
            "publish_to": null,
            "qualified_arn": "arn:aws:lambda:us-east-1:891377135193:function:bos-ir-reporter01:$LATEST",
            "qualified_invoke_arn": "arn:aws:apigateway:us-east-1:lambda:path/2015-03-31/functions/arn:aws:lambda:us-east-1:891377135193:function:bos-ir-reporter01:$LATEST/invocations",
            "region": "us-east-1",
            "replace_security_groups_on_destroy": null,
            "replacement_security_group_ids": null,
            "reserved_concurrent_executions": -1,
            "response_streaming_invoke_arn": "arn:aws:apigateway:us-east-1:lambda:path/2021-11-15/functions/arn:aws:lambda:us-east-1:891377135193:function:bos-ir-reporter01/response-streaming-invocations",
            "role": "arn:aws:iam::891377135193:role/bos-ir-lambda-role01",
            "runtime": "python3.11",
            "s3_bucket": null,
            "s3_key": null,
            "s3_object_version": null,
            "signing_job_arn": "",
            "signing_profile_version_arn": "",
            "skip_destroy": false,
            "snap_start": [],
            "source_code_hash": "UJGvl29s/kw2VBfQ4c0oAqhjaIPYo33WML9AY2u3Mh8=",
            "source_code_size": 3204,
            "source_kms_key_arn": "",
            "tags": {},
            "tags_all": {},
            "tenancy_config": [],
            "timeout": 60,
            "timeouts": null,
            "tracing_config": [
              {
                "mode": "PassThrough"
              }
            ],
            "version": "$LATEST",
            "vpc_config": []
          },
          "sensitive_attributes": [],
          "identity_schema_version": 0,
          "identity": {
            "account_id": "891377135193",
            "function_name": "bos-ir-reporter01",
            "region": "us-east-1"
          },
          "private": "eyJlMmJmYjczMC1lY2FhLTExZTYtOGY4OC0zNDM2M2JjN2M0YzAiOnsiY3JlYXRlIjo2MDAwMDAwMDAwMDAsImRlbGV0ZSI6NjAwMDAwMDAwMDAwLCJ1cGRhdGUiOjYwMDAwMDAwMDAwMH19",
          "dependencies": [
            "aws_iam_role.bos_ir_lambda_role01",
            "aws_s3_bucket.bos_ir_reports_bucket01",
            "aws_sns_topic.bos_sns_topic01",
            "data.aws_caller_identity.bos_self01"
          ]
        }
      ]
    },
    {
      "mode": "managed",
      "type": "aws_lambda_permission",
      "name": "bos_allow_sns_invoke01",
      "provider": "provider[\"registry.terraform.io/hashicorp/aws\"]",
      "instances": [
        {
          "schema_version": 0,
          "attributes": {
            "action": "lambda:InvokeFunction",
            "event_source_token": null,
            "function_name": "bos-ir-reporter01",
            "function_url_auth_type": null,
            "id": "AllowExecutionFromSNS",
            "invoked_via_function_url": null,
            "principal": "sns.amazonaws.com",
            "principal_org_id": null,
            "qualifier": "",
            "region": "us-east-1",
            "source_account": null,
            "source_arn": "arn:aws:sns:us-east-1:891377135193:bos-db-incidents",
            "statement_id": "AllowExecutionFromSNS",
            "statement_id_prefix": ""
          },
          "sensitive_attributes": [],
          "identity_schema_version": 0,
          "identity": {
            "account_id": "891377135193",
            "function_name": "bos-ir-reporter01",
            "qualifier": null,
            "region": "us-east-1",
            "statement_id": "AllowExecutionFromSNS"
          },
          "private": "bnVsbA==",
          "dependencies": [
            "aws_iam_role.bos_ir_lambda_role01",
            "aws_lambda_function.bos_ir_lambda01",
            "aws_s3_bucket.bos_ir_reports_bucket01",
            "aws_sns_topic.bos_sns_topic01",
            "data.aws_caller_identity.bos_self01"
          ]
        }
      ]
    },
    {
      "mode": "managed",
      "type": "aws_lb",
      "name": "bos_alb01",
      "provider": "provider[\"registry.terraform.io/hashicorp/aws\"]",
      "instances": [
        {
          "schema_version": 0,
          "attributes": {
            "access_logs": [
              {
                "bucket": "bos-alb-logs-891377135193",
                "enabled": false,
                "prefix": "alb-logs"
              }
            ],
            "arn": "arn:aws:elasticloadbalancing:us-east-1:891377135193:loadbalancer/app/bos-alb01/52a5989d26150f86",
            "arn_suffix": "app/bos-alb01/52a5989d26150f86",
            "client_keep_alive": 3600,
            "connection_logs": [
              {
                "bucket": "",
                "enabled": false,
                "prefix": ""
              }
            ],
            "customer_owned_ipv4_pool": "",
            "desync_mitigation_mode": "defensive",
            "dns_name": "bos-alb01-1092421058.us-east-1.elb.amazonaws.com",
            "dns_record_client_routing_policy": null,
            "drop_invalid_header_fields": false,
            "enable_cross_zone_load_balancing": true,
            "enable_deletion_protection": false,
            "enable_http2": true,
            "enable_tls_version_and_cipher_suite_headers": false,
            "enable_waf_fail_open": false,
            "enable_xff_client_port": false,
            "enable_zonal_shift": false,
            "enforce_security_group_inbound_rules_on_private_link_traffic": "",
            "health_check_logs": [
              {
                "bucket": "",
                "enabled": false,
                "prefix": ""
              }
            ],
            "id": "arn:aws:elasticloadbalancing:us-east-1:891377135193:loadbalancer/app/bos-alb01/52a5989d26150f86",
            "idle_timeout": 60,
            "internal": false,
            "ip_address_type": "ipv4",
            "ipam_pools": [],
            "load_balancer_type": "application",
            "minimum_load_balancer_capacity": [],
            "name": "bos-alb01",
            "name_prefix": "",
            "preserve_host_header": false,
            "region": "us-east-1",
            "secondary_ips_auto_assigned_per_subnet": null,
            "security_groups": [
              "sg-0a0b0db6a140e69fc"
            ],
            "subnet_mapping": [
              {
                "allocation_id": "",
                "ipv6_address": "",
                "outpost_id": "",
                "private_ipv4_address": "",
                "subnet_id": "subnet-01a9e5dc97f04de96"
              },
              {
                "allocation_id": "",
                "ipv6_address": "",
                "outpost_id": "",
                "private_ipv4_address": "",
                "subnet_id": "subnet-08efcd432b8e9ea32"
              }
            ],
            "subnets": [
              "subnet-01a9e5dc97f04de96",
              "subnet-08efcd432b8e9ea32"
            ],
            "tags": {
              "Name": "bos-alb01"
            },
            "tags_all": {
              "Name": "bos-alb01"
            },
            "timeouts": null,
            "vpc_id": "vpc-09b198be32272cd10",
            "xff_header_processing_mode": "append",
            "zone_id": "Z35SXDOTRQ7X7K"
          },
          "sensitive_attributes": [],
          "identity_schema_version": 0,
          "identity": {
            "arn": "arn:aws:elasticloadbalancing:us-east-1:891377135193:loadbalancer/app/bos-alb01/52a5989d26150f86"
          },
          "private": "eyJlMmJmYjczMC1lY2FhLTExZTYtOGY4OC0zNDM2M2JjN2M0YzAiOnsiY3JlYXRlIjo2MDAwMDAwMDAwMDAsImRlbGV0ZSI6NjAwMDAwMDAwMDAwLCJ1cGRhdGUiOjYwMDAwMDAwMDAwMH19",
          "dependencies": [
            "aws_security_group.bos_alb_sg01",
            "aws_subnet.bos_public_subnets",
            "aws_vpc.bos_vpc01"
          ]
        }
      ]
    },
    {
      "mode": "managed",
      "type": "aws_lb_listener",
      "name": "bos_http_listener01",
      "provider": "provider[\"registry.terraform.io/hashicorp/aws\"]",
      "instances": [
        {
          "schema_version": 0,
          "attributes": {
            "alpn_policy": null,
            "arn": "arn:aws:elasticloadbalancing:us-east-1:891377135193:listener/app/bos-alb01/52a5989d26150f86/a91242c24b59a7dc",
            "certificate_arn": null,
            "default_action": [
              {
                "authenticate_cognito": [],
                "authenticate_oidc": [],
                "fixed_response": [],
                "forward": [],
                "jwt_validation": [],
                "order": 1,
                "redirect": [
                  {
                    "host": "#{host}",
                    "path": "/#{path}",
                    "port": "443",
                    "protocol": "HTTPS",
                    "query": "#{query}",
                    "status_code": "HTTP_301"
                  }
                ],
                "target_group_arn": "",
                "type": "redirect"
              }
            ],
            "id": "arn:aws:elasticloadbalancing:us-east-1:891377135193:listener/app/bos-alb01/52a5989d26150f86/a91242c24b59a7dc",
            "load_balancer_arn": "arn:aws:elasticloadbalancing:us-east-1:891377135193:loadbalancer/app/bos-alb01/52a5989d26150f86",
            "mutual_authentication": [],
            "port": 80,
            "protocol": "HTTP",
            "region": "us-east-1",
            "routing_http_request_x_amzn_mtls_clientcert_header_name": null,
            "routing_http_request_x_amzn_mtls_clientcert_issuer_header_name": null,
            "routing_http_request_x_amzn_mtls_clientcert_leaf_header_name": null,
            "routing_http_request_x_amzn_mtls_clientcert_serial_number_header_name": null,
            "routing_http_request_x_amzn_mtls_clientcert_subject_header_name": null,
            "routing_http_request_x_amzn_mtls_clientcert_validity_header_name": null,
            "routing_http_request_x_amzn_tls_cipher_suite_header_name": null,
            "routing_http_request_x_amzn_tls_version_header_name": null,
            "routing_http_response_access_control_allow_credentials_header_value": "",
            "routing_http_response_access_control_allow_headers_header_value": "",
            "routing_http_response_access_control_allow_methods_header_value": "",
            "routing_http_response_access_control_allow_origin_header_value": "",
            "routing_http_response_access_control_expose_headers_header_value": "",
            "routing_http_response_access_control_max_age_header_value": "",
            "routing_http_response_content_security_policy_header_value": "",
            "routing_http_response_server_enabled": true,
            "routing_http_response_strict_transport_security_header_value": "",
            "routing_http_response_x_content_type_options_header_value": "",
            "routing_http_response_x_frame_options_header_value": "",
            "ssl_policy": "",
            "tags": {},
            "tags_all": {},
            "tcp_idle_timeout_seconds": null,
            "timeouts": null
          },
          "sensitive_attributes": [],
          "identity_schema_version": 0,
          "identity": {
            "arn": "arn:aws:elasticloadbalancing:us-east-1:891377135193:listener/app/bos-alb01/52a5989d26150f86/a91242c24b59a7dc"
          },
          "private": "eyJlMmJmYjczMC1lY2FhLTExZTYtOGY4OC0zNDM2M2JjN2M0YzAiOnsiY3JlYXRlIjozMDAwMDAwMDAwMDAsInVwZGF0ZSI6MzAwMDAwMDAwMDAwfX0=",
          "dependencies": [
            "aws_lb.bos_alb01",
            "aws_security_group.bos_alb_sg01",
            "aws_subnet.bos_public_subnets",
            "aws_vpc.bos_vpc01"
          ]
        }
      ]
    },
    {
      "mode": "managed",
      "type": "aws_lb_listener",
      "name": "bos_https_listener01",
      "provider": "provider[\"registry.terraform.io/hashicorp/aws\"]",
      "instances": [
        {
          "schema_version": 0,
          "attributes": {
            "alpn_policy": null,
            "arn": "arn:aws:elasticloadbalancing:us-east-1:891377135193:listener/app/bos-alb01/52a5989d26150f86/a1c358f779934e3d",
            "certificate_arn": "arn:aws:acm:us-east-1:891377135193:certificate/7ff3fcc1-60cb-458c-86ab-b647e0f0c5e2",
            "default_action": [
              {
                "authenticate_cognito": [],
                "authenticate_oidc": [],
                "fixed_response": [],
                "forward": [],
                "jwt_validation": [],
                "order": 1,
                "redirect": [],
                "target_group_arn": "arn:aws:elasticloadbalancing:us-east-1:891377135193:targetgroup/bos-tg01/39ad930500765dc9",
                "type": "forward"
              }
            ],
            "id": "arn:aws:elasticloadbalancing:us-east-1:891377135193:listener/app/bos-alb01/52a5989d26150f86/a1c358f779934e3d",
            "load_balancer_arn": "arn:aws:elasticloadbalancing:us-east-1:891377135193:loadbalancer/app/bos-alb01/52a5989d26150f86",
            "mutual_authentication": [
              {
                "advertise_trust_store_ca_names": "",
                "ignore_client_certificate_expiry": false,
                "mode": "off",
                "trust_store_arn": ""
              }
            ],
            "port": 443,
            "protocol": "HTTPS",
            "region": "us-east-1",
            "routing_http_request_x_amzn_mtls_clientcert_header_name": "",
            "routing_http_request_x_amzn_mtls_clientcert_issuer_header_name": "",
            "routing_http_request_x_amzn_mtls_clientcert_leaf_header_name": "",
            "routing_http_request_x_amzn_mtls_clientcert_serial_number_header_name": "",
            "routing_http_request_x_amzn_mtls_clientcert_subject_header_name": "",
            "routing_http_request_x_amzn_mtls_clientcert_validity_header_name": "",
            "routing_http_request_x_amzn_tls_cipher_suite_header_name": "",
            "routing_http_request_x_amzn_tls_version_header_name": "",
            "routing_http_response_access_control_allow_credentials_header_value": "",
            "routing_http_response_access_control_allow_headers_header_value": "",
            "routing_http_response_access_control_allow_methods_header_value": "",
            "routing_http_response_access_control_allow_origin_header_value": "",
            "routing_http_response_access_control_expose_headers_header_value": "",
            "routing_http_response_access_control_max_age_header_value": "",
            "routing_http_response_content_security_policy_header_value": "",
            "routing_http_response_server_enabled": true,
            "routing_http_response_strict_transport_security_header_value": "",
            "routing_http_response_x_content_type_options_header_value": "",
            "routing_http_response_x_frame_options_header_value": "",
            "ssl_policy": "ELBSecurityPolicy-TLS13-1-2-2021-06",
            "tags": {},
            "tags_all": {},
            "tcp_idle_timeout_seconds": null,
            "timeouts": null
          },
          "sensitive_attributes": [],
          "identity_schema_version": 0,
          "identity": {
            "arn": "arn:aws:elasticloadbalancing:us-east-1:891377135193:listener/app/bos-alb01/52a5989d26150f86/a1c358f779934e3d"
          },
          "private": "eyJlMmJmYjczMC1lY2FhLTExZTYtOGY4OC0zNDM2M2JjN2M0YzAiOnsiY3JlYXRlIjozMDAwMDAwMDAwMDAsInVwZGF0ZSI6MzAwMDAwMDAwMDAwfX0=",
          "dependencies": [
            "aws_acm_certificate.larrryharrisaws_cert",
            "aws_acm_certificate_validation.larrryharrisaws_acm_validation01_dns_bonus",
            "aws_lb.bos_alb01",
            "aws_lb_target_group.bos_tg01",
            "aws_route53_record.larrryharrisaws_acm_validation_records01",
            "aws_route53_zone.larrryharrisaws_zone01",
            "aws_security_group.bos_alb_sg01",
            "aws_subnet.bos_public_subnets",
            "aws_vpc.bos_vpc01"
          ]
        }
      ]
    },
    {
      "mode": "managed",
      "type": "aws_lb_target_group",
      "name": "bos_tg01",
      "provider": "provider[\"registry.terraform.io/hashicorp/aws\"]",
      "instances": [
        {
          "schema_version": 0,
          "attributes": {
            "arn": "arn:aws:elasticloadbalancing:us-east-1:891377135193:targetgroup/bos-tg01/39ad930500765dc9",
            "arn_suffix": "targetgroup/bos-tg01/39ad930500765dc9",
            "connection_termination": null,
            "deregistration_delay": "300",
            "health_check": [
              {
                "enabled": true,
                "healthy_threshold": 2,
                "interval": 15,
                "matcher": "200-399",
                "path": "/health",
                "port": "traffic-port",
                "protocol": "HTTP",
                "timeout": 5,
                "unhealthy_threshold": 2
              }
            ],
            "id": "arn:aws:elasticloadbalancing:us-east-1:891377135193:targetgroup/bos-tg01/39ad930500765dc9",
            "ip_address_type": "ipv4",
            "lambda_multi_value_headers_enabled": false,
            "load_balancer_arns": [
              "arn:aws:elasticloadbalancing:us-east-1:891377135193:loadbalancer/app/bos-alb01/52a5989d26150f86"
            ],
            "load_balancing_algorithm_type": "round_robin",
            "load_balancing_anomaly_mitigation": "off",
            "load_balancing_cross_zone_enabled": "use_load_balancer_configuration",
            "name": "bos-tg01",
            "name_prefix": "",
            "port": 80,
            "preserve_client_ip": null,
            "protocol": "HTTP",
            "protocol_version": "HTTP1",
            "proxy_protocol_v2": false,
            "region": "us-east-1",
            "slow_start": 0,
            "stickiness": [
              {
                "cookie_duration": 86400,
                "cookie_name": "",
                "enabled": false,
                "type": "lb_cookie"
              }
            ],
            "tags": {
              "Name": "bos-tg01"
            },
            "tags_all": {
              "Name": "bos-tg01"
            },
            "target_control_port": 0,
            "target_failover": [
              {
                "on_deregistration": null,
                "on_unhealthy": null
              }
            ],
            "target_group_health": [
              {
                "dns_failover": [
                  {
                    "minimum_healthy_targets_count": "1",
                    "minimum_healthy_targets_percentage": "off"
                  }
                ],
                "unhealthy_state_routing": [
                  {
                    "minimum_healthy_targets_count": 1,
                    "minimum_healthy_targets_percentage": "off"
                  }
                ]
              }
            ],
            "target_health_state": [
              {
                "enable_unhealthy_connection_termination": null,
                "unhealthy_draining_interval": null
              }
            ],
            "target_type": "instance",
            "vpc_id": "vpc-09b198be32272cd10"
          },
          "sensitive_attributes": [],
          "identity_schema_version": 0,
          "identity": {
            "arn": "arn:aws:elasticloadbalancing:us-east-1:891377135193:targetgroup/bos-tg01/39ad930500765dc9"
          },
          "private": "bnVsbA==",
          "dependencies": [
            "aws_vpc.bos_vpc01"
          ]
        }
      ]
    },
    {
      "mode": "managed",
      "type": "aws_lb_target_group_attachment",
      "name": "bos_tg_attach01",
      "provider": "provider[\"registry.terraform.io/hashicorp/aws\"]",
      "instances": [
        {
          "schema_version": 0,
          "attributes": {
            "availability_zone": null,
            "id": "arn:aws:elasticloadbalancing:us-east-1:891377135193:targetgroup/bos-tg01/39ad930500765dc9-20260115133839395500000010",
            "port": 80,
            "quic_server_id": null,
            "region": "us-east-1",
            "target_group_arn": "arn:aws:elasticloadbalancing:us-east-1:891377135193:targetgroup/bos-tg01/39ad930500765dc9",
            "target_id": "i-0024f12052994ff08"
          },
          "sensitive_attributes": [],
          "identity_schema_version": 0,
          "private": "bnVsbA==",
          "dependencies": [
            "aws_iam_instance_profile.bos_instance_profile01",
            "aws_iam_role.bos_ec2_role01",
            "aws_instance.bos_ec201_private_bonus",
            "aws_lb_target_group.bos_tg01",
            "aws_security_group.bos_ec2_sg01",
            "aws_subnet.bos_private_subnets",
            "aws_vpc.bos_vpc01"
          ]
        }
      ]
    },
    {
      "mode": "managed",
      "type": "aws_nat_gateway",
      "name": "bos_nat01",
      "provider": "provider[\"registry.terraform.io/hashicorp/aws\"]",
      "instances": [
        {
          "schema_version": 0,
          "attributes": {
            "allocation_id": "eipalloc-0a3a64858fc054bd2",
            "association_id": "eipassoc-0ddf10476d9f7566d",
            "auto_provision_zones": null,
            "auto_scaling_ips": null,
            "availability_mode": "zonal",
            "availability_zone_address": [],
            "connectivity_type": "public",
            "id": "nat-01ef16cacd7ed0a2e",
            "network_interface_id": "eni-0c0e12b91b1310162",
            "private_ip": "10.26.1.221",
            "public_ip": "54.84.139.26",
            "region": "us-east-1",
            "regional_nat_gateway_address": [],
            "regional_nat_gateway_auto_mode": null,
            "route_table_id": null,
            "secondary_allocation_ids": [],
            "secondary_private_ip_address_count": 0,
            "secondary_private_ip_addresses": [],
            "subnet_id": "subnet-01a9e5dc97f04de96",
            "tags": {
              "Name": "bos-nat01"
            },
            "tags_all": {
              "Name": "bos-nat01"
            },
            "timeouts": null,
            "vpc_id": "vpc-09b198be32272cd10"
          },
          "sensitive_attributes": [],
          "identity_schema_version": 0,
          "private": "eyJlMmJmYjczMC1lY2FhLTExZTYtOGY4OC0zNDM2M2JjN2M0YzAiOnsiY3JlYXRlIjo2MDAwMDAwMDAwMDAsImRlbGV0ZSI6MTgwMDAwMDAwMDAwMCwidXBkYXRlIjo2MDAwMDAwMDAwMDB9fQ==",
          "dependencies": [
            "aws_eip.bos_nat_eip01",
            "aws_internet_gateway.bos_igw01",
            "aws_subnet.bos_public_subnets",
            "aws_vpc.bos_vpc01"
          ]
        }
      ]
    },
    {
      "mode": "managed",
      "type": "aws_route",
      "name": "bos_private_default_route",
      "provider": "provider[\"registry.terraform.io/hashicorp/aws\"]",
      "instances": [
        {
          "schema_version": 0,
          "attributes": {
            "carrier_gateway_id": "",
            "core_network_arn": "",
            "destination_cidr_block": "0.0.0.0/0",
            "destination_ipv6_cidr_block": "",
            "destination_prefix_list_id": "",
            "egress_only_gateway_id": "",
            "gateway_id": "",
            "id": "r-rtb-0517201f5f909fec81080289494",
            "instance_id": "",
            "instance_owner_id": "",
            "local_gateway_id": "",
            "nat_gateway_id": "nat-01ef16cacd7ed0a2e",
            "network_interface_id": "",
            "origin": "CreateRoute",
            "region": "us-east-1",
            "route_table_id": "rtb-0517201f5f909fec8",
            "state": "active",
            "timeouts": null,
            "transit_gateway_id": "",
            "vpc_endpoint_id": "",
            "vpc_peering_connection_id": ""
          },
          "sensitive_attributes": [],
          "identity_schema_version": 0,
          "identity": {
            "account_id": "891377135193",
            "destination_cidr_block": "0.0.0.0/0",
            "destination_ipv6_cidr_block": null,
            "destination_prefix_list_id": null,
            "region": "us-east-1",
            "route_table_id": "rtb-0517201f5f909fec8"
          },
          "private": "eyJlMmJmYjczMC1lY2FhLTExZTYtOGY4OC0zNDM2M2JjN2M0YzAiOnsiY3JlYXRlIjozMDAwMDAwMDAwMDAsImRlbGV0ZSI6MzAwMDAwMDAwMDAwLCJ1cGRhdGUiOjEyMDAwMDAwMDAwMH19",
          "dependencies": [
            "aws_eip.bos_nat_eip01",
            "aws_internet_gateway.bos_igw01",
            "aws_nat_gateway.bos_nat01",
            "aws_route_table.bos_private_rt01",
            "aws_subnet.bos_public_subnets",
            "aws_vpc.bos_vpc01"
          ]
        }
      ]
    },
    {
      "mode": "managed",
      "type": "aws_route",
      "name": "bos_public_default_route",
      "provider": "provider[\"registry.terraform.io/hashicorp/aws\"]",
      "instances": [
        {
          "schema_version": 0,
          "attributes": {
            "carrier_gateway_id": "",
            "core_network_arn": "",
            "destination_cidr_block": "0.0.0.0/0",
            "destination_ipv6_cidr_block": "",
            "destination_prefix_list_id": "",
            "egress_only_gateway_id": "",
            "gateway_id": "igw-00f299fdc634b799c",
            "id": "r-rtb-08ceca0a6a9d6852b1080289494",
            "instance_id": "",
            "instance_owner_id": "",
            "local_gateway_id": "",
            "nat_gateway_id": "",
            "network_interface_id": "",
            "origin": "CreateRoute",
            "region": "us-east-1",
            "route_table_id": "rtb-08ceca0a6a9d6852b",
            "state": "active",
            "timeouts": null,
            "transit_gateway_id": "",
            "vpc_endpoint_id": "",
            "vpc_peering_connection_id": ""
          },
          "sensitive_attributes": [],
          "identity_schema_version": 0,
          "identity": {
            "account_id": "891377135193",
            "destination_cidr_block": "0.0.0.0/0",
            "destination_ipv6_cidr_block": null,
            "destination_prefix_list_id": null,
            "region": "us-east-1",
            "route_table_id": "rtb-08ceca0a6a9d6852b"
          },
          "private": "eyJlMmJmYjczMC1lY2FhLTExZTYtOGY4OC0zNDM2M2JjN2M0YzAiOnsiY3JlYXRlIjozMDAwMDAwMDAwMDAsImRlbGV0ZSI6MzAwMDAwMDAwMDAwLCJ1cGRhdGUiOjEyMDAwMDAwMDAwMH19",
          "dependencies": [
            "aws_internet_gateway.bos_igw01",
            "aws_route_table.bos_public_rt01",
            "aws_vpc.bos_vpc01"
          ]
        }
      ]
    },
    {
      "mode": "managed",
      "type": "aws_route53_record",
      "name": "bos_apex_alias01",
      "provider": "provider[\"registry.terraform.io/hashicorp/aws\"]",
      "instances": [
        {
          "schema_version": 2,
          "attributes": {
            "alias": [
              {
                "evaluate_target_health": true,
                "name": "bos-alb01-1092421058.us-east-1.elb.amazonaws.com",
                "zone_id": "Z35SXDOTRQ7X7K"
              }
            ],
            "allow_overwrite": null,
            "cidr_routing_policy": [],
            "failover_routing_policy": [],
            "fqdn": "larrryharrisaws.com",
            "geolocation_routing_policy": [],
            "geoproximity_routing_policy": [],
            "health_check_id": "",
            "id": "Z0901463OY6VXTMV4V34_larrryharrisaws.com_A",
            "latency_routing_policy": [],
            "multivalue_answer_routing_policy": false,
            "name": "larrryharrisaws.com",
            "records": [],
            "set_identifier": "",
            "timeouts": null,
            "ttl": 0,
            "type": "A",
            "weighted_routing_policy": [],
            "zone_id": "Z0901463OY6VXTMV4V34"
          },
          "sensitive_attributes": [],
          "identity_schema_version": 0,
          "identity": {
            "account_id": "891377135193",
            "name": "larrryharrisaws.com",
            "set_identifier": null,
            "type": "A",
            "zone_id": "Z0901463OY6VXTMV4V34"
          },
          "private": "eyJlMmJmYjczMC1lY2FhLTExZTYtOGY4OC0zNDM2M2JjN2M0YzAiOnsiY3JlYXRlIjoxODAwMDAwMDAwMDAwLCJkZWxldGUiOjE4MDAwMDAwMDAwMDAsInVwZGF0ZSI6MTgwMDAwMDAwMDAwMH0sInNjaGVtYV92ZXJzaW9uIjoiMiJ9",
          "dependencies": [
            "aws_lb.bos_alb01",
            "aws_route53_zone.larrryharrisaws_zone01",
            "aws_security_group.bos_alb_sg01",
            "aws_subnet.bos_public_subnets",
            "aws_vpc.bos_vpc01"
          ]
        }
      ]
    },
    {
      "mode": "managed",
      "type": "aws_route53_record",
      "name": "larrryharrisaws_acm_validation",
      "provider": "provider[\"registry.terraform.io/hashicorp/aws\"]",
      "instances": [
        {
          "index_key": "app.larrryharrisaws.com",
          "schema_version": 2,
          "attributes": {
            "alias": [],
            "allow_overwrite": true,
            "cidr_routing_policy": [],
            "failover_routing_policy": [],
            "fqdn": "_402ee52412176e3cc610fa9fd47343c2.app.larrryharrisaws.com",
            "geolocation_routing_policy": [],
            "geoproximity_routing_policy": [],
            "health_check_id": "",
            "id": "Z0825167K1N04S2RCG6V__402ee52412176e3cc610fa9fd47343c2.app.larrryharrisaws.com._CNAME",
            "latency_routing_policy": [],
            "multivalue_answer_routing_policy": false,
            "name": "_402ee52412176e3cc610fa9fd47343c2.app.larrryharrisaws.com",
            "records": [
              "_cd5a736b59a29f7a9d8f6016140bda11.jkddzztszm.acm-validations.aws."
            ],
            "set_identifier": "",
            "timeouts": null,
            "ttl": 60,
            "type": "CNAME",
            "weighted_routing_policy": [],
            "zone_id": "Z0825167K1N04S2RCG6V"
          },
          "sensitive_attributes": [],
          "identity_schema_version": 0,
          "identity": {
            "account_id": "891377135193",
            "name": "_402ee52412176e3cc610fa9fd47343c2.app.larrryharrisaws.com",
            "set_identifier": null,
            "type": "CNAME",
            "zone_id": "Z0825167K1N04S2RCG6V"
          },
          "private": "eyJlMmJmYjczMC1lY2FhLTExZTYtOGY4OC0zNDM2M2JjN2M0YzAiOnsiY3JlYXRlIjoxODAwMDAwMDAwMDAwLCJkZWxldGUiOjE4MDAwMDAwMDAwMDAsInVwZGF0ZSI6MTgwMDAwMDAwMDAwMH0sInNjaGVtYV92ZXJzaW9uIjoiMiJ9",
          "dependencies": [
            "aws_acm_certificate.larrryharrisaws_cert"
          ]
        }
      ]
    },
    {
      "mode": "managed",
      "type": "aws_route53_record",
      "name": "larrryharrisaws_acm_validation_records01",
      "provider": "provider[\"registry.terraform.io/hashicorp/aws\"]",
      "instances": [
        {
          "index_key": "app.larrryharrisaws.com",
          "schema_version": 2,
          "attributes": {
            "alias": [],
            "allow_overwrite": null,
            "cidr_routing_policy": [],
            "failover_routing_policy": [],
            "fqdn": "_402ee52412176e3cc610fa9fd47343c2.app.larrryharrisaws.com",
            "geolocation_routing_policy": [],
            "geoproximity_routing_policy": [],
            "health_check_id": "",
            "id": "Z0901463OY6VXTMV4V34__402ee52412176e3cc610fa9fd47343c2.app.larrryharrisaws.com._CNAME",
            "latency_routing_policy": [],
            "multivalue_answer_routing_policy": false,
            "name": "_402ee52412176e3cc610fa9fd47343c2.app.larrryharrisaws.com",
            "records": [
              "_cd5a736b59a29f7a9d8f6016140bda11.jkddzztszm.acm-validations.aws."
            ],
            "set_identifier": "",
            "timeouts": null,
            "ttl": 60,
            "type": "CNAME",
            "weighted_routing_policy": [],
            "zone_id": "Z0901463OY6VXTMV4V34"
          },
          "sensitive_attributes": [],
          "identity_schema_version": 0,
          "identity": {
            "account_id": "891377135193",
            "name": "_402ee52412176e3cc610fa9fd47343c2.app.larrryharrisaws.com",
            "set_identifier": null,
            "type": "CNAME",
            "zone_id": "Z0901463OY6VXTMV4V34"
          },
          "private": "eyJlMmJmYjczMC1lY2FhLTExZTYtOGY4OC0zNDM2M2JjN2M0YzAiOnsiY3JlYXRlIjoxODAwMDAwMDAwMDAwLCJkZWxldGUiOjE4MDAwMDAwMDAwMDAsInVwZGF0ZSI6MTgwMDAwMDAwMDAwMH0sInNjaGVtYV92ZXJzaW9uIjoiMiJ9",
          "dependencies": [
            "aws_acm_certificate.larrryharrisaws_cert",
            "aws_route53_zone.larrryharrisaws_zone01"
          ]
        }
      ]
    },
    {
      "mode": "managed",
      "type": "aws_route53_zone",
      "name": "larrryharrisaws_zone01",
      "provider": "provider[\"registry.terraform.io/hashicorp/aws\"]",
      "instances": [
        {
          "index_key": 0,
          "schema_version": 0,
          "attributes": {
            "arn": "arn:aws:route53:::hostedzone/Z0901463OY6VXTMV4V34",
            "comment": "Managed by Terraform",
            "delegation_set_id": "",
            "enable_accelerated_recovery": false,
            "force_destroy": false,
            "id": "Z0901463OY6VXTMV4V34",
            "name": "larrryharrisaws.com",
            "name_servers": [
              "ns-1158.awsdns-16.org",
              "ns-1774.awsdns-29.co.uk",
              "ns-443.awsdns-55.com",
              "ns-728.awsdns-27.net"
            ],
            "primary_name_server": "ns-443.awsdns-55.com",
            "tags": {
              "Name": "bos-zone01"
            },
            "tags_all": {
              "Name": "bos-zone01"
            },
            "timeouts": null,
            "vpc": [],
            "zone_id": "Z0901463OY6VXTMV4V34"
          },
          "sensitive_attributes": [],
          "identity_schema_version": 0,
          "private": "eyJlMmJmYjczMC1lY2FhLTExZTYtOGY4OC0zNDM2M2JjN2M0YzAiOnsiY3JlYXRlIjoxODAwMDAwMDAwMDAwLCJkZWxldGUiOjE4MDAwMDAwMDAwMDAsInVwZGF0ZSI6MTgwMDAwMDAwMDAwMH19"
        }
      ]
    },
    {
      "mode": "managed",
      "type": "aws_route_table",
      "name": "bos_private_rt01",
      "provider": "provider[\"registry.terraform.io/hashicorp/aws\"]",
      "instances": [
        {
          "schema_version": 0,
          "attributes": {
            "arn": "arn:aws:ec2:us-east-1:891377135193:route-table/rtb-0517201f5f909fec8",
            "id": "rtb-0517201f5f909fec8",
            "owner_id": "891377135193",
            "propagating_vgws": [],
            "region": "us-east-1",
            "route": [
              {
                "carrier_gateway_id": "",
                "cidr_block": "0.0.0.0/0",
                "core_network_arn": "",
                "destination_prefix_list_id": "",
                "egress_only_gateway_id": "",
                "gateway_id": "",
                "ipv6_cidr_block": "",
                "local_gateway_id": "",
                "nat_gateway_id": "nat-01ef16cacd7ed0a2e",
                "network_interface_id": "",
                "transit_gateway_id": "",
                "vpc_endpoint_id": "",
                "vpc_peering_connection_id": ""
              }
            ],
            "tags": {
              "Name": "bos-private-rt01"
            },
            "tags_all": {
              "Name": "bos-private-rt01"
            },
            "timeouts": null,
            "vpc_id": "vpc-09b198be32272cd10"
          },
          "sensitive_attributes": [],
          "identity_schema_version": 0,
          "identity": {
            "account_id": "891377135193",
            "id": "rtb-0517201f5f909fec8",
            "region": "us-east-1"
          },
          "private": "eyJlMmJmYjczMC1lY2FhLTExZTYtOGY4OC0zNDM2M2JjN2M0YzAiOnsiY3JlYXRlIjozMDAwMDAwMDAwMDAsImRlbGV0ZSI6MzAwMDAwMDAwMDAwLCJ1cGRhdGUiOjEyMDAwMDAwMDAwMH19",
          "dependencies": [
            "aws_vpc.bos_vpc01"
          ]
        }
      ]
    },
    {
      "mode": "managed",
      "type": "aws_route_table",
      "name": "bos_public_rt01",
      "provider": "provider[\"registry.terraform.io/hashicorp/aws\"]",
      "instances": [
        {
          "schema_version": 0,
          "attributes": {
            "arn": "arn:aws:ec2:us-east-1:891377135193:route-table/rtb-08ceca0a6a9d6852b",
            "id": "rtb-08ceca0a6a9d6852b",
            "owner_id": "891377135193",
            "propagating_vgws": [],
            "region": "us-east-1",
            "route": [
              {
                "carrier_gateway_id": "",
                "cidr_block": "0.0.0.0/0",
                "core_network_arn": "",
                "destination_prefix_list_id": "",
                "egress_only_gateway_id": "",
                "gateway_id": "igw-00f299fdc634b799c",
                "ipv6_cidr_block": "",
                "local_gateway_id": "",
                "nat_gateway_id": "",
                "network_interface_id": "",
                "transit_gateway_id": "",
                "vpc_endpoint_id": "",
                "vpc_peering_connection_id": ""
              }
            ],
            "tags": {
              "Name": "bos-public-rt01"
            },
            "tags_all": {
              "Name": "bos-public-rt01"
            },
            "timeouts": null,
            "vpc_id": "vpc-09b198be32272cd10"
          },
          "sensitive_attributes": [],
          "identity_schema_version": 0,
          "identity": {
            "account_id": "891377135193",
            "id": "rtb-08ceca0a6a9d6852b",
            "region": "us-east-1"
          },
          "private": "eyJlMmJmYjczMC1lY2FhLTExZTYtOGY4OC0zNDM2M2JjN2M0YzAiOnsiY3JlYXRlIjozMDAwMDAwMDAwMDAsImRlbGV0ZSI6MzAwMDAwMDAwMDAwLCJ1cGRhdGUiOjEyMDAwMDAwMDAwMH19",
          "dependencies": [
            "aws_vpc.bos_vpc01"
          ]
        }
      ]
    },
    {
      "mode": "managed",
      "type": "aws_route_table_association",
      "name": "bos_private_rta",
      "provider": "provider[\"registry.terraform.io/hashicorp/aws\"]",
      "instances": [
        {
          "index_key": 0,
          "schema_version": 0,
          "attributes": {
            "gateway_id": "",
            "id": "rtbassoc-03ef2f8d0438f2231",
            "region": "us-east-1",
            "route_table_id": "rtb-0517201f5f909fec8",
            "subnet_id": "subnet-0a994c748a10fa54b",
            "timeouts": null
          },
          "sensitive_attributes": [],
          "identity_schema_version": 0,
          "private": "eyJlMmJmYjczMC1lY2FhLTExZTYtOGY4OC0zNDM2M2JjN2M0YzAiOnsiY3JlYXRlIjozMDAwMDAwMDAwMDAsImRlbGV0ZSI6MzAwMDAwMDAwMDAwLCJ1cGRhdGUiOjEyMDAwMDAwMDAwMH19",
          "dependencies": [
            "aws_route_table.bos_private_rt01",
            "aws_subnet.bos_private_subnets",
            "aws_vpc.bos_vpc01"
          ]
        },
        {
          "index_key": 1,
          "schema_version": 0,
          "attributes": {
            "gateway_id": "",
            "id": "rtbassoc-01431c02929660afd",
            "region": "us-east-1",
            "route_table_id": "rtb-0517201f5f909fec8",
            "subnet_id": "subnet-05897c23aabca60ff",
            "timeouts": null
          },
          "sensitive_attributes": [],
          "identity_schema_version": 0,
          "private": "eyJlMmJmYjczMC1lY2FhLTExZTYtOGY4OC0zNDM2M2JjN2M0YzAiOnsiY3JlYXRlIjozMDAwMDAwMDAwMDAsImRlbGV0ZSI6MzAwMDAwMDAwMDAwLCJ1cGRhdGUiOjEyMDAwMDAwMDAwMH19",
          "dependencies": [
            "aws_route_table.bos_private_rt01",
            "aws_subnet.bos_private_subnets",
            "aws_vpc.bos_vpc01"
          ]
        }
      ]
    },
    {
      "mode": "managed",
      "type": "aws_route_table_association",
      "name": "bos_public_rta",
      "provider": "provider[\"registry.terraform.io/hashicorp/aws\"]",
      "instances": [
        {
          "index_key": 0,
          "schema_version": 0,
          "attributes": {
            "gateway_id": "",
            "id": "rtbassoc-023fd9cdef906dc7e",
            "region": "us-east-1",
            "route_table_id": "rtb-08ceca0a6a9d6852b",
            "subnet_id": "subnet-01a9e5dc97f04de96",
            "timeouts": null
          },
          "sensitive_attributes": [],
          "identity_schema_version": 0,
          "private": "eyJlMmJmYjczMC1lY2FhLTExZTYtOGY4OC0zNDM2M2JjN2M0YzAiOnsiY3JlYXRlIjozMDAwMDAwMDAwMDAsImRlbGV0ZSI6MzAwMDAwMDAwMDAwLCJ1cGRhdGUiOjEyMDAwMDAwMDAwMH19",
          "dependencies": [
            "aws_route_table.bos_public_rt01",
            "aws_subnet.bos_public_subnets",
            "aws_vpc.bos_vpc01"
          ]
        },
        {
          "index_key": 1,
          "schema_version": 0,
          "attributes": {
            "gateway_id": "",
            "id": "rtbassoc-05b6aa52dda5737d5",
            "region": "us-east-1",
            "route_table_id": "rtb-08ceca0a6a9d6852b",
            "subnet_id": "subnet-08efcd432b8e9ea32",
            "timeouts": null
          },
          "sensitive_attributes": [],
          "identity_schema_version": 0,
          "private": "eyJlMmJmYjczMC1lY2FhLTExZTYtOGY4OC0zNDM2M2JjN2M0YzAiOnsiY3JlYXRlIjozMDAwMDAwMDAwMDAsImRlbGV0ZSI6MzAwMDAwMDAwMDAwLCJ1cGRhdGUiOjEyMDAwMDAwMDAwMH19",
          "dependencies": [
            "aws_route_table.bos_public_rt01",
            "aws_subnet.bos_public_subnets",
            "aws_vpc.bos_vpc01"
          ]
        }
      ]
    },
    {
      "mode": "managed",
      "type": "aws_s3_bucket",
      "name": "alb_logs",
      "provider": "provider[\"registry.terraform.io/hashicorp/aws\"]",
      "instances": [
        {
          "schema_version": 0,
          "attributes": {
            "acceleration_status": "",
            "acl": null,
            "arn": "arn:aws:s3:::bos-alb-logs-891377135193",
            "bucket": "bos-alb-logs-891377135193",
            "bucket_domain_name": "bos-alb-logs-891377135193.s3.amazonaws.com",
            "bucket_prefix": "",
            "bucket_region": "us-east-1",
            "bucket_regional_domain_name": "bos-alb-logs-891377135193.s3.us-east-1.amazonaws.com",
            "cors_rule": [],
            "force_destroy": true,
            "grant": [
              {
                "id": "903b1c250754076520a57e879a3113da4cbe0f2c8efdadb3b5dd954edd18db9b",
                "permissions": [
                  "FULL_CONTROL"
                ],
                "type": "CanonicalUser",
                "uri": ""
              }
            ],
            "hosted_zone_id": "Z3AQBSTGFYJSTF",
            "id": "bos-alb-logs-891377135193",
            "lifecycle_rule": [],
            "logging": [],
            "object_lock_configuration": [],
            "object_lock_enabled": false,
            "policy": "",
            "region": "us-east-1",
            "replication_configuration": [],
            "request_payer": "BucketOwner",
            "server_side_encryption_configuration": [
              {
                "rule": [
                  {
                    "apply_server_side_encryption_by_default": [
                      {
                        "kms_master_key_id": "",
                        "sse_algorithm": "AES256"
                      }
                    ],
                    "bucket_key_enabled": false
                  }
                ]
              }
            ],
            "tags": null,
            "tags_all": {},
            "timeouts": null,
            "versioning": [
              {
                "enabled": false,
                "mfa_delete": false
              }
            ],
            "website": [],
            "website_domain": null,
            "website_endpoint": null
          },
          "sensitive_attributes": [],
          "identity_schema_version": 0,
          "identity": {
            "account_id": "891377135193",
            "bucket": "bos-alb-logs-891377135193",
            "region": "us-east-1"
          },
          "private": "eyJlMmJmYjczMC1lY2FhLTExZTYtOGY4OC0zNDM2M2JjN2M0YzAiOnsiY3JlYXRlIjoxMjAwMDAwMDAwMDAwLCJkZWxldGUiOjM2MDAwMDAwMDAwMDAsInJlYWQiOjEyMDAwMDAwMDAwMDAsInVwZGF0ZSI6MTIwMDAwMDAwMDAwMH19"
        }
      ]
    },
    {
      "mode": "managed",
      "type": "aws_s3_bucket",
      "name": "bos_alb_logs",
      "provider": "provider[\"registry.terraform.io/hashicorp/aws\"]",
      "instances": [
        {
          "schema_version": 0,
          "attributes": {
            "acceleration_status": "",
            "acl": null,
            "arn": "arn:aws:s3:::bos-alb-logs-891377135193-a0agkqdk",
            "bucket": "bos-alb-logs-891377135193-a0agkqdk",
            "bucket_domain_name": "bos-alb-logs-891377135193-a0agkqdk.s3.amazonaws.com",
            "bucket_prefix": "",
            "bucket_region": "us-east-1",
            "bucket_regional_domain_name": "bos-alb-logs-891377135193-a0agkqdk.s3.us-east-1.amazonaws.com",
            "cors_rule": [],
            "force_destroy": true,
            "grant": [
              {
                "id": "903b1c250754076520a57e879a3113da4cbe0f2c8efdadb3b5dd954edd18db9b",
                "permissions": [
                  "FULL_CONTROL"
                ],
                "type": "CanonicalUser",
                "uri": ""
              }
            ],
            "hosted_zone_id": "Z3AQBSTGFYJSTF",
            "id": "bos-alb-logs-891377135193-a0agkqdk",
            "lifecycle_rule": [],
            "logging": [],
            "object_lock_configuration": [],
            "object_lock_enabled": false,
            "policy": "",
            "region": "us-east-1",
            "replication_configuration": [],
            "request_payer": "BucketOwner",
            "server_side_encryption_configuration": [
              {
                "rule": [
                  {
                    "apply_server_side_encryption_by_default": [
                      {
                        "kms_master_key_id": "",
                        "sse_algorithm": "AES256"
                      }
                    ],
                    "bucket_key_enabled": false
                  }
                ]
              }
            ],
            "tags": {},
            "tags_all": {},
            "timeouts": null,
            "versioning": [
              {
                "enabled": false,
                "mfa_delete": false
              }
            ],
            "website": [],
            "website_domain": null,
            "website_endpoint": null
          },
          "sensitive_attributes": [],
          "identity_schema_version": 0,
          "identity": {
            "account_id": "891377135193",
            "bucket": "bos-alb-logs-891377135193-a0agkqdk",
            "region": "us-east-1"
          },
          "private": "eyJlMmJmYjczMC1lY2FhLTExZTYtOGY4OC0zNDM2M2JjN2M0YzAiOnsiY3JlYXRlIjoxMjAwMDAwMDAwMDAwLCJkZWxldGUiOjM2MDAwMDAwMDAwMDAsInJlYWQiOjEyMDAwMDAwMDAwMDAsInVwZGF0ZSI6MTIwMDAwMDAwMDAwMH19",
          "dependencies": [
            "random_string.bucket_suffix"
          ]
        }
      ]
    },
    {
      "mode": "managed",
      "type": "aws_s3_bucket",
      "name": "bos_firehose_waf_dest_bucket01",
      "provider": "provider[\"registry.terraform.io/hashicorp/aws\"]",
      "instances": []
    },
    {
      "mode": "managed",
      "type": "aws_s3_bucket",
      "name": "bos_ir_reports_bucket01",
      "provider": "provider[\"registry.terraform.io/hashicorp/aws\"]",
      "instances": [
        {
          "schema_version": 0,
          "attributes": {
            "acceleration_status": "",
            "acl": null,
            "arn": "arn:aws:s3:::bos-ir-reports-891377135193",
            "bucket": "bos-ir-reports-891377135193",
            "bucket_domain_name": "bos-ir-reports-891377135193.s3.amazonaws.com",
            "bucket_prefix": "",
            "bucket_region": "us-east-1",
            "bucket_regional_domain_name": "bos-ir-reports-891377135193.s3.us-east-1.amazonaws.com",
            "cors_rule": [],
            "force_destroy": false,
            "grant": [
              {
                "id": "903b1c250754076520a57e879a3113da4cbe0f2c8efdadb3b5dd954edd18db9b",
                "permissions": [
                  "FULL_CONTROL"
                ],
                "type": "CanonicalUser",
                "uri": ""
              }
            ],
            "hosted_zone_id": "Z3AQBSTGFYJSTF",
            "id": "bos-ir-reports-891377135193",
            "lifecycle_rule": [],
            "logging": [],
            "object_lock_configuration": [],
            "object_lock_enabled": false,
            "policy": "",
            "region": "us-east-1",
            "replication_configuration": [],
            "request_payer": "BucketOwner",
            "server_side_encryption_configuration": [
              {
                "rule": [
                  {
                    "apply_server_side_encryption_by_default": [
                      {
                        "kms_master_key_id": "",
                        "sse_algorithm": "AES256"
                      }
                    ],
                    "bucket_key_enabled": false
                  }
                ]
              }
            ],
            "tags": {
              "Name": "bos-ir-reports-bucket01"
            },
            "tags_all": {
              "Name": "bos-ir-reports-bucket01"
            },
            "timeouts": null,
            "versioning": [
              {
                "enabled": false,
                "mfa_delete": false
              }
            ],
            "website": [],
            "website_domain": null,
            "website_endpoint": null
          },
          "sensitive_attributes": [],
          "identity_schema_version": 0,
          "identity": {
            "account_id": "891377135193",
            "bucket": "bos-ir-reports-891377135193",
            "region": "us-east-1"
          },
          "private": "eyJlMmJmYjczMC1lY2FhLTExZTYtOGY4OC0zNDM2M2JjN2M0YzAiOnsiY3JlYXRlIjoxMjAwMDAwMDAwMDAwLCJkZWxldGUiOjM2MDAwMDAwMDAwMDAsInJlYWQiOjEyMDAwMDAwMDAwMDAsInVwZGF0ZSI6MTIwMDAwMDAwMDAwMH19",
          "dependencies": [
            "data.aws_caller_identity.bos_self01"
          ]
        }
      ]
    },
    {
      "mode": "managed",
      "type": "aws_s3_bucket",
      "name": "bos_waf_logs_bucket01",
      "provider": "provider[\"registry.terraform.io/hashicorp/aws\"]",
      "instances": []
    },
    {
      "mode": "managed",
      "type": "aws_s3_bucket_ownership_controls",
      "name": "alb_logs",
      "provider": "provider[\"registry.terraform.io/hashicorp/aws\"]",
      "instances": [
        {
          "schema_version": 0,
          "attributes": {
            "bucket": "bos-alb-logs-891377135193",
            "id": "bos-alb-logs-891377135193",
            "region": "us-east-1",
            "rule": [
              {
                "object_ownership": "BucketOwnerPreferred"
              }
            ]
          },
          "sensitive_attributes": [],
          "identity_schema_version": 0,
          "identity": {
            "account_id": "891377135193",
            "bucket": "bos-alb-logs-891377135193",
            "region": "us-east-1"
          },
          "private": "bnVsbA==",
          "dependencies": [
            "aws_s3_bucket.alb_logs"
          ]
        }
      ]
    },
    {
      "mode": "managed",
      "type": "aws_s3_bucket_ownership_controls",
      "name": "alb_logs_ownership",
      "provider": "provider[\"registry.terraform.io/hashicorp/aws\"]",
      "instances": [
        {
          "schema_version": 0,
          "attributes": {
            "bucket": "bos-alb-logs-891377135193",
            "id": "bos-alb-logs-891377135193",
            "region": "us-east-1",
            "rule": [
              {
                "object_ownership": "BucketOwnerPreferred"
              }
            ]
          },
          "sensitive_attributes": [],
          "identity_schema_version": 0,
          "identity": {
            "account_id": "891377135193",
            "bucket": "bos-alb-logs-891377135193",
            "region": "us-east-1"
          },
          "private": "bnVsbA==",
          "dependencies": [
            "aws_s3_bucket.alb_logs"
          ]
        }
      ]
    },
    {
      "mode": "managed",
      "type": "aws_s3_bucket_ownership_controls",
      "name": "bos_alb_logs",
      "provider": "provider[\"registry.terraform.io/hashicorp/aws\"]",
      "instances": [
        {
          "schema_version": 0,
          "attributes": {
            "bucket": "bos-alb-logs-891377135193-a0agkqdk",
            "id": "bos-alb-logs-891377135193-a0agkqdk",
            "region": "us-east-1",
            "rule": [
              {
                "object_ownership": "BucketOwnerPreferred"
              }
            ]
          },
          "sensitive_attributes": [],
          "identity_schema_version": 0,
          "identity": {
            "account_id": "891377135193",
            "bucket": "bos-alb-logs-891377135193-a0agkqdk",
            "region": "us-east-1"
          },
          "private": "bnVsbA==",
          "dependencies": [
            "aws_s3_bucket.bos_alb_logs",
            "random_string.bucket_suffix"
          ]
        }
      ]
    },
    {
      "mode": "managed",
      "type": "aws_s3_bucket_policy",
      "name": "alb_logs_policy",
      "provider": "provider[\"registry.terraform.io/hashicorp/aws\"]",
      "instances": [
        {
          "schema_version": 0,
          "attributes": {
            "bucket": "bos-alb-logs-891377135193",
            "id": "bos-alb-logs-891377135193",
            "policy": "{\"Statement\":[{\"Action\":\"s3:PutObject\",\"Effect\":\"Allow\",\"Principal\":{\"Service\":\"logdelivery.elasticloadbalancing.amazonaws.com\"},\"Resource\":\"arn:aws:s3:::bos-alb-logs-891377135193/alb-logs/AWSLogs/891377135193/*\",\"Sid\":\"ALBLogDelivery\"},{\"Action\":\"s3:GetBucketAcl\",\"Effect\":\"Allow\",\"Principal\":{\"Service\":\"delivery.logs.amazonaws.com\"},\"Resource\":\"arn:aws:s3:::bos-alb-logs-891377135193\",\"Sid\":\"ALBLogDeliveryAclCheck\"}],\"Version\":\"2012-10-17\"}",
            "region": "us-east-1"
          },
          "sensitive_attributes": [],
          "identity_schema_version": 0,
          "identity": {
            "account_id": "891377135193",
            "bucket": "bos-alb-logs-891377135193",
            "region": "us-east-1"
          },
          "private": "bnVsbA==",
          "dependencies": [
            "aws_s3_bucket.alb_logs"
          ]
        }
      ]
    },
    {
      "mode": "managed",
      "type": "aws_s3_bucket_public_access_block",
      "name": "alb_logs_block",
      "provider": "provider[\"registry.terraform.io/hashicorp/aws\"]",
      "instances": [
        {
          "schema_version": 0,
          "attributes": {
            "block_public_acls": true,
            "block_public_policy": true,
            "bucket": "bos-alb-logs-891377135193",
            "id": "bos-alb-logs-891377135193",
            "ignore_public_acls": true,
            "region": "us-east-1",
            "restrict_public_buckets": true,
            "skip_destroy": null
          },
          "sensitive_attributes": [],
          "identity_schema_version": 0,
          "identity": {
            "account_id": "891377135193",
            "bucket": "bos-alb-logs-891377135193",
            "region": "us-east-1"
          },
          "private": "bnVsbA==",
          "dependencies": [
            "aws_s3_bucket.alb_logs"
          ]
        }
      ]
    },
    {
      "mode": "managed",
      "type": "aws_s3_bucket_public_access_block",
      "name": "bos_ir_reports_pab01",
      "provider": "provider[\"registry.terraform.io/hashicorp/aws\"]",
      "instances": [
        {
          "schema_version": 0,
          "attributes": {
            "block_public_acls": true,
            "block_public_policy": true,
            "bucket": "bos-ir-reports-891377135193",
            "id": "bos-ir-reports-891377135193",
            "ignore_public_acls": true,
            "region": "us-east-1",
            "restrict_public_buckets": true,
            "skip_destroy": null
          },
          "sensitive_attributes": [],
          "identity_schema_version": 0,
          "identity": {
            "account_id": "891377135193",
            "bucket": "bos-ir-reports-891377135193",
            "region": "us-east-1"
          },
          "private": "bnVsbA==",
          "dependencies": [
            "aws_s3_bucket.bos_ir_reports_bucket01",
            "data.aws_caller_identity.bos_self01"
          ]
        }
      ]
    },
    {
      "mode": "managed",
      "type": "aws_s3_bucket_public_access_block",
      "name": "bos_waf_logs_pab01",
      "provider": "provider[\"registry.terraform.io/hashicorp/aws\"]",
      "instances": []
    },
    {
      "mode": "managed",
      "type": "aws_s3_bucket_server_side_encryption_configuration",
      "name": "alb_logs_sse",
      "provider": "provider[\"registry.terraform.io/hashicorp/aws\"]",
      "instances": [
        {
          "schema_version": 0,
          "attributes": {
            "bucket": "bos-alb-logs-891377135193",
            "expected_bucket_owner": "",
            "id": "bos-alb-logs-891377135193",
            "region": "us-east-1",
            "rule": [
              {
                "apply_server_side_encryption_by_default": [
                  {
                    "kms_master_key_id": "",
                    "sse_algorithm": "AES256"
                  }
                ],
                "blocked_encryption_types": [],
                "bucket_key_enabled": null
              }
            ]
          },
          "sensitive_attributes": [],
          "identity_schema_version": 0,
          "identity": {
            "account_id": "891377135193",
            "bucket": "bos-alb-logs-891377135193",
            "expected_bucket_owner": null,
            "region": "us-east-1"
          },
          "private": "bnVsbA==",
          "dependencies": [
            "aws_s3_bucket.alb_logs"
          ]
        }
      ]
    },
    {
      "mode": "managed",
      "type": "aws_secretsmanager_secret",
      "name": "bos_db_secret01",
      "provider": "provider[\"registry.terraform.io/hashicorp/aws\"]",
      "instances": [
        {
          "schema_version": 0,
          "attributes": {
            "arn": "arn:aws:secretsmanager:us-east-1:891377135193:secret:bos/rds/mysql-ZqW643",
            "description": "",
            "force_overwrite_replica_secret": false,
            "id": "arn:aws:secretsmanager:us-east-1:891377135193:secret:bos/rds/mysql-ZqW643",
            "kms_key_id": "",
            "name": "bos/rds/mysql",
            "name_prefix": "",
            "policy": "",
            "recovery_window_in_days": 0,
            "region": "us-east-1",
            "replica": [],
            "tags": {},
            "tags_all": {}
          },
          "sensitive_attributes": [],
          "identity_schema_version": 0,
          "identity": {
            "arn": "arn:aws:secretsmanager:us-east-1:891377135193:secret:bos/rds/mysql-ZqW643"
          },
          "private": "bnVsbA=="
        }
      ]
    },
    {
      "mode": "managed",
      "type": "aws_secretsmanager_secret_version",
      "name": "bos_db_secret_version01",
      "provider": "provider[\"registry.terraform.io/hashicorp/aws\"]",
      "instances": [
        {
          "schema_version": 0,
          "attributes": {
            "arn": "arn:aws:secretsmanager:us-east-1:891377135193:secret:bos/rds/mysql-ZqW643",
            "has_secret_string_wo": null,
            "id": "arn:aws:secretsmanager:us-east-1:891377135193:secret:bos/rds/mysql-ZqW643|terraform-20260115134336978800000011",
            "region": "us-east-1",
            "secret_binary": "",
            "secret_id": "arn:aws:secretsmanager:us-east-1:891377135193:secret:bos/rds/mysql-ZqW643",
            "secret_string": "{\"dbname\":\"labdb\",\"host\":\"bos-rds01.cs7ukegck7hg.us-east-1.rds.amazonaws.com\",\"password\":\"Broth3rH00d\",\"port\":3306,\"username\":\"admiral\"}",
            "secret_string_wo": null,
            "secret_string_wo_version": null,
            "version_id": "terraform-20260115134336978800000011",
            "version_stages": [
              "AWSCURRENT"
            ]
          },
          "sensitive_attributes": [
            [
              {
                "type": "get_attr",
                "value": "secret_binary"
              }
            ],
            [
              {
                "type": "get_attr",
                "value": "secret_string"
              }
            ],
            [
              {
                "type": "get_attr",
                "value": "secret_string_wo"
              }
            ]
          ],
          "identity_schema_version": 0,
          "identity": {
            "account_id": "891377135193",
            "region": "us-east-1",
            "secret_id": "arn:aws:secretsmanager:us-east-1:891377135193:secret:bos/rds/mysql-ZqW643",
            "version_id": "terraform-20260115134336978800000011"
          },
          "private": "bnVsbA==",
          "dependencies": [
            "aws_db_instance.bos_rds01",
            "aws_db_subnet_group.bos_rds_subnet_group01",
            "aws_secretsmanager_secret.bos_db_secret01",
            "aws_security_group.bos_rds_sg01",
            "aws_subnet.bos_private_subnets",
            "aws_vpc.bos_vpc01"
          ]
        }
      ]
    },
    {
      "mode": "managed",
      "type": "aws_security_group",
      "name": "bos_alb_sg01",
      "provider": "provider[\"registry.terraform.io/hashicorp/aws\"]",
      "instances": [
        {
          "schema_version": 1,
          "attributes": {
            "arn": "arn:aws:ec2:us-east-1:891377135193:security-group/sg-0a0b0db6a140e69fc",
            "description": "ALB security group",
            "egress": [
              {
                "cidr_blocks": [
                  "0.0.0.0/0"
                ],
                "description": "Allow all outbound traffic",
                "from_port": 0,
                "ipv6_cidr_blocks": [],
                "prefix_list_ids": [],
                "protocol": "-1",
                "security_groups": [],
                "self": false,
                "to_port": 0
              }
            ],
            "id": "sg-0a0b0db6a140e69fc",
            "ingress": [
              {
                "cidr_blocks": [
                  "0.0.0.0/0"
                ],
                "description": "",
                "from_port": 443,
                "ipv6_cidr_blocks": [],
                "prefix_list_ids": [],
                "protocol": "tcp",
                "security_groups": [],
                "self": false,
                "to_port": 443
              },
              {
                "cidr_blocks": [
                  "0.0.0.0/0"
                ],
                "description": "",
                "from_port": 80,
                "ipv6_cidr_blocks": [],
                "prefix_list_ids": [],
                "protocol": "tcp",
                "security_groups": [],
                "self": true,
                "to_port": 80
              }
            ],
            "name": "bos-alb-sg01",
            "name_prefix": "",
            "owner_id": "891377135193",
            "region": "us-east-1",
            "revoke_rules_on_delete": false,
            "tags": {
              "Name": "bos-alb-sg01"
            },
            "tags_all": {
              "Name": "bos-alb-sg01"
            },
            "timeouts": null,
            "vpc_id": "vpc-09b198be32272cd10"
          },
          "sensitive_attributes": [],
          "identity_schema_version": 0,
          "identity": {
            "account_id": "891377135193",
            "id": "sg-0a0b0db6a140e69fc",
            "region": "us-east-1"
          },
          "private": "eyJlMmJmYjczMC1lY2FhLTExZTYtOGY4OC0zNDM2M2JjN2M0YzAiOnsiY3JlYXRlIjo2MDAwMDAwMDAwMDAsImRlbGV0ZSI6OTAwMDAwMDAwMDAwfSwic2NoZW1hX3ZlcnNpb24iOiIxIn0=",
          "dependencies": [
            "aws_vpc.bos_vpc01"
          ]
        }
      ]
    },
    {
      "mode": "managed",
      "type": "aws_security_group",
      "name": "bos_ec2_sg01",
      "provider": "provider[\"registry.terraform.io/hashicorp/aws\"]",
      "instances": [
        {
          "schema_version": 1,
          "attributes": {
            "arn": "arn:aws:ec2:us-east-1:891377135193:security-group/sg-061584391e9315c07",
            "description": "EC2 app security group",
            "egress": [
              {
                "cidr_blocks": [
                  "0.0.0.0/0"
                ],
                "description": "",
                "from_port": 0,
                "ipv6_cidr_blocks": [],
                "prefix_list_ids": [],
                "protocol": "-1",
                "security_groups": [],
                "self": false,
                "to_port": 0
              }
            ],
            "id": "sg-061584391e9315c07",
            "ingress": [
              {
                "cidr_blocks": [
                  "0.0.0.0/0"
                ],
                "description": "",
                "from_port": 80,
                "ipv6_cidr_blocks": [],
                "prefix_list_ids": [],
                "protocol": "tcp",
                "security_groups": [],
                "self": false,
                "to_port": 80
              }
            ],
            "name": "bos-ec2-sg01",
            "name_prefix": "",
            "owner_id": "891377135193",
            "region": "us-east-1",
            "revoke_rules_on_delete": false,
            "tags": {
              "Name": "bos-ec2-sg01"
            },
            "tags_all": {
              "Name": "bos-ec2-sg01"
            },
            "timeouts": null,
            "vpc_id": "vpc-09b198be32272cd10"
          },
          "sensitive_attributes": [],
          "identity_schema_version": 0,
          "identity": {
            "account_id": "891377135193",
            "id": "sg-061584391e9315c07",
            "region": "us-east-1"
          },
          "private": "eyJlMmJmYjczMC1lY2FhLTExZTYtOGY4OC0zNDM2M2JjN2M0YzAiOnsiY3JlYXRlIjo2MDAwMDAwMDAwMDAsImRlbGV0ZSI6OTAwMDAwMDAwMDAwfSwic2NoZW1hX3ZlcnNpb24iOiIxIn0=",
          "dependencies": [
            "aws_vpc.bos_vpc01"
          ]
        }
      ]
    },
    {
      "mode": "managed",
      "type": "aws_security_group",
      "name": "bos_rds_sg01",
      "provider": "provider[\"registry.terraform.io/hashicorp/aws\"]",
      "instances": [
        {
          "schema_version": 1,
          "attributes": {
            "arn": "arn:aws:ec2:us-east-1:891377135193:security-group/sg-0f30a591645530f17",
            "description": "RDS security group",
            "egress": [
              {
                "cidr_blocks": [
                  "0.0.0.0/0"
                ],
                "description": "Allow all outbound traffic",
                "from_port": 0,
                "ipv6_cidr_blocks": [],
                "prefix_list_ids": [],
                "protocol": "-1",
                "security_groups": [],
                "self": false,
                "to_port": 0
              }
            ],
            "id": "sg-0f30a591645530f17",
            "ingress": [
              {
                "cidr_blocks": [],
                "description": "Allow MySQL access only from app tier EC2 instances",
                "from_port": 3306,
                "ipv6_cidr_blocks": [],
                "prefix_list_ids": [],
                "protocol": "tcp",
                "security_groups": [
                  "sg-061584391e9315c07"
                ],
                "self": false,
                "to_port": 3306
              }
            ],
            "name": "bos-rds-sg01",
            "name_prefix": "",
            "owner_id": "891377135193",
            "region": "us-east-1",
            "revoke_rules_on_delete": false,
            "tags": {
              "Name": "bos-rds-sg01"
            },
            "tags_all": {
              "Name": "bos-rds-sg01"
            },
            "timeouts": null,
            "vpc_id": "vpc-09b198be32272cd10"
          },
          "sensitive_attributes": [],
          "identity_schema_version": 0,
          "identity": {
            "account_id": "891377135193",
            "id": "sg-0f30a591645530f17",
            "region": "us-east-1"
          },
          "private": "eyJlMmJmYjczMC1lY2FhLTExZTYtOGY4OC0zNDM2M2JjN2M0YzAiOnsiY3JlYXRlIjo2MDAwMDAwMDAwMDAsImRlbGV0ZSI6OTAwMDAwMDAwMDAwfSwic2NoZW1hX3ZlcnNpb24iOiIxIn0=",
          "dependencies": [
            "aws_vpc.bos_vpc01"
          ]
        }
      ]
    },
    {
      "mode": "managed",
      "type": "aws_security_group",
      "name": "bos_vpce_sg01",
      "provider": "provider[\"registry.terraform.io/hashicorp/aws\"]",
      "instances": [
        {
          "schema_version": 1,
          "attributes": {
            "arn": "arn:aws:ec2:us-east-1:891377135193:security-group/sg-08027c61e9b09ea88",
            "description": "SG for VPC Interface Endpoints",
            "egress": [
              {
                "cidr_blocks": [
                  "0.0.0.0/0"
                ],
                "description": "Allow all outbound traffic",
                "from_port": 0,
                "ipv6_cidr_blocks": [],
                "prefix_list_ids": [],
                "protocol": "-1",
                "security_groups": [],
                "self": false,
                "to_port": 0
              }
            ],
            "id": "sg-08027c61e9b09ea88",
            "ingress": [
              {
                "cidr_blocks": [],
                "description": "Allow EC2 SG access only for 443",
                "from_port": 443,
                "ipv6_cidr_blocks": [],
                "prefix_list_ids": [],
                "protocol": "tcp",
                "security_groups": [
                  "sg-061584391e9315c07"
                ],
                "self": false,
                "to_port": 443
              }
            ],
            "name": "bos-vpce-sg01",
            "name_prefix": "",
            "owner_id": "891377135193",
            "region": "us-east-1",
            "revoke_rules_on_delete": false,
            "tags": {
              "Name": "bos-vpce-sg01"
            },
            "tags_all": {
              "Name": "bos-vpce-sg01"
            },
            "timeouts": null,
            "vpc_id": "vpc-09b198be32272cd10"
          },
          "sensitive_attributes": [],
          "identity_schema_version": 0,
          "identity": {
            "account_id": "891377135193",
            "id": "sg-08027c61e9b09ea88",
            "region": "us-east-1"
          },
          "private": "eyJlMmJmYjczMC1lY2FhLTExZTYtOGY4OC0zNDM2M2JjN2M0YzAiOnsiY3JlYXRlIjo2MDAwMDAwMDAwMDAsImRlbGV0ZSI6OTAwMDAwMDAwMDAwfSwic2NoZW1hX3ZlcnNpb24iOiIxIn0=",
          "dependencies": [
            "aws_vpc.bos_vpc01"
          ]
        }
      ]
    },
    {
      "mode": "managed",
      "type": "aws_security_group_rule",
      "name": "bos_ec2_ingress_from_alb01",
      "provider": "provider[\"registry.terraform.io/hashicorp/aws\"]",
      "instances": [
        {
          "schema_version": 2,
          "attributes": {
            "cidr_blocks": null,
            "description": null,
            "from_port": 80,
            "id": "sgrule-2634133585",
            "ipv6_cidr_blocks": null,
            "prefix_list_ids": null,
            "protocol": "tcp",
            "region": "us-east-1",
            "security_group_id": "sg-0a0b0db6a140e69fc",
            "security_group_rule_id": "sgr-0f90e384fe3f6f87b",
            "self": false,
            "source_security_group_id": "sg-0a0b0db6a140e69fc",
            "timeouts": null,
            "to_port": 80,
            "type": "ingress"
          },
          "sensitive_attributes": [],
          "identity_schema_version": 0,
          "private": "eyJlMmJmYjczMC1lY2FhLTExZTYtOGY4OC0zNDM2M2JjN2M0YzAiOnsiY3JlYXRlIjozMDAwMDAwMDAwMDB9LCJzY2hlbWFfdmVyc2lvbiI6IjIifQ==",
          "dependencies": [
            "aws_security_group.bos_alb_sg01",
            "aws_vpc.bos_vpc01"
          ]
        }
      ]
    },
    {
      "mode": "managed",
      "type": "aws_sns_topic",
      "name": "bos_sns_topic01",
      "provider": "provider[\"registry.terraform.io/hashicorp/aws\"]",
      "instances": [
        {
          "schema_version": 0,
          "attributes": {
            "application_failure_feedback_role_arn": "",
            "application_success_feedback_role_arn": "",
            "application_success_feedback_sample_rate": 0,
            "archive_policy": "",
            "arn": "arn:aws:sns:us-east-1:891377135193:bos-db-incidents",
            "beginning_archive_time": "",
            "content_based_deduplication": false,
            "delivery_policy": "",
            "display_name": "",
            "fifo_throughput_scope": "",
            "fifo_topic": false,
            "firehose_failure_feedback_role_arn": "",
            "firehose_success_feedback_role_arn": "",
            "firehose_success_feedback_sample_rate": 0,
            "http_failure_feedback_role_arn": "",
            "http_success_feedback_role_arn": "",
            "http_success_feedback_sample_rate": 0,
            "id": "arn:aws:sns:us-east-1:891377135193:bos-db-incidents",
            "kms_master_key_id": "",
            "lambda_failure_feedback_role_arn": "",
            "lambda_success_feedback_role_arn": "",
            "lambda_success_feedback_sample_rate": 0,
            "name": "bos-db-incidents",
            "name_prefix": "",
            "owner": "891377135193",
            "policy": "{\"Id\":\"__default_policy_ID\",\"Statement\":[{\"Action\":[\"SNS:GetTopicAttributes\",\"SNS:SetTopicAttributes\",\"SNS:AddPermission\",\"SNS:RemovePermission\",\"SNS:DeleteTopic\",\"SNS:Subscribe\",\"SNS:ListSubscriptionsByTopic\",\"SNS:Publish\"],\"Condition\":{\"StringEquals\":{\"AWS:SourceOwner\":\"891377135193\"}},\"Effect\":\"Allow\",\"Principal\":{\"AWS\":\"*\"},\"Resource\":\"arn:aws:sns:us-east-1:891377135193:bos-db-incidents\",\"Sid\":\"__default_statement_ID\"}],\"Version\":\"2008-10-17\"}",
            "region": "us-east-1",
            "signature_version": 0,
            "sqs_failure_feedback_role_arn": "",
            "sqs_success_feedback_role_arn": "",
            "sqs_success_feedback_sample_rate": 0,
            "tags": {},
            "tags_all": {},
            "tracing_config": ""
          },
          "sensitive_attributes": [],
          "identity_schema_version": 0,
          "identity": {
            "arn": "arn:aws:sns:us-east-1:891377135193:bos-db-incidents"
          },
          "private": "bnVsbA=="
        }
      ]
    },
    {
      "mode": "managed",
      "type": "aws_sns_topic_subscription",
      "name": "bos_ir_lambda_sub01",
      "provider": "provider[\"registry.terraform.io/hashicorp/aws\"]",
      "instances": [
        {
          "schema_version": 0,
          "attributes": {
            "arn": "arn:aws:sns:us-east-1:891377135193:bos-db-incidents:fb07dffa-e2ac-4b71-b333-fd60e1e194b5",
            "confirmation_timeout_in_minutes": 1,
            "confirmation_was_authenticated": true,
            "delivery_policy": "",
            "endpoint": "arn:aws:lambda:us-east-1:891377135193:function:bos-ir-reporter01",
            "endpoint_auto_confirms": false,
            "filter_policy": "",
            "filter_policy_scope": "",
            "id": "arn:aws:sns:us-east-1:891377135193:bos-db-incidents:fb07dffa-e2ac-4b71-b333-fd60e1e194b5",
            "owner_id": "891377135193",
            "pending_confirmation": false,
            "protocol": "lambda",
            "raw_message_delivery": false,
            "redrive_policy": "",
            "region": "us-east-1",
            "replay_policy": "",
            "subscription_role_arn": "",
            "topic_arn": "arn:aws:sns:us-east-1:891377135193:bos-db-incidents"
          },
          "sensitive_attributes": [],
          "identity_schema_version": 0,
          "identity": {
            "arn": "arn:aws:sns:us-east-1:891377135193:bos-db-incidents:fb07dffa-e2ac-4b71-b333-fd60e1e194b5"
          },
          "private": "bnVsbA==",
          "dependencies": [
            "aws_iam_role.bos_ir_lambda_role01",
            "aws_lambda_function.bos_ir_lambda01",
            "aws_s3_bucket.bos_ir_reports_bucket01",
            "aws_sns_topic.bos_sns_topic01",
            "data.aws_caller_identity.bos_self01"
          ]
        }
      ]
    },
    {
      "mode": "managed",
      "type": "aws_sns_topic_subscription",
      "name": "bos_sns_sub01",
      "provider": "provider[\"registry.terraform.io/hashicorp/aws\"]",
      "instances": [
        {
          "schema_version": 0,
          "attributes": {
            "arn": "arn:aws:sns:us-east-1:891377135193:bos-db-incidents:dba26210-18e9-4c52-9a75-170a7afd040a",
            "confirmation_timeout_in_minutes": 1,
            "confirmation_was_authenticated": false,
            "delivery_policy": "",
            "endpoint": "larrygharris76@gmail.com",
            "endpoint_auto_confirms": false,
            "filter_policy": "",
            "filter_policy_scope": "",
            "id": "arn:aws:sns:us-east-1:891377135193:bos-db-incidents:dba26210-18e9-4c52-9a75-170a7afd040a",
            "owner_id": "891377135193",
            "pending_confirmation": true,
            "protocol": "email",
            "raw_message_delivery": false,
            "redrive_policy": "",
            "region": "us-east-1",
            "replay_policy": "",
            "subscription_role_arn": "",
            "topic_arn": "arn:aws:sns:us-east-1:891377135193:bos-db-incidents"
          },
          "sensitive_attributes": [],
          "identity_schema_version": 0,
          "identity": {
            "arn": "arn:aws:sns:us-east-1:891377135193:bos-db-incidents:dba26210-18e9-4c52-9a75-170a7afd040a"
          },
          "private": "bnVsbA==",
          "dependencies": [
            "aws_sns_topic.bos_sns_topic01"
          ]
        }
      ]
    },
    {
      "mode": "managed",
      "type": "aws_ssm_parameter",
      "name": "bos_db_endpoint_param",
      "provider": "provider[\"registry.terraform.io/hashicorp/aws\"]",
      "instances": [
        {
          "schema_version": 0,
          "attributes": {
            "allowed_pattern": "",
            "arn": "arn:aws:ssm:us-east-1:891377135193:parameter/bos/db/endpoint",
            "data_type": "text",
            "description": "",
            "has_value_wo": false,
            "id": "/bos/db/endpoint",
            "insecure_value": null,
            "key_id": "",
            "name": "/bos/db/endpoint",
            "overwrite": null,
            "region": "us-east-1",
            "tags": {
              "Name": "bos-param-db-endpoint"
            },
            "tags_all": {
              "Name": "bos-param-db-endpoint"
            },
            "tier": "Standard",
            "type": "String",
            "value": "bos-rds01.cs7ukegck7hg.us-east-1.rds.amazonaws.com",
            "value_wo": null,
            "value_wo_version": null,
            "version": 1
          },
          "sensitive_attributes": [
            [
              {
                "type": "get_attr",
                "value": "value"
              }
            ],
            [
              {
                "type": "get_attr",
                "value": "value_wo"
              }
            ]
          ],
          "identity_schema_version": 0,
          "identity": {
            "account_id": "891377135193",
            "name": "/bos/db/endpoint",
            "region": "us-east-1"
          },
          "private": "bnVsbA==",
          "dependencies": [
            "aws_db_instance.bos_rds01",
            "aws_db_subnet_group.bos_rds_subnet_group01",
            "aws_security_group.bos_rds_sg01",
            "aws_subnet.bos_private_subnets",
            "aws_vpc.bos_vpc01"
          ]
        }
      ]
    },
    {
      "mode": "managed",
      "type": "aws_ssm_parameter",
      "name": "bos_db_name_param",
      "provider": "provider[\"registry.terraform.io/hashicorp/aws\"]",
      "instances": [
        {
          "schema_version": 0,
          "attributes": {
            "allowed_pattern": "",
            "arn": "arn:aws:ssm:us-east-1:891377135193:parameter/bos/db/name",
            "data_type": "text",
            "description": "",
            "has_value_wo": false,
            "id": "/bos/db/name",
            "insecure_value": null,
            "key_id": "",
            "name": "/bos/db/name",
            "overwrite": null,
            "region": "us-east-1",
            "tags": {
              "Name": "bos-param-db-name"
            },
            "tags_all": {
              "Name": "bos-param-db-name"
            },
            "tier": "Standard",
            "type": "String",
            "value": "labdb",
            "value_wo": null,
            "value_wo_version": null,
            "version": 1
          },
          "sensitive_attributes": [
            [
              {
                "type": "get_attr",
                "value": "value"
              }
            ],
            [
              {
                "type": "get_attr",
                "value": "value_wo"
              }
            ]
          ],
          "identity_schema_version": 0,
          "identity": {
            "account_id": "891377135193",
            "name": "/bos/db/name",
            "region": "us-east-1"
          },
          "private": "bnVsbA=="
        }
      ]
    },
    {
      "mode": "managed",
      "type": "aws_ssm_parameter",
      "name": "bos_db_port_param",
      "provider": "provider[\"registry.terraform.io/hashicorp/aws\"]",
      "instances": [
        {
          "schema_version": 0,
          "attributes": {
            "allowed_pattern": "",
            "arn": "arn:aws:ssm:us-east-1:891377135193:parameter/bos/db/port",
            "data_type": "text",
            "description": "",
            "has_value_wo": false,
            "id": "/bos/db/port",
            "insecure_value": null,
            "key_id": "",
            "name": "/bos/db/port",
            "overwrite": null,
            "region": "us-east-1",
            "tags": {
              "Name": "bos-param-db-port"
            },
            "tags_all": {
              "Name": "bos-param-db-port"
            },
            "tier": "Standard",
            "type": "String",
            "value": "3306",
            "value_wo": null,
            "value_wo_version": null,
            "version": 1
          },
          "sensitive_attributes": [
            [
              {
                "type": "get_attr",
                "value": "value"
              }
            ],
            [
              {
                "type": "get_attr",
                "value": "value_wo"
              }
            ]
          ],
          "identity_schema_version": 0,
          "identity": {
            "account_id": "891377135193",
            "name": "/bos/db/port",
            "region": "us-east-1"
          },
          "private": "bnVsbA==",
          "dependencies": [
            "aws_db_instance.bos_rds01",
            "aws_db_subnet_group.bos_rds_subnet_group01",
            "aws_security_group.bos_rds_sg01",
            "aws_subnet.bos_private_subnets",
            "aws_vpc.bos_vpc01"
          ]
        }
      ]
    },
    {
      "mode": "managed",
      "type": "aws_subnet",
      "name": "bos_private_subnets",
      "provider": "provider[\"registry.terraform.io/hashicorp/aws\"]",
      "instances": [
        {
          "index_key": 0,
          "schema_version": 1,
          "attributes": {
            "arn": "arn:aws:ec2:us-east-1:891377135193:subnet/subnet-0a994c748a10fa54b",
            "assign_ipv6_address_on_creation": false,
            "availability_zone": "us-east-1a",
            "availability_zone_id": "use1-az4",
            "cidr_block": "10.26.101.0/24",
            "customer_owned_ipv4_pool": "",
            "enable_dns64": false,
            "enable_lni_at_device_index": 0,
            "enable_resource_name_dns_a_record_on_launch": false,
            "enable_resource_name_dns_aaaa_record_on_launch": false,
            "id": "subnet-0a994c748a10fa54b",
            "ipv6_cidr_block": "",
            "ipv6_cidr_block_association_id": "",
            "ipv6_native": false,
            "map_customer_owned_ip_on_launch": false,
            "map_public_ip_on_launch": false,
            "outpost_arn": "",
            "owner_id": "891377135193",
            "private_dns_hostname_type_on_launch": "ip-name",
            "region": "us-east-1",
            "tags": {
              "Name": "bos-private-subnet01"
            },
            "tags_all": {
              "Name": "bos-private-subnet01"
            },
            "timeouts": null,
            "vpc_id": "vpc-09b198be32272cd10"
          },
          "sensitive_attributes": [],
          "identity_schema_version": 0,
          "identity": {
            "account_id": "891377135193",
            "id": "subnet-0a994c748a10fa54b",
            "region": "us-east-1"
          },
          "private": "eyJlMmJmYjczMC1lY2FhLTExZTYtOGY4OC0zNDM2M2JjN2M0YzAiOnsiY3JlYXRlIjo2MDAwMDAwMDAwMDAsImRlbGV0ZSI6MTIwMDAwMDAwMDAwMH0sInNjaGVtYV92ZXJzaW9uIjoiMSJ9",
          "dependencies": [
            "aws_vpc.bos_vpc01"
          ]
        },
        {
          "index_key": 1,
          "schema_version": 1,
          "attributes": {
            "arn": "arn:aws:ec2:us-east-1:891377135193:subnet/subnet-05897c23aabca60ff",
            "assign_ipv6_address_on_creation": false,
            "availability_zone": "us-east-1b",
            "availability_zone_id": "use1-az6",
            "cidr_block": "10.26.102.0/24",
            "customer_owned_ipv4_pool": "",
            "enable_dns64": false,
            "enable_lni_at_device_index": 0,
            "enable_resource_name_dns_a_record_on_launch": false,
            "enable_resource_name_dns_aaaa_record_on_launch": false,
            "id": "subnet-05897c23aabca60ff",
            "ipv6_cidr_block": "",
            "ipv6_cidr_block_association_id": "",
            "ipv6_native": false,
            "map_customer_owned_ip_on_launch": false,
            "map_public_ip_on_launch": false,
            "outpost_arn": "",
            "owner_id": "891377135193",
            "private_dns_hostname_type_on_launch": "ip-name",
            "region": "us-east-1",
            "tags": {
              "Name": "bos-private-subnet02"
            },
            "tags_all": {
              "Name": "bos-private-subnet02"
            },
            "timeouts": null,
            "vpc_id": "vpc-09b198be32272cd10"
          },
          "sensitive_attributes": [],
          "identity_schema_version": 0,
          "identity": {
            "account_id": "891377135193",
            "id": "subnet-05897c23aabca60ff",
            "region": "us-east-1"
          },
          "private": "eyJlMmJmYjczMC1lY2FhLTExZTYtOGY4OC0zNDM2M2JjN2M0YzAiOnsiY3JlYXRlIjo2MDAwMDAwMDAwMDAsImRlbGV0ZSI6MTIwMDAwMDAwMDAwMH0sInNjaGVtYV92ZXJzaW9uIjoiMSJ9",
          "dependencies": [
            "aws_vpc.bos_vpc01"
          ]
        }
      ]
    },
    {
      "mode": "managed",
      "type": "aws_subnet",
      "name": "bos_public_subnets",
      "provider": "provider[\"registry.terraform.io/hashicorp/aws\"]",
      "instances": [
        {
          "index_key": 0,
          "schema_version": 1,
          "attributes": {
            "arn": "arn:aws:ec2:us-east-1:891377135193:subnet/subnet-01a9e5dc97f04de96",
            "assign_ipv6_address_on_creation": false,
            "availability_zone": "us-east-1a",
            "availability_zone_id": "use1-az4",
            "cidr_block": "10.26.1.0/24",
            "customer_owned_ipv4_pool": "",
            "enable_dns64": false,
            "enable_lni_at_device_index": 0,
            "enable_resource_name_dns_a_record_on_launch": false,
            "enable_resource_name_dns_aaaa_record_on_launch": false,
            "id": "subnet-01a9e5dc97f04de96",
            "ipv6_cidr_block": "",
            "ipv6_cidr_block_association_id": "",
            "ipv6_native": false,
            "map_customer_owned_ip_on_launch": false,
            "map_public_ip_on_launch": true,
            "outpost_arn": "",
            "owner_id": "891377135193",
            "private_dns_hostname_type_on_launch": "ip-name",
            "region": "us-east-1",
            "tags": {
              "Name": "bos-public-subnet01"
            },
            "tags_all": {
              "Name": "bos-public-subnet01"
            },
            "timeouts": null,
            "vpc_id": "vpc-09b198be32272cd10"
          },
          "sensitive_attributes": [],
          "identity_schema_version": 0,
          "identity": {
            "account_id": "891377135193",
            "id": "subnet-01a9e5dc97f04de96",
            "region": "us-east-1"
          },
          "private": "eyJlMmJmYjczMC1lY2FhLTExZTYtOGY4OC0zNDM2M2JjN2M0YzAiOnsiY3JlYXRlIjo2MDAwMDAwMDAwMDAsImRlbGV0ZSI6MTIwMDAwMDAwMDAwMH0sInNjaGVtYV92ZXJzaW9uIjoiMSJ9",
          "dependencies": [
            "aws_vpc.bos_vpc01"
          ]
        },
        {
          "index_key": 1,
          "schema_version": 1,
          "attributes": {
            "arn": "arn:aws:ec2:us-east-1:891377135193:subnet/subnet-08efcd432b8e9ea32",
            "assign_ipv6_address_on_creation": false,
            "availability_zone": "us-east-1b",
            "availability_zone_id": "use1-az6",
            "cidr_block": "10.26.2.0/24",
            "customer_owned_ipv4_pool": "",
            "enable_dns64": false,
            "enable_lni_at_device_index": 0,
            "enable_resource_name_dns_a_record_on_launch": false,
            "enable_resource_name_dns_aaaa_record_on_launch": false,
            "id": "subnet-08efcd432b8e9ea32",
            "ipv6_cidr_block": "",
            "ipv6_cidr_block_association_id": "",
            "ipv6_native": false,
            "map_customer_owned_ip_on_launch": false,
            "map_public_ip_on_launch": true,
            "outpost_arn": "",
            "owner_id": "891377135193",
            "private_dns_hostname_type_on_launch": "ip-name",
            "region": "us-east-1",
            "tags": {
              "Name": "bos-public-subnet02"
            },
            "tags_all": {
              "Name": "bos-public-subnet02"
            },
            "timeouts": null,
            "vpc_id": "vpc-09b198be32272cd10"
          },
          "sensitive_attributes": [],
          "identity_schema_version": 0,
          "identity": {
            "account_id": "891377135193",
            "id": "subnet-08efcd432b8e9ea32",
            "region": "us-east-1"
          },
          "private": "eyJlMmJmYjczMC1lY2FhLTExZTYtOGY4OC0zNDM2M2JjN2M0YzAiOnsiY3JlYXRlIjo2MDAwMDAwMDAwMDAsImRlbGV0ZSI6MTIwMDAwMDAwMDAwMH0sInNjaGVtYV92ZXJzaW9uIjoiMSJ9",
          "dependencies": [
            "aws_vpc.bos_vpc01"
          ]
        }
      ]
    },
    {
      "mode": "managed",
      "type": "aws_vpc",
      "name": "bos_vpc01",
      "provider": "provider[\"registry.terraform.io/hashicorp/aws\"]",
      "instances": [
        {
          "schema_version": 1,
          "attributes": {
            "arn": "arn:aws:ec2:us-east-1:891377135193:vpc/vpc-09b198be32272cd10",
            "assign_generated_ipv6_cidr_block": false,
            "cidr_block": "10.26.0.0/16",
            "default_network_acl_id": "acl-00d0096360f6f0bc9",
            "default_route_table_id": "rtb-066acb4455869fb9a",
            "default_security_group_id": "sg-05c3687cd93d5e080",
            "dhcp_options_id": "dopt-01a7c7fae7f55da14",
            "enable_dns_hostnames": true,
            "enable_dns_support": true,
            "enable_network_address_usage_metrics": false,
            "id": "vpc-09b198be32272cd10",
            "instance_tenancy": "default",
            "ipv4_ipam_pool_id": null,
            "ipv4_netmask_length": null,
            "ipv6_association_id": "",
            "ipv6_cidr_block": "",
            "ipv6_cidr_block_network_border_group": "",
            "ipv6_ipam_pool_id": "",
            "ipv6_netmask_length": 0,
            "main_route_table_id": "rtb-066acb4455869fb9a",
            "owner_id": "891377135193",
            "region": "us-east-1",
            "tags": {
              "Name": "bos-vpc01"
            },
            "tags_all": {
              "Name": "bos-vpc01"
            }
          },
          "sensitive_attributes": [],
          "identity_schema_version": 0,
          "identity": {
            "account_id": "891377135193",
            "id": "vpc-09b198be32272cd10",
            "region": "us-east-1"
          },
          "private": "eyJzY2hlbWFfdmVyc2lvbiI6IjEifQ=="
        }
      ]
    },
    {
      "mode": "managed",
      "type": "aws_vpc_endpoint",
      "name": "bos_vpce_ec2messages01",
      "provider": "provider[\"registry.terraform.io/hashicorp/aws\"]",
      "instances": [
        {
          "schema_version": 0,
          "attributes": {
            "arn": "arn:aws:ec2:us-east-1:891377135193:vpc-endpoint/vpce-08daa085dc4c5c8b0",
            "auto_accept": null,
            "cidr_blocks": [],
            "dns_entry": [
              {
                "dns_name": "vpce-08daa085dc4c5c8b0-w5s0b20y.ec2messages.us-east-1.vpce.amazonaws.com",
                "hosted_zone_id": "Z7HUB22UULQXV"
              },
              {
                "dns_name": "vpce-08daa085dc4c5c8b0-w5s0b20y-us-east-1b.ec2messages.us-east-1.vpce.amazonaws.com",
                "hosted_zone_id": "Z7HUB22UULQXV"
              },
              {
                "dns_name": "vpce-08daa085dc4c5c8b0-w5s0b20y-us-east-1a.ec2messages.us-east-1.vpce.amazonaws.com",
                "hosted_zone_id": "Z7HUB22UULQXV"
              },
              {
                "dns_name": "ec2messages.us-east-1.amazonaws.com",
                "hosted_zone_id": "Z0804253GU9AI4HREFHM"
              }
            ],
            "dns_options": [
              {
                "dns_record_ip_type": "ipv4",
                "private_dns_only_for_inbound_resolver_endpoint": false,
                "private_dns_preference": "",
                "private_dns_specified_domains": []
              }
            ],
            "id": "vpce-08daa085dc4c5c8b0",
            "ip_address_type": "ipv4",
            "network_interface_ids": [
              "eni-0228d0bb713d91f61",
              "eni-05ae74797b7428bfe"
            ],
            "owner_id": "891377135193",
            "policy": "{\"Statement\":[{\"Action\":\"*\",\"Effect\":\"Allow\",\"Principal\":\"*\",\"Resource\":\"*\"}]}",
            "prefix_list_id": null,
            "private_dns_enabled": true,
            "region": "us-east-1",
            "requester_managed": false,
            "resource_configuration_arn": "",
            "route_table_ids": [],
            "security_group_ids": [
              "sg-08027c61e9b09ea88"
            ],
            "service_name": "com.amazonaws.us-east-1.ec2messages",
            "service_network_arn": "",
            "service_region": "us-east-1",
            "state": "available",
            "subnet_configuration": [
              {
                "ipv4": "10.26.101.21",
                "ipv6": "",
                "subnet_id": "subnet-0a994c748a10fa54b"
              },
              {
                "ipv4": "10.26.102.238",
                "ipv6": "",
                "subnet_id": "subnet-05897c23aabca60ff"
              }
            ],
            "subnet_ids": [
              "subnet-05897c23aabca60ff",
              "subnet-0a994c748a10fa54b"
            ],
            "tags": {
              "Name": "bos-vpce-ec2messages01"
            },
            "tags_all": {
              "Name": "bos-vpce-ec2messages01"
            },
            "timeouts": null,
            "vpc_endpoint_type": "Interface",
            "vpc_id": "vpc-09b198be32272cd10"
          },
          "sensitive_attributes": [],
          "identity_schema_version": 0,
          "identity": {
            "account_id": "891377135193",
            "id": "vpce-08daa085dc4c5c8b0",
            "region": "us-east-1"
          },
          "private": "eyJlMmJmYjczMC1lY2FhLTExZTYtOGY4OC0zNDM2M2JjN2M0YzAiOnsiY3JlYXRlIjo2MDAwMDAwMDAwMDAsImRlbGV0ZSI6NjAwMDAwMDAwMDAwLCJ1cGRhdGUiOjYwMDAwMDAwMDAwMH19",
          "dependencies": [
            "aws_security_group.bos_vpce_sg01",
            "aws_subnet.bos_private_subnets",
            "aws_vpc.bos_vpc01",
            "data.aws_region.bos_region01"
          ]
        }
      ]
    },
    {
      "mode": "managed",
      "type": "aws_vpc_endpoint",
      "name": "bos_vpce_kms01",
      "provider": "provider[\"registry.terraform.io/hashicorp/aws\"]",
      "instances": [
        {
          "schema_version": 0,
          "attributes": {
            "arn": "arn:aws:ec2:us-east-1:891377135193:vpc-endpoint/vpce-0fec463739f82edcc",
            "auto_accept": null,
            "cidr_blocks": [],
            "dns_entry": [
              {
                "dns_name": "vpce-0fec463739f82edcc-ro86sysp.kms.us-east-1.vpce.amazonaws.com",
                "hosted_zone_id": "Z7HUB22UULQXV"
              },
              {
                "dns_name": "vpce-0fec463739f82edcc-ro86sysp-us-east-1a.kms.us-east-1.vpce.amazonaws.com",
                "hosted_zone_id": "Z7HUB22UULQXV"
              },
              {
                "dns_name": "vpce-0fec463739f82edcc-ro86sysp-us-east-1b.kms.us-east-1.vpce.amazonaws.com",
                "hosted_zone_id": "Z7HUB22UULQXV"
              },
              {
                "dns_name": "kms.us-east-1.amazonaws.com",
                "hosted_zone_id": "Z098905022D3AGC2GKKWU"
              },
              {
                "dns_name": "kms.us-east-1.api.aws",
                "hosted_zone_id": "Z09890452WG9YWT0QJAQY"
              }
            ],
            "dns_options": [
              {
                "dns_record_ip_type": "ipv4",
                "private_dns_only_for_inbound_resolver_endpoint": false,
                "private_dns_preference": "",
                "private_dns_specified_domains": []
              }
            ],
            "id": "vpce-0fec463739f82edcc",
            "ip_address_type": "ipv4",
            "network_interface_ids": [
              "eni-0160039c769499bf7",
              "eni-0886f22c4146c412a"
            ],
            "owner_id": "891377135193",
            "policy": "{\"Statement\":[{\"Action\":\"*\",\"Effect\":\"Allow\",\"Principal\":\"*\",\"Resource\":\"*\"}]}",
            "prefix_list_id": null,
            "private_dns_enabled": true,
            "region": "us-east-1",
            "requester_managed": false,
            "resource_configuration_arn": "",
            "route_table_ids": [],
            "security_group_ids": [
              "sg-08027c61e9b09ea88"
            ],
            "service_name": "com.amazonaws.us-east-1.kms",
            "service_network_arn": "",
            "service_region": "us-east-1",
            "state": "available",
            "subnet_configuration": [
              {
                "ipv4": "10.26.101.51",
                "ipv6": "",
                "subnet_id": "subnet-0a994c748a10fa54b"
              },
              {
                "ipv4": "10.26.102.167",
                "ipv6": "",
                "subnet_id": "subnet-05897c23aabca60ff"
              }
            ],
            "subnet_ids": [
              "subnet-05897c23aabca60ff",
              "subnet-0a994c748a10fa54b"
            ],
            "tags": {
              "Name": "bos-vpce-kms01"
            },
            "tags_all": {
              "Name": "bos-vpce-kms01"
            },
            "timeouts": null,
            "vpc_endpoint_type": "Interface",
            "vpc_id": "vpc-09b198be32272cd10"
          },
          "sensitive_attributes": [],
          "identity_schema_version": 0,
          "identity": {
            "account_id": "891377135193",
            "id": "vpce-0fec463739f82edcc",
            "region": "us-east-1"
          },
          "private": "eyJlMmJmYjczMC1lY2FhLTExZTYtOGY4OC0zNDM2M2JjN2M0YzAiOnsiY3JlYXRlIjo2MDAwMDAwMDAwMDAsImRlbGV0ZSI6NjAwMDAwMDAwMDAwLCJ1cGRhdGUiOjYwMDAwMDAwMDAwMH19",
          "dependencies": [
            "aws_security_group.bos_vpce_sg01",
            "aws_subnet.bos_private_subnets",
            "aws_vpc.bos_vpc01",
            "data.aws_region.bos_region01"
          ]
        }
      ]
    },
    {
      "mode": "managed",
      "type": "aws_vpc_endpoint",
      "name": "bos_vpce_logs01",
      "provider": "provider[\"registry.terraform.io/hashicorp/aws\"]",
      "instances": [
        {
          "schema_version": 0,
          "attributes": {
            "arn": "arn:aws:ec2:us-east-1:891377135193:vpc-endpoint/vpce-0b6dfab2dd789db62",
            "auto_accept": null,
            "cidr_blocks": [],
            "dns_entry": [
              {
                "dns_name": "vpce-0b6dfab2dd789db62-hdfvm7b0.logs.us-east-1.vpce.amazonaws.com",
                "hosted_zone_id": "Z7HUB22UULQXV"
              },
              {
                "dns_name": "vpce-0b6dfab2dd789db62-hdfvm7b0-us-east-1a.logs.us-east-1.vpce.amazonaws.com",
                "hosted_zone_id": "Z7HUB22UULQXV"
              },
              {
                "dns_name": "vpce-0b6dfab2dd789db62-hdfvm7b0-us-east-1b.logs.us-east-1.vpce.amazonaws.com",
                "hosted_zone_id": "Z7HUB22UULQXV"
              },
              {
                "dns_name": "logs.us-east-1.amazonaws.com",
                "hosted_zone_id": "Z03860912REHGO70DPMMF"
              },
              {
                "dns_name": "streaming-logs.us-east-1.amazonaws.com",
                "hosted_zone_id": "Z02172092JJBF3Q7YNUXS"
              },
              {
                "dns_name": "streaming-logs.us-east-1.api.aws",
                "hosted_zone_id": "Z08047382Y7NYQHDRV9YQ"
              },
              {
                "dns_name": "logs.us-east-1.api.aws",
                "hosted_zone_id": "Z101163630DZO44C4F9LG"
              }
            ],
            "dns_options": [
              {
                "dns_record_ip_type": "ipv4",
                "private_dns_only_for_inbound_resolver_endpoint": false,
                "private_dns_preference": "",
                "private_dns_specified_domains": []
              }
            ],
            "id": "vpce-0b6dfab2dd789db62",
            "ip_address_type": "ipv4",
            "network_interface_ids": [
              "eni-0d1ba1bb2a53767fc",
              "eni-0d55f38122e78c12a"
            ],
            "owner_id": "891377135193",
            "policy": "{\"Statement\":[{\"Action\":\"*\",\"Effect\":\"Allow\",\"Principal\":\"*\",\"Resource\":\"*\"}]}",
            "prefix_list_id": null,
            "private_dns_enabled": true,
            "region": "us-east-1",
            "requester_managed": false,
            "resource_configuration_arn": "",
            "route_table_ids": [],
            "security_group_ids": [
              "sg-08027c61e9b09ea88"
            ],
            "service_name": "com.amazonaws.us-east-1.logs",
            "service_network_arn": "",
            "service_region": "us-east-1",
            "state": "available",
            "subnet_configuration": [
              {
                "ipv4": "10.26.101.117",
                "ipv6": "",
                "subnet_id": "subnet-0a994c748a10fa54b"
              },
              {
                "ipv4": "10.26.102.196",
                "ipv6": "",
                "subnet_id": "subnet-05897c23aabca60ff"
              }
            ],
            "subnet_ids": [
              "subnet-05897c23aabca60ff",
              "subnet-0a994c748a10fa54b"
            ],
            "tags": {
              "Name": "bos-vpce-logs01"
            },
            "tags_all": {
              "Name": "bos-vpce-logs01"
            },
            "timeouts": null,
            "vpc_endpoint_type": "Interface",
            "vpc_id": "vpc-09b198be32272cd10"
          },
          "sensitive_attributes": [],
          "identity_schema_version": 0,
          "identity": {
            "account_id": "891377135193",
            "id": "vpce-0b6dfab2dd789db62",
            "region": "us-east-1"
          },
          "private": "eyJlMmJmYjczMC1lY2FhLTExZTYtOGY4OC0zNDM2M2JjN2M0YzAiOnsiY3JlYXRlIjo2MDAwMDAwMDAwMDAsImRlbGV0ZSI6NjAwMDAwMDAwMDAwLCJ1cGRhdGUiOjYwMDAwMDAwMDAwMH19",
          "dependencies": [
            "aws_security_group.bos_vpce_sg01",
            "aws_subnet.bos_private_subnets",
            "aws_vpc.bos_vpc01",
            "data.aws_region.bos_region01"
          ]
        }
      ]
    },
    {
      "mode": "managed",
      "type": "aws_vpc_endpoint",
      "name": "bos_vpce_s3_gw01",
      "provider": "provider[\"registry.terraform.io/hashicorp/aws\"]",
      "instances": [
        {
          "schema_version": 0,
          "attributes": {
            "arn": "arn:aws:ec2:us-east-1:891377135193:vpc-endpoint/vpce-05f9f606935efb3ce",
            "auto_accept": null,
            "cidr_blocks": [
              "16.15.176.0/20",
              "16.182.0.0/16",
              "18.34.0.0/19",
              "52.216.0.0/15",
              "54.231.0.0/16",
              "3.5.0.0/19",
              "18.34.232.0/21",
              "16.15.192.0/18"
            ],
            "dns_entry": [],
            "dns_options": [
              {
                "dns_record_ip_type": "service-defined",
                "private_dns_only_for_inbound_resolver_endpoint": false,
                "private_dns_preference": "",
                "private_dns_specified_domains": []
              }
            ],
            "id": "vpce-05f9f606935efb3ce",
            "ip_address_type": "ipv4",
            "network_interface_ids": [],
            "owner_id": "891377135193",
            "policy": "{\"Statement\":[{\"Action\":\"*\",\"Effect\":\"Allow\",\"Principal\":\"*\",\"Resource\":\"*\"}],\"Version\":\"2008-10-17\"}",
            "prefix_list_id": "pl-63a5400a",
            "private_dns_enabled": false,
            "region": "us-east-1",
            "requester_managed": false,
            "resource_configuration_arn": "",
            "route_table_ids": [
              "rtb-0517201f5f909fec8"
            ],
            "security_group_ids": [],
            "service_name": "com.amazonaws.us-east-1.s3",
            "service_network_arn": "",
            "service_region": "us-east-1",
            "state": "available",
            "subnet_configuration": [],
            "subnet_ids": [],
            "tags": {
              "Name": "bos-vpce-s3-gw01"
            },
            "tags_all": {
              "Name": "bos-vpce-s3-gw01"
            },
            "timeouts": null,
            "vpc_endpoint_type": "Gateway",
            "vpc_id": "vpc-09b198be32272cd10"
          },
          "sensitive_attributes": [],
          "identity_schema_version": 0,
          "identity": {
            "account_id": "891377135193",
            "id": "vpce-05f9f606935efb3ce",
            "region": "us-east-1"
          },
          "private": "eyJlMmJmYjczMC1lY2FhLTExZTYtOGY4OC0zNDM2M2JjN2M0YzAiOnsiY3JlYXRlIjo2MDAwMDAwMDAwMDAsImRlbGV0ZSI6NjAwMDAwMDAwMDAwLCJ1cGRhdGUiOjYwMDAwMDAwMDAwMH19",
          "dependencies": [
            "aws_route_table.bos_private_rt01",
            "aws_vpc.bos_vpc01",
            "data.aws_region.bos_region01"
          ]
        }
      ]
    },
    {
      "mode": "managed",
      "type": "aws_vpc_endpoint",
      "name": "bos_vpce_secrets01",
      "provider": "provider[\"registry.terraform.io/hashicorp/aws\"]",
      "instances": [
        {
          "schema_version": 0,
          "attributes": {
            "arn": "arn:aws:ec2:us-east-1:891377135193:vpc-endpoint/vpce-099142db527f37d88",
            "auto_accept": null,
            "cidr_blocks": [],
            "dns_entry": [
              {
                "dns_name": "vpce-099142db527f37d88-zdai4zuv.secretsmanager.us-east-1.vpce.amazonaws.com",
                "hosted_zone_id": "Z7HUB22UULQXV"
              },
              {
                "dns_name": "vpce-099142db527f37d88-zdai4zuv-us-east-1b.secretsmanager.us-east-1.vpce.amazonaws.com",
                "hosted_zone_id": "Z7HUB22UULQXV"
              },
              {
                "dns_name": "vpce-099142db527f37d88-zdai4zuv-us-east-1a.secretsmanager.us-east-1.vpce.amazonaws.com",
                "hosted_zone_id": "Z7HUB22UULQXV"
              },
              {
                "dns_name": "secretsmanager.us-east-1.amazonaws.com",
                "hosted_zone_id": "Z02203891W0H2N4WGUPK1"
              }
            ],
            "dns_options": [
              {
                "dns_record_ip_type": "ipv4",
                "private_dns_only_for_inbound_resolver_endpoint": false,
                "private_dns_preference": "",
                "private_dns_specified_domains": []
              }
            ],
            "id": "vpce-099142db527f37d88",
            "ip_address_type": "ipv4",
            "network_interface_ids": [
              "eni-03a91a0a629c39686",
              "eni-0dcccf0d2248259bc"
            ],
            "owner_id": "891377135193",
            "policy": "{\"Statement\":[{\"Action\":\"*\",\"Effect\":\"Allow\",\"Principal\":\"*\",\"Resource\":\"*\"}]}",
            "prefix_list_id": null,
            "private_dns_enabled": true,
            "region": "us-east-1",
            "requester_managed": false,
            "resource_configuration_arn": "",
            "route_table_ids": [],
            "security_group_ids": [
              "sg-08027c61e9b09ea88"
            ],
            "service_name": "com.amazonaws.us-east-1.secretsmanager",
            "service_network_arn": "",
            "service_region": "us-east-1",
            "state": "available",
            "subnet_configuration": [
              {
                "ipv4": "10.26.101.221",
                "ipv6": "",
                "subnet_id": "subnet-0a994c748a10fa54b"
              },
              {
                "ipv4": "10.26.102.190",
                "ipv6": "",
                "subnet_id": "subnet-05897c23aabca60ff"
              }
            ],
            "subnet_ids": [
              "subnet-05897c23aabca60ff",
              "subnet-0a994c748a10fa54b"
            ],
            "tags": {
              "Name": "bos-vpce-secrets01"
            },
            "tags_all": {
              "Name": "bos-vpce-secrets01"
            },
            "timeouts": null,
            "vpc_endpoint_type": "Interface",
            "vpc_id": "vpc-09b198be32272cd10"
          },
          "sensitive_attributes": [],
          "identity_schema_version": 0,
          "identity": {
            "account_id": "891377135193",
            "id": "vpce-099142db527f37d88",
            "region": "us-east-1"
          },
          "private": "eyJlMmJmYjczMC1lY2FhLTExZTYtOGY4OC0zNDM2M2JjN2M0YzAiOnsiY3JlYXRlIjo2MDAwMDAwMDAwMDAsImRlbGV0ZSI6NjAwMDAwMDAwMDAwLCJ1cGRhdGUiOjYwMDAwMDAwMDAwMH19",
          "dependencies": [
            "aws_security_group.bos_vpce_sg01",
            "aws_subnet.bos_private_subnets",
            "aws_vpc.bos_vpc01",
            "data.aws_region.bos_region01"
          ]
        }
      ]
    },
    {
      "mode": "managed",
      "type": "aws_vpc_endpoint",
      "name": "bos_vpce_ssm01",
      "provider": "provider[\"registry.terraform.io/hashicorp/aws\"]",
      "instances": [
        {
          "schema_version": 0,
          "attributes": {
            "arn": "arn:aws:ec2:us-east-1:891377135193:vpc-endpoint/vpce-00a6396e4fe30db48",
            "auto_accept": null,
            "cidr_blocks": [],
            "dns_entry": [
              {
                "dns_name": "vpce-00a6396e4fe30db48-ck1tkbir.ssm.us-east-1.vpce.amazonaws.com",
                "hosted_zone_id": "Z7HUB22UULQXV"
              },
              {
                "dns_name": "vpce-00a6396e4fe30db48-ck1tkbir-us-east-1a.ssm.us-east-1.vpce.amazonaws.com",
                "hosted_zone_id": "Z7HUB22UULQXV"
              },
              {
                "dns_name": "vpce-00a6396e4fe30db48-ck1tkbir-us-east-1b.ssm.us-east-1.vpce.amazonaws.com",
                "hosted_zone_id": "Z7HUB22UULQXV"
              },
              {
                "dns_name": "ssm.us-east-1.amazonaws.com",
                "hosted_zone_id": "Z038526535L1L1LJ2YRPF"
              },
              {
                "dns_name": "ssm.us-east-1.api.aws",
                "hosted_zone_id": "Z09875731LISPY1M3K4YP"
              }
            ],
            "dns_options": [
              {
                "dns_record_ip_type": "ipv4",
                "private_dns_only_for_inbound_resolver_endpoint": false,
                "private_dns_preference": "",
                "private_dns_specified_domains": []
              }
            ],
            "id": "vpce-00a6396e4fe30db48",
            "ip_address_type": "ipv4",
            "network_interface_ids": [
              "eni-0114413af5fcfce05",
              "eni-078896ea74899f85a"
            ],
            "owner_id": "891377135193",
            "policy": "{\"Statement\":[{\"Action\":\"*\",\"Effect\":\"Allow\",\"Principal\":\"*\",\"Resource\":\"*\"}]}",
            "prefix_list_id": null,
            "private_dns_enabled": true,
            "region": "us-east-1",
            "requester_managed": false,
            "resource_configuration_arn": "",
            "route_table_ids": [],
            "security_group_ids": [
              "sg-08027c61e9b09ea88"
            ],
            "service_name": "com.amazonaws.us-east-1.ssm",
            "service_network_arn": "",
            "service_region": "us-east-1",
            "state": "available",
            "subnet_configuration": [
              {
                "ipv4": "10.26.101.181",
                "ipv6": "",
                "subnet_id": "subnet-0a994c748a10fa54b"
              },
              {
                "ipv4": "10.26.102.203",
                "ipv6": "",
                "subnet_id": "subnet-05897c23aabca60ff"
              }
            ],
            "subnet_ids": [
              "subnet-05897c23aabca60ff",
              "subnet-0a994c748a10fa54b"
            ],
            "tags": {
              "Name": "bos-vpce-ssm01"
            },
            "tags_all": {
              "Name": "bos-vpce-ssm01"
            },
            "timeouts": null,
            "vpc_endpoint_type": "Interface",
            "vpc_id": "vpc-09b198be32272cd10"
          },
          "sensitive_attributes": [],
          "identity_schema_version": 0,
          "identity": {
            "account_id": "891377135193",
            "id": "vpce-00a6396e4fe30db48",
            "region": "us-east-1"
          },
          "private": "eyJlMmJmYjczMC1lY2FhLTExZTYtOGY4OC0zNDM2M2JjN2M0YzAiOnsiY3JlYXRlIjo2MDAwMDAwMDAwMDAsImRlbGV0ZSI6NjAwMDAwMDAwMDAwLCJ1cGRhdGUiOjYwMDAwMDAwMDAwMH19",
          "dependencies": [
            "aws_security_group.bos_vpce_sg01",
            "aws_subnet.bos_private_subnets",
            "aws_vpc.bos_vpc01",
            "data.aws_region.bos_region01"
          ]
        }
      ]
    },
    {
      "mode": "managed",
      "type": "aws_vpc_endpoint",
      "name": "bos_vpce_ssmmessages01",
      "provider": "provider[\"registry.terraform.io/hashicorp/aws\"]",
      "instances": [
        {
          "schema_version": 0,
          "attributes": {
            "arn": "arn:aws:ec2:us-east-1:891377135193:vpc-endpoint/vpce-0e4cecaacab6077dc",
            "auto_accept": null,
            "cidr_blocks": [],
            "dns_entry": [
              {
                "dns_name": "vpce-0e4cecaacab6077dc-1jsc3ycc.ssmmessages.us-east-1.vpce.amazonaws.com",
                "hosted_zone_id": "Z7HUB22UULQXV"
              },
              {
                "dns_name": "vpce-0e4cecaacab6077dc-1jsc3ycc-us-east-1b.ssmmessages.us-east-1.vpce.amazonaws.com",
                "hosted_zone_id": "Z7HUB22UULQXV"
              },
              {
                "dns_name": "vpce-0e4cecaacab6077dc-1jsc3ycc-us-east-1a.ssmmessages.us-east-1.vpce.amazonaws.com",
                "hosted_zone_id": "Z7HUB22UULQXV"
              },
              {
                "dns_name": "ssmmessages.us-east-1.amazonaws.com",
                "hosted_zone_id": "Z02405522C6R44HTHFILH"
              },
              {
                "dns_name": "ssmmessages.us-east-1.api.aws",
                "hosted_zone_id": "Z0988158RMUL5BMCGEZ1"
              }
            ],
            "dns_options": [
              {
                "dns_record_ip_type": "ipv4",
                "private_dns_only_for_inbound_resolver_endpoint": false,
                "private_dns_preference": "",
                "private_dns_specified_domains": []
              }
            ],
            "id": "vpce-0e4cecaacab6077dc",
            "ip_address_type": "ipv4",
            "network_interface_ids": [
              "eni-028a8d077a7c1f4f4",
              "eni-0c1b1df0ada683117"
            ],
            "owner_id": "891377135193",
            "policy": "{\"Statement\":[{\"Action\":\"*\",\"Effect\":\"Allow\",\"Principal\":\"*\",\"Resource\":\"*\"}]}",
            "prefix_list_id": null,
            "private_dns_enabled": true,
            "region": "us-east-1",
            "requester_managed": false,
            "resource_configuration_arn": "",
            "route_table_ids": [],
            "security_group_ids": [
              "sg-08027c61e9b09ea88"
            ],
            "service_name": "com.amazonaws.us-east-1.ssmmessages",
            "service_network_arn": "",
            "service_region": "us-east-1",
            "state": "available",
            "subnet_configuration": [
              {
                "ipv4": "10.26.101.88",
                "ipv6": "",
                "subnet_id": "subnet-0a994c748a10fa54b"
              },
              {
                "ipv4": "10.26.102.187",
                "ipv6": "",
                "subnet_id": "subnet-05897c23aabca60ff"
              }
            ],
            "subnet_ids": [
              "subnet-05897c23aabca60ff",
              "subnet-0a994c748a10fa54b"
            ],
            "tags": {
              "Name": "bos-vpce-ssmmessages01"
            },
            "tags_all": {
              "Name": "bos-vpce-ssmmessages01"
            },
            "timeouts": null,
            "vpc_endpoint_type": "Interface",
            "vpc_id": "vpc-09b198be32272cd10"
          },
          "sensitive_attributes": [],
          "identity_schema_version": 0,
          "identity": {
            "account_id": "891377135193",
            "id": "vpce-0e4cecaacab6077dc",
            "region": "us-east-1"
          },
          "private": "eyJlMmJmYjczMC1lY2FhLTExZTYtOGY4OC0zNDM2M2JjN2M0YzAiOnsiY3JlYXRlIjo2MDAwMDAwMDAwMDAsImRlbGV0ZSI6NjAwMDAwMDAwMDAwLCJ1cGRhdGUiOjYwMDAwMDAwMDAwMH19",
          "dependencies": [
            "aws_security_group.bos_vpce_sg01",
            "aws_subnet.bos_private_subnets",
            "aws_vpc.bos_vpc01",
            "data.aws_region.bos_region01"
          ]
        }
      ]
    },
    {
      "mode": "managed",
      "type": "aws_vpc_security_group_egress_rule",
      "name": "bos_alb_all_traffic",
      "provider": "provider[\"registry.terraform.io/hashicorp/aws\"]",
      "instances": [
        {
          "schema_version": 0,
          "attributes": {
            "arn": "arn:aws:ec2:us-east-1:891377135193:security-group-rule/sgr-09b77f9ed45a77c5e",
            "cidr_ipv4": "0.0.0.0/0",
            "cidr_ipv6": null,
            "description": "Allow all outbound traffic",
            "from_port": null,
            "id": "sgr-09b77f9ed45a77c5e",
            "ip_protocol": "-1",
            "prefix_list_id": null,
            "referenced_security_group_id": null,
            "region": "us-east-1",
            "security_group_id": "sg-0f30a591645530f17",
            "security_group_rule_id": "sgr-09b77f9ed45a77c5e",
            "tags": null,
            "tags_all": {},
            "to_port": null
          },
          "sensitive_attributes": [],
          "identity_schema_version": 0,
          "identity": {
            "account_id": "891377135193",
            "id": "sgr-09b77f9ed45a77c5e",
            "region": "us-east-1"
          },
          "dependencies": [
            "aws_security_group.bos_rds_sg01",
            "aws_vpc.bos_vpc01"
          ]
        }
      ]
    },
    {
      "mode": "managed",
      "type": "aws_vpc_security_group_egress_rule",
      "name": "bos_ec2_egress_from_alb01",
      "provider": "provider[\"registry.terraform.io/hashicorp/aws\"]",
      "instances": [
        {
          "schema_version": 0,
          "attributes": {
            "arn": "arn:aws:ec2:us-east-1:891377135193:security-group-rule/sgr-03fbdd3c9023178fd",
            "cidr_ipv4": "0.0.0.0/0",
            "cidr_ipv6": null,
            "description": "Allow all outbound traffic",
            "from_port": null,
            "id": "sgr-03fbdd3c9023178fd",
            "ip_protocol": "-1",
            "prefix_list_id": null,
            "referenced_security_group_id": null,
            "region": "us-east-1",
            "security_group_id": "sg-0a0b0db6a140e69fc",
            "security_group_rule_id": "sgr-03fbdd3c9023178fd",
            "tags": null,
            "tags_all": {},
            "to_port": null
          },
          "sensitive_attributes": [],
          "identity_schema_version": 0,
          "identity": {
            "account_id": "891377135193",
            "id": "sgr-03fbdd3c9023178fd",
            "region": "us-east-1"
          },
          "dependencies": [
            "aws_security_group.bos_alb_sg01",
            "aws_vpc.bos_vpc01"
          ]
        }
      ]
    },
    {
      "mode": "managed",
      "type": "aws_vpc_security_group_egress_rule",
      "name": "ec2_all_traffic_ipv4",
      "provider": "provider[\"registry.terraform.io/hashicorp/aws\"]",
      "instances": [
        {
          "schema_version": 0,
          "attributes": {
            "arn": "arn:aws:ec2:us-east-1:891377135193:security-group-rule/sgr-071cb168a7e2c7c85",
            "cidr_ipv4": "0.0.0.0/0",
            "cidr_ipv6": null,
            "description": null,
            "from_port": null,
            "id": "sgr-071cb168a7e2c7c85",
            "ip_protocol": "-1",
            "prefix_list_id": null,
            "referenced_security_group_id": null,
            "region": "us-east-1",
            "security_group_id": "sg-061584391e9315c07",
            "security_group_rule_id": "sgr-071cb168a7e2c7c85",
            "tags": null,
            "tags_all": {},
            "to_port": null
          },
          "sensitive_attributes": [],
          "identity_schema_version": 0,
          "identity": {
            "account_id": "891377135193",
            "id": "sgr-071cb168a7e2c7c85",
            "region": "us-east-1"
          },
          "dependencies": [
            "aws_security_group.bos_ec2_sg01",
            "aws_vpc.bos_vpc01"
          ]
        }
      ]
    },
    {
      "mode": "managed",
      "type": "aws_vpc_security_group_egress_rule",
      "name": "vpce_all_traffic_ipv4",
      "provider": "provider[\"registry.terraform.io/hashicorp/aws\"]",
      "instances": [
        {
          "schema_version": 0,
          "attributes": {
            "arn": "arn:aws:ec2:us-east-1:891377135193:security-group-rule/sgr-02ddb62eee8fbdc73",
            "cidr_ipv4": "0.0.0.0/0",
            "cidr_ipv6": null,
            "description": "Allow all outbound traffic",
            "from_port": null,
            "id": "sgr-02ddb62eee8fbdc73",
            "ip_protocol": "-1",
            "prefix_list_id": null,
            "referenced_security_group_id": null,
            "region": "us-east-1",
            "security_group_id": "sg-08027c61e9b09ea88",
            "security_group_rule_id": "sgr-02ddb62eee8fbdc73",
            "tags": null,
            "tags_all": {},
            "to_port": null
          },
          "sensitive_attributes": [],
          "identity_schema_version": 0,
          "identity": {
            "account_id": "891377135193",
            "id": "sgr-02ddb62eee8fbdc73",
            "region": "us-east-1"
          },
          "dependencies": [
            "aws_security_group.bos_vpce_sg01",
            "aws_vpc.bos_vpc01"
          ]
        }
      ]
    },
    {
      "mode": "managed",
      "type": "aws_vpc_security_group_ingress_rule",
      "name": "bos_alb_http",
      "provider": "provider[\"registry.terraform.io/hashicorp/aws\"]",
      "instances": [
        {
          "schema_version": 0,
          "attributes": {
            "arn": "arn:aws:ec2:us-east-1:891377135193:security-group-rule/sgr-0397e067dbac846d7",
            "cidr_ipv4": "0.0.0.0/0",
            "cidr_ipv6": null,
            "description": null,
            "from_port": 80,
            "id": "sgr-0397e067dbac846d7",
            "ip_protocol": "tcp",
            "prefix_list_id": null,
            "referenced_security_group_id": null,
            "region": "us-east-1",
            "security_group_id": "sg-0a0b0db6a140e69fc",
            "security_group_rule_id": "sgr-0397e067dbac846d7",
            "tags": null,
            "tags_all": {},
            "to_port": 80
          },
          "sensitive_attributes": [],
          "identity_schema_version": 0,
          "identity": {
            "account_id": "891377135193",
            "id": "sgr-0397e067dbac846d7",
            "region": "us-east-1"
          },
          "dependencies": [
            "aws_security_group.bos_alb_sg01",
            "aws_vpc.bos_vpc01"
          ]
        }
      ]
    },
    {
      "mode": "managed",
      "type": "aws_vpc_security_group_ingress_rule",
      "name": "bos_alb_https",
      "provider": "provider[\"registry.terraform.io/hashicorp/aws\"]",
      "instances": [
        {
          "schema_version": 0,
          "attributes": {
            "arn": "arn:aws:ec2:us-east-1:891377135193:security-group-rule/sgr-02ba41279b702f5d1",
            "cidr_ipv4": "0.0.0.0/0",
            "cidr_ipv6": null,
            "description": null,
            "from_port": 443,
            "id": "sgr-02ba41279b702f5d1",
            "ip_protocol": "tcp",
            "prefix_list_id": null,
            "referenced_security_group_id": null,
            "region": "us-east-1",
            "security_group_id": "sg-0a0b0db6a140e69fc",
            "security_group_rule_id": "sgr-02ba41279b702f5d1",
            "tags": null,
            "tags_all": {},
            "to_port": 443
          },
          "sensitive_attributes": [],
          "identity_schema_version": 0,
          "identity": {
            "account_id": "891377135193",
            "id": "sgr-02ba41279b702f5d1",
            "region": "us-east-1"
          },
          "dependencies": [
            "aws_security_group.bos_alb_sg01",
            "aws_vpc.bos_vpc01"
          ]
        }
      ]
    },
    {
      "mode": "managed",
      "type": "aws_vpc_security_group_ingress_rule",
      "name": "bos_ec2_http",
      "provider": "provider[\"registry.terraform.io/hashicorp/aws\"]",
      "instances": [
        {
          "schema_version": 0,
          "attributes": {
            "arn": "arn:aws:ec2:us-east-1:891377135193:security-group-rule/sgr-06c9af824e9346481",
            "cidr_ipv4": "0.0.0.0/0",
            "cidr_ipv6": null,
            "description": null,
            "from_port": 80,
            "id": "sgr-06c9af824e9346481",
            "ip_protocol": "tcp",
            "prefix_list_id": null,
            "referenced_security_group_id": null,
            "region": "us-east-1",
            "security_group_id": "sg-061584391e9315c07",
            "security_group_rule_id": "sgr-06c9af824e9346481",
            "tags": null,
            "tags_all": {},
            "to_port": 80
          },
          "sensitive_attributes": [],
          "identity_schema_version": 0,
          "identity": {
            "account_id": "891377135193",
            "id": "sgr-06c9af824e9346481",
            "region": "us-east-1"
          },
          "dependencies": [
            "aws_security_group.bos_ec2_sg01",
            "aws_vpc.bos_vpc01"
          ]
        }
      ]
    },
    {
      "mode": "managed",
      "type": "aws_vpc_security_group_ingress_rule",
      "name": "bos_rds_mysql",
      "provider": "provider[\"registry.terraform.io/hashicorp/aws\"]",
      "instances": [
        {
          "schema_version": 0,
          "attributes": {
            "arn": "arn:aws:ec2:us-east-1:891377135193:security-group-rule/sgr-0230258495f262a3d",
            "cidr_ipv4": null,
            "cidr_ipv6": null,
            "description": "Allow MySQL access only from app tier EC2 instances",
            "from_port": 3306,
            "id": "sgr-0230258495f262a3d",
            "ip_protocol": "tcp",
            "prefix_list_id": null,
            "referenced_security_group_id": "sg-061584391e9315c07",
            "region": "us-east-1",
            "security_group_id": "sg-0f30a591645530f17",
            "security_group_rule_id": "sgr-0230258495f262a3d",
            "tags": null,
            "tags_all": {},
            "to_port": 3306
          },
          "sensitive_attributes": [],
          "identity_schema_version": 0,
          "identity": {
            "account_id": "891377135193",
            "id": "sgr-0230258495f262a3d",
            "region": "us-east-1"
          },
          "dependencies": [
            "aws_security_group.bos_ec2_sg01",
            "aws_security_group.bos_rds_sg01",
            "aws_vpc.bos_vpc01"
          ]
        }
      ]
    },
    {
      "mode": "managed",
      "type": "aws_vpc_security_group_ingress_rule",
      "name": "bos_vpce_ingress",
      "provider": "provider[\"registry.terraform.io/hashicorp/aws\"]",
      "instances": [
        {
          "schema_version": 0,
          "attributes": {
            "arn": "arn:aws:ec2:us-east-1:891377135193:security-group-rule/sgr-0570429678a1f0ed5",
            "cidr_ipv4": null,
            "cidr_ipv6": null,
            "description": "Allow EC2 SG access only for 443",
            "from_port": 443,
            "id": "sgr-0570429678a1f0ed5",
            "ip_protocol": "tcp",
            "prefix_list_id": null,
            "referenced_security_group_id": "sg-061584391e9315c07",
            "region": "us-east-1",
            "security_group_id": "sg-08027c61e9b09ea88",
            "security_group_rule_id": "sgr-0570429678a1f0ed5",
            "tags": null,
            "tags_all": {},
            "to_port": 443
          },
          "sensitive_attributes": [],
          "identity_schema_version": 0,
          "identity": {
            "account_id": "891377135193",
            "id": "sgr-0570429678a1f0ed5",
            "region": "us-east-1"
          },
          "dependencies": [
            "aws_security_group.bos_ec2_sg01",
            "aws_security_group.bos_vpce_sg01",
            "aws_vpc.bos_vpc01"
          ]
        }
      ]
    },
    {
      "mode": "managed",
      "type": "aws_wafv2_web_acl",
      "name": "bos_waf01",
      "provider": "provider[\"registry.terraform.io/hashicorp/aws\"]",
      "instances": [
        {
          "index_key": 0,
          "schema_version": 0,
          "attributes": {
            "application_integration_url": "",
            "arn": "arn:aws:wafv2:us-east-1:891377135193:regional/webacl/bos-waf01/f928bb2e-33d4-490d-88ba-8f1ab73a90a5",
            "association_config": [],
            "capacity": 700,
            "captcha_config": [],
            "challenge_config": [],
            "custom_response_body": [],
            "data_protection_config": [],
            "default_action": [
              {
                "allow": [
                  {
                    "custom_request_handling": []
                  }
                ],
                "block": []
              }
            ],
            "description": "",
            "id": "f928bb2e-33d4-490d-88ba-8f1ab73a90a5",
            "lock_token": "b7f7e520-d25e-45fb-9dcf-7b65cb2c0c97",
            "name": "bos-waf01",
            "name_prefix": "",
            "region": "us-east-1",
            "rule": [
              {
                "action": [],
                "captcha_config": [],
                "challenge_config": [],
                "name": "AWSManagedRulesCommonRuleSet",
                "override_action": [
                  {
                    "count": [],
                    "none": [
                      {}
                    ]
                  }
                ],
                "priority": 1,
                "rule_label": [],
                "statement": [
                  {
                    "and_statement": [],
                    "asn_match_statement": [],
                    "byte_match_statement": [],
                    "geo_match_statement": [],
                    "ip_set_reference_statement": [],
                    "label_match_statement": [],
                    "managed_rule_group_statement": [
                      {
                        "managed_rule_group_configs": [],
                        "name": "AWSManagedRulesCommonRuleSet",
                        "rule_action_override": [],
                        "scope_down_statement": [],
                        "vendor_name": "AWS",
                        "version": ""
                      }
                    ],
                    "not_statement": [],
                    "or_statement": [],
                    "rate_based_statement": [],
                    "regex_match_statement": [],
                    "regex_pattern_set_reference_statement": [],
                    "rule_group_reference_statement": [],
                    "size_constraint_statement": [],
                    "sqli_match_statement": [],
                    "xss_match_statement": []
                  }
                ],
                "visibility_config": [
                  {
                    "cloudwatch_metrics_enabled": true,
                    "metric_name": "bos-waf-common",
                    "sampled_requests_enabled": true
                  }
                ]
              }
            ],
            "rule_json": null,
            "scope": "REGIONAL",
            "tags": {
              "Name": "bos-waf01"
            },
            "tags_all": {
              "Name": "bos-waf01"
            },
            "token_domains": [],
            "visibility_config": [
              {
                "cloudwatch_metrics_enabled": true,
                "metric_name": "bos-waf01",
                "sampled_requests_enabled": true
              }
            ]
          },
          "sensitive_attributes": [],
          "identity_schema_version": 0,
          "private": "bnVsbA=="
        }
      ]
    },
    {
      "mode": "managed",
      "type": "aws_wafv2_web_acl_association",
      "name": "bos_waf_assoc01",
      "provider": "provider[\"registry.terraform.io/hashicorp/aws\"]",
      "instances": [
        {
          "index_key": 0,
          "schema_version": 0,
          "attributes": {
            "id": "arn:aws:wafv2:us-east-1:891377135193:regional/webacl/bos-waf01/f928bb2e-33d4-490d-88ba-8f1ab73a90a5,arn:aws:elasticloadbalancing:us-east-1:891377135193:loadbalancer/app/bos-alb01/52a5989d26150f86",
            "region": "us-east-1",
            "resource_arn": "arn:aws:elasticloadbalancing:us-east-1:891377135193:loadbalancer/app/bos-alb01/52a5989d26150f86",
            "timeouts": null,
            "web_acl_arn": "arn:aws:wafv2:us-east-1:891377135193:regional/webacl/bos-waf01/f928bb2e-33d4-490d-88ba-8f1ab73a90a5"
          },
          "sensitive_attributes": [],
          "identity_schema_version": 0,
          "private": "eyJlMmJmYjczMC1lY2FhLTExZTYtOGY4OC0zNDM2M2JjN2M0YzAiOnsiY3JlYXRlIjo2MDAwMDAwMDAwMDB9fQ==",
          "dependencies": [
            "aws_lb.bos_alb01",
            "aws_security_group.bos_alb_sg01",
            "aws_subnet.bos_public_subnets",
            "aws_vpc.bos_vpc01",
            "aws_wafv2_web_acl.bos_waf01"
          ]
        }
      ]
    },
    {
      "mode": "managed",
      "type": "aws_wafv2_web_acl_logging_configuration",
      "name": "bos_waf_logging01",
      "provider": "provider[\"registry.terraform.io/hashicorp/aws\"]",
      "instances": []
    },
    {
      "mode": "managed",
      "type": "aws_wafv2_web_acl_logging_configuration",
      "name": "bos_waf_logging_firehose01",
      "provider": "provider[\"registry.terraform.io/hashicorp/aws\"]",
      "instances": []
    },
    {
      "mode": "managed",
      "type": "aws_wafv2_web_acl_logging_configuration",
      "name": "bos_waf_logging_s3_01",
      "provider": "provider[\"registry.terraform.io/hashicorp/aws\"]",
      "instances": []
    },
    {
      "mode": "managed",
      "type": "random_string",
      "name": "bucket_suffix",
      "provider": "provider[\"registry.terraform.io/hashicorp/random\"]",
      "instances": [
        {
          "schema_version": 2,
          "attributes": {
            "id": "a0agkqdk",
            "keepers": null,
            "length": 8,
            "lower": true,
            "min_lower": 0,
            "min_numeric": 0,
            "min_special": 0,
            "min_upper": 0,
            "number": true,
            "numeric": true,
            "override_special": null,
            "result": "a0agkqdk",
            "special": false,
            "upper": false
          },
          "sensitive_attributes": [],
          "identity_schema_version": 0
        }
      ]
    }
  ],
  "check_results": [
    {
      "object_kind": "var",
      "config_addr": "var.waf_log_destination",
      "status": "pass",
      "objects": [
        {
          "object_addr": "var.waf_log_destination",
          "status": "pass"
        }
      ]
    },
    {
      "object_kind": "var",
      "config_addr": "var.alb_access_logs_prefix",
      "status": "pass",
      "objects": [
        {
          "object_addr": "var.alb_access_logs_prefix",
          "status": "pass"
        }
      ]
    },
    {
      "object_kind": "var",
      "config_addr": "var.route53_hosted_zone_id",
      "status": "pass",
      "objects": [
        {
          "object_addr": "var.route53_hosted_zone_id",
          "status": "pass"
        }
      ]
    }
  ]
}
